// !$*UTF8*$!
{
	archiveVersion = 1;
	classes = {
	};
	objectVersion = 46;
	objects = {

/* Begin PBXBuildFile section */
		50C8A7F51BD7E21A00262A79 /* adler32.c in Sources */ = {isa = PBXBuildFile; fileRef = 50C8A7DB1BD7E21A00262A79 /* adler32.c */; settings = {ASSET_TAGS = (); }; };
		50C8A7F61BD7E21A00262A79 /* compress.c in Sources */ = {isa = PBXBuildFile; fileRef = 50C8A7DC1BD7E21A00262A79 /* compress.c */; settings = {ASSET_TAGS = (); }; };
		50C8A7F71BD7E21A00262A79 /* crc32.c in Sources */ = {isa = PBXBuildFile; fileRef = 50C8A7DD1BD7E21A00262A79 /* crc32.c */; settings = {ASSET_TAGS = (); }; };
		50C8A7F81BD7E21A00262A79 /* crc32.h in Headers */ = {isa = PBXBuildFile; fileRef = 50C8A7DE1BD7E21A00262A79 /* crc32.h */; settings = {ASSET_TAGS = (); }; };
		50C8A7F91BD7E21A00262A79 /* deflate.c in Sources */ = {isa = PBXBuildFile; fileRef = 50C8A7DF1BD7E21A00262A79 /* deflate.c */; settings = {ASSET_TAGS = (); }; };
		50C8A7FA1BD7E21A00262A79 /* deflate.h in Headers */ = {isa = PBXBuildFile; fileRef = 50C8A7E01BD7E21A00262A79 /* deflate.h */; settings = {ASSET_TAGS = (); }; };
		50C8A7FB1BD7E21A00262A79 /* gzclose.c in Sources */ = {isa = PBXBuildFile; fileRef = 50C8A7E11BD7E21A00262A79 /* gzclose.c */; settings = {ASSET_TAGS = (); }; };
		50C8A7FC1BD7E21A00262A79 /* gzguts.h in Headers */ = {isa = PBXBuildFile; fileRef = 50C8A7E21BD7E21A00262A79 /* gzguts.h */; settings = {ASSET_TAGS = (); }; };
		50C8A7FD1BD7E21A00262A79 /* gzlib.c in Sources */ = {isa = PBXBuildFile; fileRef = 50C8A7E31BD7E21A00262A79 /* gzlib.c */; settings = {ASSET_TAGS = (); }; };
		50C8A7FE1BD7E21A00262A79 /* gzread.c in Sources */ = {isa = PBXBuildFile; fileRef = 50C8A7E41BD7E21A00262A79 /* gzread.c */; settings = {ASSET_TAGS = (); }; };
		50C8A7FF1BD7E21A00262A79 /* gzwrite.c in Sources */ = {isa = PBXBuildFile; fileRef = 50C8A7E51BD7E21A00262A79 /* gzwrite.c */; settings = {ASSET_TAGS = (); }; };
		50C8A8001BD7E21A00262A79 /* infback.c in Sources */ = {isa = PBXBuildFile; fileRef = 50C8A7E61BD7E21A00262A79 /* infback.c */; settings = {ASSET_TAGS = (); }; };
		50C8A8011BD7E21A00262A79 /* inffast.c in Sources */ = {isa = PBXBuildFile; fileRef = 50C8A7E71BD7E21A00262A79 /* inffast.c */; settings = {ASSET_TAGS = (); }; };
		50C8A8021BD7E21A00262A79 /* inffast.h in Headers */ = {isa = PBXBuildFile; fileRef = 50C8A7E81BD7E21A00262A79 /* inffast.h */; settings = {ASSET_TAGS = (); }; };
		50C8A8031BD7E21A00262A79 /* inffixed.h in Headers */ = {isa = PBXBuildFile; fileRef = 50C8A7E91BD7E21A00262A79 /* inffixed.h */; settings = {ASSET_TAGS = (); }; };
		50C8A8041BD7E21A00262A79 /* inflate.c in Sources */ = {isa = PBXBuildFile; fileRef = 50C8A7EA1BD7E21A00262A79 /* inflate.c */; settings = {ASSET_TAGS = (); }; };
		50C8A8051BD7E21A00262A79 /* inflate.h in Headers */ = {isa = PBXBuildFile; fileRef = 50C8A7EB1BD7E21A00262A79 /* inflate.h */; settings = {ASSET_TAGS = (); }; };
		50C8A8061BD7E21A00262A79 /* inftrees.c in Sources */ = {isa = PBXBuildFile; fileRef = 50C8A7EC1BD7E21A00262A79 /* inftrees.c */; settings = {ASSET_TAGS = (); }; };
		50C8A8071BD7E21A00262A79 /* inftrees.h in Headers */ = {isa = PBXBuildFile; fileRef = 50C8A7ED1BD7E21A00262A79 /* inftrees.h */; settings = {ASSET_TAGS = (); }; };
		50C8A8081BD7E21A00262A79 /* trees.c in Sources */ = {isa = PBXBuildFile; fileRef = 50C8A7EE1BD7E21A00262A79 /* trees.c */; settings = {ASSET_TAGS = (); }; };
		50C8A8091BD7E21A00262A79 /* trees.h in Headers */ = {isa = PBXBuildFile; fileRef = 50C8A7EF1BD7E21A00262A79 /* trees.h */; settings = {ASSET_TAGS = (); }; };
		50C8A80A1BD7E21A00262A79 /* uncompr.c in Sources */ = {isa = PBXBuildFile; fileRef = 50C8A7F01BD7E21A00262A79 /* uncompr.c */; settings = {ASSET_TAGS = (); }; };
		50C8A80B1BD7E21A00262A79 /* zconf.h in Headers */ = {isa = PBXBuildFile; fileRef = 50C8A7F11BD7E21A00262A79 /* zconf.h */; settings = {ASSET_TAGS = (); }; };
		50C8A80C1BD7E21A00262A79 /* zlib.h in Headers */ = {isa = PBXBuildFile; fileRef = 50C8A7F21BD7E21A00262A79 /* zlib.h */; settings = {ASSET_TAGS = (); }; };
		50C8A80D1BD7E21A00262A79 /* zutil.c in Sources */ = {isa = PBXBuildFile; fileRef = 50C8A7F31BD7E21A00262A79 /* zutil.c */; settings = {ASSET_TAGS = (); }; };
		50C8A80E1BD7E21A00262A79 /* zutil.h in Headers */ = {isa = PBXBuildFile; fileRef = 50C8A7F41BD7E21A00262A79 /* zutil.h */; settings = {ASSET_TAGS = (); }; };
		50C8A8171BD7E22000262A79 /* crypt.h in Headers */ = {isa = PBXBuildFile; fileRef = 50C8A8101BD7E22000262A79 /* crypt.h */; settings = {ASSET_TAGS = (); }; };
		50C8A8181BD7E22000262A79 /* ioapi.c in Sources */ = {isa = PBXBuildFile; fileRef = 50C8A8111BD7E22000262A79 /* ioapi.c */; settings = {ASSET_TAGS = (); }; };
		50C8A8191BD7E22000262A79 /* ioapi.h in Headers */ = {isa = PBXBuildFile; fileRef = 50C8A8121BD7E22000262A79 /* ioapi.h */; settings = {ASSET_TAGS = (); }; };
		50C8A81A1BD7E22000262A79 /* unzip.c in Sources */ = {isa = PBXBuildFile; fileRef = 50C8A8131BD7E22000262A79 /* unzip.c */; settings = {ASSET_TAGS = (); }; };
		50C8A81B1BD7E22000262A79 /* unzip.h in Headers */ = {isa = PBXBuildFile; fileRef = 50C8A8141BD7E22000262A79 /* unzip.h */; settings = {ASSET_TAGS = (); }; };
		50C8A81C1BD7E22000262A79 /* zip.c in Sources */ = {isa = PBXBuildFile; fileRef = 50C8A8151BD7E22000262A79 /* zip.c */; settings = {ASSET_TAGS = (); }; };
		50C8A81D1BD7E22000262A79 /* zip.h in Headers */ = {isa = PBXBuildFile; fileRef = 50C8A8161BD7E22000262A79 /* zip.h */; settings = {ASSET_TAGS = (); }; };
		50CAEF261BD7E17800619ACE /* ObjectiveZip.h in Headers */ = {isa = PBXBuildFile; fileRef = 50CAEF251BD7E17800619ACE /* ObjectiveZip.h */; settings = {ATTRIBUTES = (Public, ); }; };
		50CAEF441BD7E1B100619ACE /* Objective-Zip+NSError.h in Headers */ = {isa = PBXBuildFile; fileRef = 50CAEF2D1BD7E1B100619ACE /* Objective-Zip+NSError.h */; settings = {ASSET_TAGS = (); }; };
		50CAEF451BD7E1B100619ACE /* OZZipFile.h in Headers */ = {isa = PBXBuildFile; fileRef = 50CAEF2E1BD7E1B100619ACE /* OZZipFile.h */; settings = {ATTRIBUTES = (Public, ); }; };
		50CAEF461BD7E1B100619ACE /* OZZipFile.m in Sources */ = {isa = PBXBuildFile; fileRef = 50CAEF2F1BD7E1B100619ACE /* OZZipFile.m */; settings = {ASSET_TAGS = (); }; };
		50CAEF471BD7E1B100619ACE /* OZZipFileMode.h in Headers */ = {isa = PBXBuildFile; fileRef = 50CAEF301BD7E1B100619ACE /* OZZipFileMode.h */; settings = {ATTRIBUTES = (Public, ); }; };
		50CAEF481BD7E1B100619ACE /* OZZipFile+NSError.h in Headers */ = {isa = PBXBuildFile; fileRef = 50CAEF311BD7E1B100619ACE /* OZZipFile+NSError.h */; settings = {ATTRIBUTES = (Public, ); }; };
		50CAEF491BD7E1B100619ACE /* OZZipFile+Standard.h in Headers */ = {isa = PBXBuildFile; fileRef = 50CAEF321BD7E1B100619ACE /* OZZipFile+Standard.h */; };
		50CAEF4A1BD7E1B100619ACE /* OZZipCompressionLevel.h in Headers */ = {isa = PBXBuildFile; fileRef = 50CAEF331BD7E1B100619ACE /* OZZipCompressionLevel.h */; settings = {ATTRIBUTES = (Public, ); }; };
		50CAEF4B1BD7E1B100619ACE /* OZFileInZipInfo.h in Headers */ = {isa = PBXBuildFile; fileRef = 50CAEF341BD7E1B100619ACE /* OZFileInZipInfo.h */; settings = {ATTRIBUTES = (Public, ); }; };
		50CAEF4C1BD7E1B100619ACE /* OZFileInZipInfo.m in Sources */ = {isa = PBXBuildFile; fileRef = 50CAEF351BD7E1B100619ACE /* OZFileInZipInfo.m */; settings = {ASSET_TAGS = (); }; };
		50CAEF4D1BD7E1B100619ACE /* OZFileInZipInfo+Internals.h in Headers */ = {isa = PBXBuildFile; fileRef = 50CAEF361BD7E1B100619ACE /* OZFileInZipInfo+Internals.h */; settings = {ASSET_TAGS = (); }; };
		50CAEF4E1BD7E1B100619ACE /* OZZipReadStream.h in Headers */ = {isa = PBXBuildFile; fileRef = 50CAEF371BD7E1B100619ACE /* OZZipReadStream.h */; settings = {ATTRIBUTES = (Public, ); }; };
		50CAEF4F1BD7E1B100619ACE /* OZZipReadStream.m in Sources */ = {isa = PBXBuildFile; fileRef = 50CAEF381BD7E1B100619ACE /* OZZipReadStream.m */; settings = {ASSET_TAGS = (); }; };
		50CAEF501BD7E1B100619ACE /* OZZipReadStream+Internals.h in Headers */ = {isa = PBXBuildFile; fileRef = 50CAEF391BD7E1B100619ACE /* OZZipReadStream+Internals.h */; settings = {ASSET_TAGS = (); }; };
		50CAEF511BD7E1B100619ACE /* OZZipReadStream+NSError.h in Headers */ = {isa = PBXBuildFile; fileRef = 50CAEF3A1BD7E1B100619ACE /* OZZipReadStream+NSError.h */; settings = {ATTRIBUTES = (Public, ); }; };
		50CAEF521BD7E1B100619ACE /* OZZipReadStream+Standard.h in Headers */ = {isa = PBXBuildFile; fileRef = 50CAEF3B1BD7E1B100619ACE /* OZZipReadStream+Standard.h */; };
		50CAEF531BD7E1B100619ACE /* OZZipWriteStream.h in Headers */ = {isa = PBXBuildFile; fileRef = 50CAEF3C1BD7E1B100619ACE /* OZZipWriteStream.h */; settings = {ATTRIBUTES = (Public, ); }; };
		50CAEF541BD7E1B100619ACE /* OZZipWriteStream.m in Sources */ = {isa = PBXBuildFile; fileRef = 50CAEF3D1BD7E1B100619ACE /* OZZipWriteStream.m */; settings = {ASSET_TAGS = (); }; };
		50CAEF551BD7E1B100619ACE /* OZZipWriteStream+Internals.h in Headers */ = {isa = PBXBuildFile; fileRef = 50CAEF3E1BD7E1B100619ACE /* OZZipWriteStream+Internals.h */; settings = {ASSET_TAGS = (); }; };
		50CAEF561BD7E1B100619ACE /* OZZipWriteStream+NSError.h in Headers */ = {isa = PBXBuildFile; fileRef = 50CAEF3F1BD7E1B100619ACE /* OZZipWriteStream+NSError.h */; settings = {ATTRIBUTES = (Public, ); }; };
		50CAEF571BD7E1B100619ACE /* OZZipWriteStream+Standard.h in Headers */ = {isa = PBXBuildFile; fileRef = 50CAEF401BD7E1B100619ACE /* OZZipWriteStream+Standard.h */; };
		50CAEF581BD7E1B100619ACE /* OZZipException.h in Headers */ = {isa = PBXBuildFile; fileRef = 50CAEF411BD7E1B100619ACE /* OZZipException.h */; settings = {ATTRIBUTES = (Public, ); }; };
		50CAEF591BD7E1B100619ACE /* OZZipException.m in Sources */ = {isa = PBXBuildFile; fileRef = 50CAEF421BD7E1B100619ACE /* OZZipException.m */; settings = {ASSET_TAGS = (); }; };
		50CAEF5A1BD7E1B100619ACE /* OZZipException+Internals.h in Headers */ = {isa = PBXBuildFile; fileRef = 50CAEF431BD7E1B100619ACE /* OZZipException+Internals.h */; settings = {ASSET_TAGS = (); }; };
/* End PBXBuildFile section */

/* Begin PBXFileReference section */
		50C8A7DB1BD7E21A00262A79 /* adler32.c */ = {isa = PBXFileReference; fileEncoding = 4; lastKnownFileType = sourcecode.c.c; path = adler32.c; sourceTree = "<group>"; };
		50C8A7DC1BD7E21A00262A79 /* compress.c */ = {isa = PBXFileReference; fileEncoding = 4; lastKnownFileType = sourcecode.c.c; path = compress.c; sourceTree = "<group>"; };
		50C8A7DD1BD7E21A00262A79 /* crc32.c */ = {isa = PBXFileReference; fileEncoding = 4; lastKnownFileType = sourcecode.c.c; path = crc32.c; sourceTree = "<group>"; };
		50C8A7DE1BD7E21A00262A79 /* crc32.h */ = {isa = PBXFileReference; fileEncoding = 4; lastKnownFileType = sourcecode.c.h; path = crc32.h; sourceTree = "<group>"; };
		50C8A7DF1BD7E21A00262A79 /* deflate.c */ = {isa = PBXFileReference; fileEncoding = 4; lastKnownFileType = sourcecode.c.c; path = deflate.c; sourceTree = "<group>"; };
		50C8A7E01BD7E21A00262A79 /* deflate.h */ = {isa = PBXFileReference; fileEncoding = 4; lastKnownFileType = sourcecode.c.h; path = deflate.h; sourceTree = "<group>"; };
		50C8A7E11BD7E21A00262A79 /* gzclose.c */ = {isa = PBXFileReference; fileEncoding = 4; lastKnownFileType = sourcecode.c.c; path = gzclose.c; sourceTree = "<group>"; };
		50C8A7E21BD7E21A00262A79 /* gzguts.h */ = {isa = PBXFileReference; fileEncoding = 4; lastKnownFileType = sourcecode.c.h; path = gzguts.h; sourceTree = "<group>"; };
		50C8A7E31BD7E21A00262A79 /* gzlib.c */ = {isa = PBXFileReference; fileEncoding = 4; lastKnownFileType = sourcecode.c.c; path = gzlib.c; sourceTree = "<group>"; };
		50C8A7E41BD7E21A00262A79 /* gzread.c */ = {isa = PBXFileReference; fileEncoding = 4; lastKnownFileType = sourcecode.c.c; path = gzread.c; sourceTree = "<group>"; };
		50C8A7E51BD7E21A00262A79 /* gzwrite.c */ = {isa = PBXFileReference; fileEncoding = 4; lastKnownFileType = sourcecode.c.c; path = gzwrite.c; sourceTree = "<group>"; };
		50C8A7E61BD7E21A00262A79 /* infback.c */ = {isa = PBXFileReference; fileEncoding = 4; lastKnownFileType = sourcecode.c.c; path = infback.c; sourceTree = "<group>"; };
		50C8A7E71BD7E21A00262A79 /* inffast.c */ = {isa = PBXFileReference; fileEncoding = 4; lastKnownFileType = sourcecode.c.c; path = inffast.c; sourceTree = "<group>"; };
		50C8A7E81BD7E21A00262A79 /* inffast.h */ = {isa = PBXFileReference; fileEncoding = 4; lastKnownFileType = sourcecode.c.h; path = inffast.h; sourceTree = "<group>"; };
		50C8A7E91BD7E21A00262A79 /* inffixed.h */ = {isa = PBXFileReference; fileEncoding = 4; lastKnownFileType = sourcecode.c.h; path = inffixed.h; sourceTree = "<group>"; };
		50C8A7EA1BD7E21A00262A79 /* inflate.c */ = {isa = PBXFileReference; fileEncoding = 4; lastKnownFileType = sourcecode.c.c; path = inflate.c; sourceTree = "<group>"; };
		50C8A7EB1BD7E21A00262A79 /* inflate.h */ = {isa = PBXFileReference; fileEncoding = 4; lastKnownFileType = sourcecode.c.h; path = inflate.h; sourceTree = "<group>"; };
		50C8A7EC1BD7E21A00262A79 /* inftrees.c */ = {isa = PBXFileReference; fileEncoding = 4; lastKnownFileType = sourcecode.c.c; path = inftrees.c; sourceTree = "<group>"; };
		50C8A7ED1BD7E21A00262A79 /* inftrees.h */ = {isa = PBXFileReference; fileEncoding = 4; lastKnownFileType = sourcecode.c.h; path = inftrees.h; sourceTree = "<group>"; };
		50C8A7EE1BD7E21A00262A79 /* trees.c */ = {isa = PBXFileReference; fileEncoding = 4; lastKnownFileType = sourcecode.c.c; path = trees.c; sourceTree = "<group>"; };
		50C8A7EF1BD7E21A00262A79 /* trees.h */ = {isa = PBXFileReference; fileEncoding = 4; lastKnownFileType = sourcecode.c.h; path = trees.h; sourceTree = "<group>"; };
		50C8A7F01BD7E21A00262A79 /* uncompr.c */ = {isa = PBXFileReference; fileEncoding = 4; lastKnownFileType = sourcecode.c.c; path = uncompr.c; sourceTree = "<group>"; };
		50C8A7F11BD7E21A00262A79 /* zconf.h */ = {isa = PBXFileReference; fileEncoding = 4; lastKnownFileType = sourcecode.c.h; path = zconf.h; sourceTree = "<group>"; };
		50C8A7F21BD7E21A00262A79 /* zlib.h */ = {isa = PBXFileReference; fileEncoding = 4; lastKnownFileType = sourcecode.c.h; path = zlib.h; sourceTree = "<group>"; };
		50C8A7F31BD7E21A00262A79 /* zutil.c */ = {isa = PBXFileReference; fileEncoding = 4; lastKnownFileType = sourcecode.c.c; path = zutil.c; sourceTree = "<group>"; };
		50C8A7F41BD7E21A00262A79 /* zutil.h */ = {isa = PBXFileReference; fileEncoding = 4; lastKnownFileType = sourcecode.c.h; path = zutil.h; sourceTree = "<group>"; };
		50C8A8101BD7E22000262A79 /* crypt.h */ = {isa = PBXFileReference; fileEncoding = 4; lastKnownFileType = sourcecode.c.h; path = crypt.h; sourceTree = "<group>"; };
		50C8A8111BD7E22000262A79 /* ioapi.c */ = {isa = PBXFileReference; fileEncoding = 4; lastKnownFileType = sourcecode.c.c; path = ioapi.c; sourceTree = "<group>"; };
		50C8A8121BD7E22000262A79 /* ioapi.h */ = {isa = PBXFileReference; fileEncoding = 4; lastKnownFileType = sourcecode.c.h; path = ioapi.h; sourceTree = "<group>"; };
		50C8A8131BD7E22000262A79 /* unzip.c */ = {isa = PBXFileReference; fileEncoding = 4; lastKnownFileType = sourcecode.c.c; path = unzip.c; sourceTree = "<group>"; };
		50C8A8141BD7E22000262A79 /* unzip.h */ = {isa = PBXFileReference; fileEncoding = 4; lastKnownFileType = sourcecode.c.h; path = unzip.h; sourceTree = "<group>"; };
		50C8A8151BD7E22000262A79 /* zip.c */ = {isa = PBXFileReference; fileEncoding = 4; lastKnownFileType = sourcecode.c.c; path = zip.c; sourceTree = "<group>"; };
		50C8A8161BD7E22000262A79 /* zip.h */ = {isa = PBXFileReference; fileEncoding = 4; lastKnownFileType = sourcecode.c.h; path = zip.h; sourceTree = "<group>"; };
		50CAEF221BD7E17800619ACE /* ObjectiveZip.framework */ = {isa = PBXFileReference; explicitFileType = wrapper.framework; includeInIndex = 0; path = ObjectiveZip.framework; sourceTree = BUILT_PRODUCTS_DIR; };
		50CAEF251BD7E17800619ACE /* ObjectiveZip.h */ = {isa = PBXFileReference; lastKnownFileType = sourcecode.c.h; path = ObjectiveZip.h; sourceTree = "<group>"; };
		50CAEF271BD7E17800619ACE /* Info.plist */ = {isa = PBXFileReference; lastKnownFileType = text.plist.xml; path = Info.plist; sourceTree = "<group>"; };
		50CAEF2D1BD7E1B100619ACE /* Objective-Zip+NSError.h */ = {isa = PBXFileReference; fileEncoding = 4; lastKnownFileType = sourcecode.c.h; name = "Objective-Zip+NSError.h"; path = "Objective-Zip/Objective-Zip+NSError.h"; sourceTree = SOURCE_ROOT; };
		50CAEF2E1BD7E1B100619ACE /* OZZipFile.h */ = {isa = PBXFileReference; fileEncoding = 4; lastKnownFileType = sourcecode.c.h; name = OZZipFile.h; path = "Objective-Zip/OZZipFile.h"; sourceTree = SOURCE_ROOT; };
		50CAEF2F1BD7E1B100619ACE /* OZZipFile.m */ = {isa = PBXFileReference; fileEncoding = 4; lastKnownFileType = sourcecode.c.objc; name = OZZipFile.m; path = "Objective-Zip/OZZipFile.m"; sourceTree = SOURCE_ROOT; };
		50CAEF301BD7E1B100619ACE /* OZZipFileMode.h */ = {isa = PBXFileReference; fileEncoding = 4; lastKnownFileType = sourcecode.c.h; name = OZZipFileMode.h; path = "Objective-Zip/OZZipFileMode.h"; sourceTree = SOURCE_ROOT; };
		50CAEF311BD7E1B100619ACE /* OZZipFile+NSError.h */ = {isa = PBXFileReference; fileEncoding = 4; lastKnownFileType = sourcecode.c.h; name = "OZZipFile+NSError.h"; path = "Objective-Zip/OZZipFile+NSError.h"; sourceTree = SOURCE_ROOT; };
		50CAEF321BD7E1B100619ACE /* OZZipFile+Standard.h */ = {isa = PBXFileReference; fileEncoding = 4; lastKnownFileType = sourcecode.c.h; name = "OZZipFile+Standard.h"; path = "Objective-Zip/OZZipFile+Standard.h"; sourceTree = SOURCE_ROOT; };
		50CAEF331BD7E1B100619ACE /* OZZipCompressionLevel.h */ = {isa = PBXFileReference; fileEncoding = 4; lastKnownFileType = sourcecode.c.h; name = OZZipCompressionLevel.h; path = "Objective-Zip/OZZipCompressionLevel.h"; sourceTree = SOURCE_ROOT; };
		50CAEF341BD7E1B100619ACE /* OZFileInZipInfo.h */ = {isa = PBXFileReference; fileEncoding = 4; lastKnownFileType = sourcecode.c.h; name = OZFileInZipInfo.h; path = "Objective-Zip/OZFileInZipInfo.h"; sourceTree = SOURCE_ROOT; };
		50CAEF351BD7E1B100619ACE /* OZFileInZipInfo.m */ = {isa = PBXFileReference; fileEncoding = 4; lastKnownFileType = sourcecode.c.objc; name = OZFileInZipInfo.m; path = "Objective-Zip/OZFileInZipInfo.m"; sourceTree = SOURCE_ROOT; };
		50CAEF361BD7E1B100619ACE /* OZFileInZipInfo+Internals.h */ = {isa = PBXFileReference; fileEncoding = 4; lastKnownFileType = sourcecode.c.h; name = "OZFileInZipInfo+Internals.h"; path = "Objective-Zip/OZFileInZipInfo+Internals.h"; sourceTree = SOURCE_ROOT; };
		50CAEF371BD7E1B100619ACE /* OZZipReadStream.h */ = {isa = PBXFileReference; fileEncoding = 4; lastKnownFileType = sourcecode.c.h; name = OZZipReadStream.h; path = "Objective-Zip/OZZipReadStream.h"; sourceTree = SOURCE_ROOT; };
		50CAEF381BD7E1B100619ACE /* OZZipReadStream.m */ = {isa = PBXFileReference; fileEncoding = 4; lastKnownFileType = sourcecode.c.objc; name = OZZipReadStream.m; path = "Objective-Zip/OZZipReadStream.m"; sourceTree = SOURCE_ROOT; };
		50CAEF391BD7E1B100619ACE /* OZZipReadStream+Internals.h */ = {isa = PBXFileReference; fileEncoding = 4; lastKnownFileType = sourcecode.c.h; name = "OZZipReadStream+Internals.h"; path = "Objective-Zip/OZZipReadStream+Internals.h"; sourceTree = SOURCE_ROOT; };
		50CAEF3A1BD7E1B100619ACE /* OZZipReadStream+NSError.h */ = {isa = PBXFileReference; fileEncoding = 4; lastKnownFileType = sourcecode.c.h; name = "OZZipReadStream+NSError.h"; path = "Objective-Zip/OZZipReadStream+NSError.h"; sourceTree = SOURCE_ROOT; };
		50CAEF3B1BD7E1B100619ACE /* OZZipReadStream+Standard.h */ = {isa = PBXFileReference; fileEncoding = 4; lastKnownFileType = sourcecode.c.h; name = "OZZipReadStream+Standard.h"; path = "Objective-Zip/OZZipReadStream+Standard.h"; sourceTree = SOURCE_ROOT; };
		50CAEF3C1BD7E1B100619ACE /* OZZipWriteStream.h */ = {isa = PBXFileReference; fileEncoding = 4; lastKnownFileType = sourcecode.c.h; name = OZZipWriteStream.h; path = "Objective-Zip/OZZipWriteStream.h"; sourceTree = SOURCE_ROOT; };
		50CAEF3D1BD7E1B100619ACE /* OZZipWriteStream.m */ = {isa = PBXFileReference; fileEncoding = 4; lastKnownFileType = sourcecode.c.objc; name = OZZipWriteStream.m; path = "Objective-Zip/OZZipWriteStream.m"; sourceTree = SOURCE_ROOT; };
		50CAEF3E1BD7E1B100619ACE /* OZZipWriteStream+Internals.h */ = {isa = PBXFileReference; fileEncoding = 4; lastKnownFileType = sourcecode.c.h; name = "OZZipWriteStream+Internals.h"; path = "Objective-Zip/OZZipWriteStream+Internals.h"; sourceTree = SOURCE_ROOT; };
		50CAEF3F1BD7E1B100619ACE /* OZZipWriteStream+NSError.h */ = {isa = PBXFileReference; fileEncoding = 4; lastKnownFileType = sourcecode.c.h; name = "OZZipWriteStream+NSError.h"; path = "Objective-Zip/OZZipWriteStream+NSError.h"; sourceTree = SOURCE_ROOT; };
		50CAEF401BD7E1B100619ACE /* OZZipWriteStream+Standard.h */ = {isa = PBXFileReference; fileEncoding = 4; lastKnownFileType = sourcecode.c.h; name = "OZZipWriteStream+Standard.h"; path = "Objective-Zip/OZZipWriteStream+Standard.h"; sourceTree = SOURCE_ROOT; };
		50CAEF411BD7E1B100619ACE /* OZZipException.h */ = {isa = PBXFileReference; fileEncoding = 4; lastKnownFileType = sourcecode.c.h; name = OZZipException.h; path = "Objective-Zip/OZZipException.h"; sourceTree = SOURCE_ROOT; };
		50CAEF421BD7E1B100619ACE /* OZZipException.m */ = {isa = PBXFileReference; fileEncoding = 4; lastKnownFileType = sourcecode.c.objc; name = OZZipException.m; path = "Objective-Zip/OZZipException.m"; sourceTree = SOURCE_ROOT; };
		50CAEF431BD7E1B100619ACE /* OZZipException+Internals.h */ = {isa = PBXFileReference; fileEncoding = 4; lastKnownFileType = sourcecode.c.h; name = "OZZipException+Internals.h"; path = "Objective-Zip/OZZipException+Internals.h"; sourceTree = SOURCE_ROOT; };
/* End PBXFileReference section */

/* Begin PBXFrameworksBuildPhase section */
		50CAEF1E1BD7E17800619ACE /* Frameworks */ = {
			isa = PBXFrameworksBuildPhase;
			buildActionMask = 2147483647;
			files = (
			);
			runOnlyForDeploymentPostprocessing = 0;
		};
/* End PBXFrameworksBuildPhase section */

/* Begin PBXGroup section */
		50C8A7DA1BD7E21A00262A79 /* ZLib */ = {
			isa = PBXGroup;
			children = (
				50C8A7DB1BD7E21A00262A79 /* adler32.c */,
				50C8A7DC1BD7E21A00262A79 /* compress.c */,
				50C8A7DD1BD7E21A00262A79 /* crc32.c */,
				50C8A7DE1BD7E21A00262A79 /* crc32.h */,
				50C8A7DF1BD7E21A00262A79 /* deflate.c */,
				50C8A7E01BD7E21A00262A79 /* deflate.h */,
				50C8A7E11BD7E21A00262A79 /* gzclose.c */,
				50C8A7E21BD7E21A00262A79 /* gzguts.h */,
				50C8A7E31BD7E21A00262A79 /* gzlib.c */,
				50C8A7E41BD7E21A00262A79 /* gzread.c */,
				50C8A7E51BD7E21A00262A79 /* gzwrite.c */,
				50C8A7E61BD7E21A00262A79 /* infback.c */,
				50C8A7E71BD7E21A00262A79 /* inffast.c */,
				50C8A7E81BD7E21A00262A79 /* inffast.h */,
				50C8A7E91BD7E21A00262A79 /* inffixed.h */,
				50C8A7EA1BD7E21A00262A79 /* inflate.c */,
				50C8A7EB1BD7E21A00262A79 /* inflate.h */,
				50C8A7EC1BD7E21A00262A79 /* inftrees.c */,
				50C8A7ED1BD7E21A00262A79 /* inftrees.h */,
				50C8A7EE1BD7E21A00262A79 /* trees.c */,
				50C8A7EF1BD7E21A00262A79 /* trees.h */,
				50C8A7F01BD7E21A00262A79 /* uncompr.c */,
				50C8A7F11BD7E21A00262A79 /* zconf.h */,
				50C8A7F21BD7E21A00262A79 /* zlib.h */,
				50C8A7F31BD7E21A00262A79 /* zutil.c */,
				50C8A7F41BD7E21A00262A79 /* zutil.h */,
			);
			path = ZLib;
			sourceTree = "<group>";
		};
		50C8A80F1BD7E22000262A79 /* MiniZip */ = {
			isa = PBXGroup;
			children = (
				50C8A8101BD7E22000262A79 /* crypt.h */,
				50C8A8111BD7E22000262A79 /* ioapi.c */,
				50C8A8121BD7E22000262A79 /* ioapi.h */,
				50C8A8131BD7E22000262A79 /* unzip.c */,
				50C8A8141BD7E22000262A79 /* unzip.h */,
				50C8A8151BD7E22000262A79 /* zip.c */,
				50C8A8161BD7E22000262A79 /* zip.h */,
			);
			path = MiniZip;
			sourceTree = "<group>";
		};
		50CAEF181BD7E17800619ACE = {
			isa = PBXGroup;
			children = (
				50C8A80F1BD7E22000262A79 /* MiniZip */,
				50C8A7DA1BD7E21A00262A79 /* ZLib */,
				50CAEF241BD7E17800619ACE /* ObjectiveZip */,
				50CAEF231BD7E17800619ACE /* Products */,
			);
			sourceTree = "<group>";
		};
		50CAEF231BD7E17800619ACE /* Products */ = {
			isa = PBXGroup;
			children = (
				50CAEF221BD7E17800619ACE /* ObjectiveZip.framework */,
			);
			name = Products;
			sourceTree = "<group>";
		};
		50CAEF241BD7E17800619ACE /* ObjectiveZip */ = {
			isa = PBXGroup;
			children = (
				50CAEF251BD7E17800619ACE /* ObjectiveZip.h */,
				50CAEF2D1BD7E1B100619ACE /* Objective-Zip+NSError.h */,
				50CAEF2E1BD7E1B100619ACE /* OZZipFile.h */,
				50CAEF2F1BD7E1B100619ACE /* OZZipFile.m */,
				50CAEF301BD7E1B100619ACE /* OZZipFileMode.h */,
				50CAEF311BD7E1B100619ACE /* OZZipFile+NSError.h */,
				50CAEF321BD7E1B100619ACE /* OZZipFile+Standard.h */,
				50CAEF331BD7E1B100619ACE /* OZZipCompressionLevel.h */,
				50CAEF341BD7E1B100619ACE /* OZFileInZipInfo.h */,
				50CAEF351BD7E1B100619ACE /* OZFileInZipInfo.m */,
				50CAEF361BD7E1B100619ACE /* OZFileInZipInfo+Internals.h */,
				50CAEF371BD7E1B100619ACE /* OZZipReadStream.h */,
				50CAEF381BD7E1B100619ACE /* OZZipReadStream.m */,
				50CAEF391BD7E1B100619ACE /* OZZipReadStream+Internals.h */,
				50CAEF3A1BD7E1B100619ACE /* OZZipReadStream+NSError.h */,
				50CAEF3B1BD7E1B100619ACE /* OZZipReadStream+Standard.h */,
				50CAEF3C1BD7E1B100619ACE /* OZZipWriteStream.h */,
				50CAEF3D1BD7E1B100619ACE /* OZZipWriteStream.m */,
				50CAEF3E1BD7E1B100619ACE /* OZZipWriteStream+Internals.h */,
				50CAEF3F1BD7E1B100619ACE /* OZZipWriteStream+NSError.h */,
				50CAEF401BD7E1B100619ACE /* OZZipWriteStream+Standard.h */,
				50CAEF411BD7E1B100619ACE /* OZZipException.h */,
				50CAEF421BD7E1B100619ACE /* OZZipException.m */,
				50CAEF431BD7E1B100619ACE /* OZZipException+Internals.h */,
				50CAEF271BD7E17800619ACE /* Info.plist */,
			);
			name = ObjectiveZip;
			path = "ObjectiveZip OSX";
			sourceTree = "<group>";
		};
/* End PBXGroup section */

/* Begin PBXHeadersBuildPhase section */
		50CAEF1F1BD7E17800619ACE /* Headers */ = {
			isa = PBXHeadersBuildPhase;
			buildActionMask = 2147483647;
			files = (
				50CAEF441BD7E1B100619ACE /* Objective-Zip+NSError.h in Headers */,
				50CAEF451BD7E1B100619ACE /* OZZipFile.h in Headers */,
				50CAEF471BD7E1B100619ACE /* OZZipFileMode.h in Headers */,
				50CAEF4A1BD7E1B100619ACE /* OZZipCompressionLevel.h in Headers */,
				50CAEF531BD7E1B100619ACE /* OZZipWriteStream.h in Headers */,
				50CAEF581BD7E1B100619ACE /* OZZipException.h in Headers */,
				50CAEF511BD7E1B100619ACE /* OZZipReadStream+NSError.h in Headers */,
				50CAEF561BD7E1B100619ACE /* OZZipWriteStream+NSError.h in Headers */,
				50CAEF481BD7E1B100619ACE /* OZZipFile+NSError.h in Headers */,
				50CAEF4E1BD7E1B100619ACE /* OZZipReadStream.h in Headers */,
				50CAEF4B1BD7E1B100619ACE /* OZFileInZipInfo.h in Headers */,
				50C8A7FC1BD7E21A00262A79 /* gzguts.h in Headers */,
				50C8A80C1BD7E21A00262A79 /* zlib.h in Headers */,
				50CAEF571BD7E1B100619ACE /* OZZipWriteStream+Standard.h in Headers */,
				50CAEF521BD7E1B100619ACE /* OZZipReadStream+Standard.h in Headers */,
				50CAEF491BD7E1B100619ACE /* OZZipFile+Standard.h in Headers */,
				50C8A8091BD7E21A00262A79 /* trees.h in Headers */,
				50CAEF501BD7E1B100619ACE /* OZZipReadStream+Internals.h in Headers */,
				50CAEF551BD7E1B100619ACE /* OZZipWriteStream+Internals.h in Headers */,
				50C8A80E1BD7E21A00262A79 /* zutil.h in Headers */,
				50CAEF4D1BD7E1B100619ACE /* OZFileInZipInfo+Internals.h in Headers */,
				50CAEF5A1BD7E1B100619ACE /* OZZipException+Internals.h in Headers */,
				50C8A8071BD7E21A00262A79 /* inftrees.h in Headers */,
				50C8A8191BD7E22000262A79 /* ioapi.h in Headers */,
				50C8A81D1BD7E22000262A79 /* zip.h in Headers */,
				50CAEF261BD7E17800619ACE /* ObjectiveZip.h in Headers */,
				50C8A8051BD7E21A00262A79 /* inflate.h in Headers */,
				50C8A7F81BD7E21A00262A79 /* crc32.h in Headers */,
				50C8A8021BD7E21A00262A79 /* inffast.h in Headers */,
				50C8A8171BD7E22000262A79 /* crypt.h in Headers */,
				50C8A8031BD7E21A00262A79 /* inffixed.h in Headers */,
				50C8A80B1BD7E21A00262A79 /* zconf.h in Headers */,
				50C8A81B1BD7E22000262A79 /* unzip.h in Headers */,
				50C8A7FA1BD7E21A00262A79 /* deflate.h in Headers */,
			);
			runOnlyForDeploymentPostprocessing = 0;
		};
/* End PBXHeadersBuildPhase section */

/* Begin PBXNativeTarget section */
		50CAEF211BD7E17800619ACE /* ObjectiveZip */ = {
			isa = PBXNativeTarget;
			buildConfigurationList = 50CAEF2A1BD7E17800619ACE /* Build configuration list for PBXNativeTarget "ObjectiveZip" */;
			buildPhases = (
				50CAEF1D1BD7E17800619ACE /* Sources */,
				50CAEF1E1BD7E17800619ACE /* Frameworks */,
				50CAEF1F1BD7E17800619ACE /* Headers */,
				50CAEF201BD7E17800619ACE /* Resources */,
			);
			buildRules = (
			);
			dependencies = (
			);
			name = ObjectiveZip;
			productName = ObjectiveZip;
			productReference = 50CAEF221BD7E17800619ACE /* ObjectiveZip.framework */;
			productType = "com.apple.product-type.framework";
		};
/* End PBXNativeTarget section */

/* Begin PBXProject section */
		50CAEF191BD7E17800619ACE /* Project object */ = {
			isa = PBXProject;
			attributes = {
				LastUpgradeCheck = 0700;
				ORGANIZATIONNAME = "Christian Tietze";
				TargetAttributes = {
					50CAEF211BD7E17800619ACE = {
						CreatedOnToolsVersion = 7.0.1;
					};
				};
			};
			buildConfigurationList = 50CAEF1C1BD7E17800619ACE /* Build configuration list for PBXProject "ObjectiveZip OSX" */;
			compatibilityVersion = "Xcode 3.2";
			developmentRegion = English;
			hasScannedForEncodings = 0;
			knownRegions = (
				en,
			);
			mainGroup = 50CAEF181BD7E17800619ACE;
			productRefGroup = 50CAEF231BD7E17800619ACE /* Products */;
			projectDirPath = "";
			projectRoot = "";
			targets = (
				50CAEF211BD7E17800619ACE /* ObjectiveZip */,
			);
		};
/* End PBXProject section */

/* Begin PBXResourcesBuildPhase section */
		50CAEF201BD7E17800619ACE /* Resources */ = {
			isa = PBXResourcesBuildPhase;
			buildActionMask = 2147483647;
			files = (
			);
			runOnlyForDeploymentPostprocessing = 0;
		};
/* End PBXResourcesBuildPhase section */

/* Begin PBXSourcesBuildPhase section */
		50CAEF1D1BD7E17800619ACE /* Sources */ = {
			isa = PBXSourcesBuildPhase;
			buildActionMask = 2147483647;
			files = (
				50C8A80A1BD7E21A00262A79 /* uncompr.c in Sources */,
				50CAEF541BD7E1B100619ACE /* OZZipWriteStream.m in Sources */,
				50C8A7FF1BD7E21A00262A79 /* gzwrite.c in Sources */,
				50C8A8001BD7E21A00262A79 /* infback.c in Sources */,
				50C8A80D1BD7E21A00262A79 /* zutil.c in Sources */,
				50CAEF461BD7E1B100619ACE /* OZZipFile.m in Sources */,
				50C8A8181BD7E22000262A79 /* ioapi.c in Sources */,
				50C8A7FE1BD7E21A00262A79 /* gzread.c in Sources */,
				50C8A8011BD7E21A00262A79 /* inffast.c in Sources */,
				50CAEF4C1BD7E1B100619ACE /* OZFileInZipInfo.m in Sources */,
				50C8A7FB1BD7E21A00262A79 /* gzclose.c in Sources */,
				50CAEF4F1BD7E1B100619ACE /* OZZipReadStream.m in Sources */,
				50C8A81A1BD7E22000262A79 /* unzip.c in Sources */,
				50CAEF591BD7E1B100619ACE /* OZZipException.m in Sources */,
				50C8A7F71BD7E21A00262A79 /* crc32.c in Sources */,
				50C8A8061BD7E21A00262A79 /* inftrees.c in Sources */,
				50C8A7FD1BD7E21A00262A79 /* gzlib.c in Sources */,
				50C8A7F51BD7E21A00262A79 /* adler32.c in Sources */,
				50C8A81C1BD7E22000262A79 /* zip.c in Sources */,
				50C8A8041BD7E21A00262A79 /* inflate.c in Sources */,
				50C8A8081BD7E21A00262A79 /* trees.c in Sources */,
				50C8A7F91BD7E21A00262A79 /* deflate.c in Sources */,
				50C8A7F61BD7E21A00262A79 /* compress.c in Sources */,
			);
			runOnlyForDeploymentPostprocessing = 0;
		};
/* End PBXSourcesBuildPhase section */

/* Begin XCBuildConfiguration section */
		50CAEF281BD7E17800619ACE /* Debug */ = {
			isa = XCBuildConfiguration;
			buildSettings = {
				ALWAYS_SEARCH_USER_PATHS = NO;
				CLANG_CXX_LANGUAGE_STANDARD = "gnu++0x";
				CLANG_CXX_LIBRARY = "libc++";
				CLANG_ENABLE_MODULES = YES;
				CLANG_ENABLE_OBJC_ARC = YES;
				CLANG_WARN_BOOL_CONVERSION = YES;
				CLANG_WARN_CONSTANT_CONVERSION = YES;
				CLANG_WARN_DIRECT_OBJC_ISA_USAGE = YES_ERROR;
				CLANG_WARN_EMPTY_BODY = YES;
				CLANG_WARN_ENUM_CONVERSION = YES;
				CLANG_WARN_INT_CONVERSION = YES;
				CLANG_WARN_OBJC_ROOT_CLASS = YES_ERROR;
				CLANG_WARN_UNREACHABLE_CODE = YES;
				CLANG_WARN__DUPLICATE_METHOD_MATCH = YES;
				COPY_PHASE_STRIP = NO;
				CURRENT_PROJECT_VERSION = 1;
				DEBUG_INFORMATION_FORMAT = dwarf;
				ENABLE_STRICT_OBJC_MSGSEND = YES;
				ENABLE_TESTABILITY = YES;
				GCC_C_LANGUAGE_STANDARD = gnu99;
				GCC_DYNAMIC_NO_PIC = NO;
				GCC_NO_COMMON_BLOCKS = YES;
				GCC_OPTIMIZATION_LEVEL = 0;
				GCC_PREPROCESSOR_DEFINITIONS = (
					"DEBUG=1",
					"$(inherited)",
				);
				GCC_WARN_64_TO_32_BIT_CONVERSION = YES;
				GCC_WARN_ABOUT_RETURN_TYPE = YES_ERROR;
				GCC_WARN_UNDECLARED_SELECTOR = YES;
				GCC_WARN_UNINITIALIZED_AUTOS = YES_AGGRESSIVE;
				GCC_WARN_UNUSED_FUNCTION = YES;
				GCC_WARN_UNUSED_VARIABLE = YES;
				MACOSX_DEPLOYMENT_TARGET = 10.10;
				MTL_ENABLE_DEBUG_INFO = YES;
				ONLY_ACTIVE_ARCH = YES;
				SDKROOT = macosx;
				VERSIONING_SYSTEM = "apple-generic";
				VERSION_INFO_PREFIX = "";
			};
			name = Debug;
		};
		50CAEF291BD7E17800619ACE /* Release */ = {
			isa = XCBuildConfiguration;
			buildSettings = {
				ALWAYS_SEARCH_USER_PATHS = NO;
				CLANG_CXX_LANGUAGE_STANDARD = "gnu++0x";
				CLANG_CXX_LIBRARY = "libc++";
				CLANG_ENABLE_MODULES = YES;
				CLANG_ENABLE_OBJC_ARC = YES;
				CLANG_WARN_BOOL_CONVERSION = YES;
				CLANG_WARN_CONSTANT_CONVERSION = YES;
				CLANG_WARN_DIRECT_OBJC_ISA_USAGE = YES_ERROR;
				CLANG_WARN_EMPTY_BODY = YES;
				CLANG_WARN_ENUM_CONVERSION = YES;
				CLANG_WARN_INT_CONVERSION = YES;
				CLANG_WARN_OBJC_ROOT_CLASS = YES_ERROR;
				CLANG_WARN_UNREACHABLE_CODE = YES;
				CLANG_WARN__DUPLICATE_METHOD_MATCH = YES;
				COPY_PHASE_STRIP = NO;
				CURRENT_PROJECT_VERSION = 1;
				DEBUG_INFORMATION_FORMAT = "dwarf-with-dsym";
				ENABLE_NS_ASSERTIONS = NO;
				ENABLE_STRICT_OBJC_MSGSEND = YES;
				GCC_C_LANGUAGE_STANDARD = gnu99;
				GCC_NO_COMMON_BLOCKS = YES;
				GCC_WARN_64_TO_32_BIT_CONVERSION = YES;
				GCC_WARN_ABOUT_RETURN_TYPE = YES_ERROR;
				GCC_WARN_UNDECLARED_SELECTOR = YES;
				GCC_WARN_UNINITIALIZED_AUTOS = YES_AGGRESSIVE;
				GCC_WARN_UNUSED_FUNCTION = YES;
				GCC_WARN_UNUSED_VARIABLE = YES;
				MACOSX_DEPLOYMENT_TARGET = 10.10;
				MTL_ENABLE_DEBUG_INFO = NO;
				SDKROOT = macosx;
				VERSIONING_SYSTEM = "apple-generic";
				VERSION_INFO_PREFIX = "";
			};
			name = Release;
		};
		50CAEF2B1BD7E17800619ACE /* Debug */ = {
			isa = XCBuildConfiguration;
			buildSettings = {
				COMBINE_HIDPI_IMAGES = YES;
				DEFINES_MODULE = YES;
				DYLIB_COMPATIBILITY_VERSION = 1;
				DYLIB_CURRENT_VERSION = 1;
				DYLIB_INSTALL_NAME_BASE = "@rpath";
				FRAMEWORK_VERSION = A;
				INFOPLIST_FILE = "ObjectiveZip OSX/Info.plist";
				INSTALL_PATH = "$(LOCAL_LIBRARY_DIR)/Frameworks";
				LD_RUNPATH_SEARCH_PATHS = "$(inherited) @executable_path/../Frameworks @loader_path/Frameworks";
				PRODUCT_BUNDLE_IDENTIFIER = de.christiantietze.ObjectiveZip;
				PRODUCT_NAME = "$(TARGET_NAME)";
				SKIP_INSTALL = YES;
			};
			name = Debug;
		};
		50CAEF2C1BD7E17800619ACE /* Release */ = {
			isa = XCBuildConfiguration;
			buildSettings = {
				COMBINE_HIDPI_IMAGES = YES;
				DEFINES_MODULE = YES;
				DYLIB_COMPATIBILITY_VERSION = 1;
				DYLIB_CURRENT_VERSION = 1;
				DYLIB_INSTALL_NAME_BASE = "@rpath";
				FRAMEWORK_VERSION = A;
				INFOPLIST_FILE = "ObjectiveZip OSX/Info.plist";
				INSTALL_PATH = "$(LOCAL_LIBRARY_DIR)/Frameworks";
				LD_RUNPATH_SEARCH_PATHS = "$(inherited) @executable_path/../Frameworks @loader_path/Frameworks";
				PRODUCT_BUNDLE_IDENTIFIER = de.christiantietze.ObjectiveZip;
				PRODUCT_NAME = "$(TARGET_NAME)";
				SKIP_INSTALL = YES;
			};
			name = Release;
		};
/* End XCBuildConfiguration section */

/* Begin XCConfigurationList section */
		50CAEF1C1BD7E17800619ACE /* Build configuration list for PBXProject "ObjectiveZip OSX" */ = {
			isa = XCConfigurationList;
			buildConfigurations = (
				50CAEF281BD7E17800619ACE /* Debug */,
				50CAEF291BD7E17800619ACE /* Release */,
			);
			defaultConfigurationIsVisible = 0;
			defaultConfigurationName = Release;
		};
		50CAEF2A1BD7E17800619ACE /* Build configuration list for PBXNativeTarget "ObjectiveZip" */ = {
			isa = XCConfigurationList;
			buildConfigurations = (
				50CAEF2B1BD7E17800619ACE /* Debug */,
				50CAEF2C1BD7E17800619ACE /* Release */,
			);
			defaultConfigurationIsVisible = 0;
			defaultConfigurationName = Release;
		};
/* End XCConfigurationList section */
	};
	rootObject = 50CAEF191BD7E17800619ACE /* Project object */;
}
