// !$*UTF8*$!
{
	archiveVersion = 1;
	classes = {
	};
	objectVersion = 46;
	objects = {

/* Begin PBXBuildFile section */
		653D48F8194468BE004206FC /* Foundation.framework in Frameworks */ = {isa = PBXBuildFile; fileRef = 653D48F7194468BE004206FC /* Foundation.framework */; };
		653D48FA194468BE004206FC /* CoreGraphics.framework in Frameworks */ = {isa = PBXBuildFile; fileRef = 653D48F9194468BE004206FC /* CoreGraphics.framework */; };
		653D48FC194468BE004206FC /* UIKit.framework in Frameworks */ = {isa = PBXBuildFile; fileRef = 653D48FB194468BE004206FC /* UIKit.framework */; };
		653D4902194468BE004206FC /* InfoPlist.strings in Resources */ = {isa = PBXBuildFile; fileRef = 653D4900194468BE004206FC /* InfoPlist.strings */; };
		653D4904194468BE004206FC /* main.m in Sources */ = {isa = PBXBuildFile; fileRef = 653D4903194468BE004206FC /* main.m */; };
		653D4908194468BE004206FC /* OZAppDelegate.m in Sources */ = {isa = PBXBuildFile; fileRef = 653D4907194468BE004206FC /* OZAppDelegate.m */; };
		653D4911194468BE004206FC /* OZViewController.m in Sources */ = {isa = PBXBuildFile; fileRef = 653D4910194468BE004206FC /* OZViewController.m */; };
		653D4913194468BE004206FC /* Images.xcassets in Resources */ = {isa = PBXBuildFile; fileRef = 653D4912194468BE004206FC /* Images.xcassets */; };
		653D491A194468BE004206FC /* XCTest.framework in Frameworks */ = {isa = PBXBuildFile; fileRef = 653D4919194468BE004206FC /* XCTest.framework */; };
		653D491B194468BE004206FC /* Foundation.framework in Frameworks */ = {isa = PBXBuildFile; fileRef = 653D48F7194468BE004206FC /* Foundation.framework */; };
		653D491C194468BE004206FC /* UIKit.framework in Frameworks */ = {isa = PBXBuildFile; fileRef = 653D48FB194468BE004206FC /* UIKit.framework */; };
		653D4924194468BE004206FC /* InfoPlist.strings in Resources */ = {isa = PBXBuildFile; fileRef = 653D4922194468BE004206FC /* InfoPlist.strings */; };
		653D4926194468BE004206FC /* Objective_ZipTests.m in Sources */ = {isa = PBXBuildFile; fileRef = 653D4925194468BE004206FC /* Objective_ZipTests.m */; };
		653D493919446AB7004206FC /* Main_iPad.storyboard in Resources */ = {isa = PBXBuildFile; fileRef = 653D493719446AB7004206FC /* Main_iPad.storyboard */; };
		653D493A19446AB7004206FC /* Main_iPhone.storyboard in Resources */ = {isa = PBXBuildFile; fileRef = 653D493819446AB7004206FC /* Main_iPhone.storyboard */; };
/* End PBXBuildFile section */

/* Begin PBXContainerItemProxy section */
		653D491D194468BE004206FC /* PBXContainerItemProxy */ = {
			isa = PBXContainerItemProxy;
			containerPortal = 653D48EC194468BE004206FC /* Project object */;
			proxyType = 1;
			remoteGlobalIDString = 653D48F3194468BE004206FC;
			remoteInfo = "Objective-Zip";
		};
/* End PBXContainerItemProxy section */

/* Begin PBXFileReference section */
		653D48F4194468BE004206FC /* Objective-Zip.app */ = {isa = PBXFileReference; explicitFileType = wrapper.application; includeInIndex = 0; path = "Objective-Zip.app"; sourceTree = BUILT_PRODUCTS_DIR; };
		653D48F7194468BE004206FC /* Foundation.framework */ = {isa = PBXFileReference; lastKnownFileType = wrapper.framework; name = Foundation.framework; path = System/Library/Frameworks/Foundation.framework; sourceTree = SDKROOT; };
		653D48F9194468BE004206FC /* CoreGraphics.framework */ = {isa = PBXFileReference; lastKnownFileType = wrapper.framework; name = CoreGraphics.framework; path = System/Library/Frameworks/CoreGraphics.framework; sourceTree = SDKROOT; };
		653D48FB194468BE004206FC /* UIKit.framework */ = {isa = PBXFileReference; lastKnownFileType = wrapper.framework; name = UIKit.framework; path = System/Library/Frameworks/UIKit.framework; sourceTree = SDKROOT; };
		653D48FF194468BE004206FC /* Objective-Zip-Info.plist */ = {isa = PBXFileReference; lastKnownFileType = text.plist.xml; name = "Objective-Zip-Info.plist"; path = "Classes/SupportingFiles/Objective-Zip-Info.plist"; sourceTree = "<group>"; };
		653D4901194468BE004206FC /* en */ = {isa = PBXFileReference; lastKnownFileType = text.plist.strings; name = en; path = en.lproj/InfoPlist.strings; sourceTree = "<group>"; };
		653D4903194468BE004206FC /* main.m */ = {isa = PBXFileReference; lastKnownFileType = sourcecode.c.objc; name = main.m; path = Classes/SupportingFiles/main.m; sourceTree = "<group>"; };
		653D4905194468BE004206FC /* Objective-Zip-Prefix.pch */ = {isa = PBXFileReference; lastKnownFileType = sourcecode.c.h; name = "Objective-Zip-Prefix.pch"; path = "Classes/SupportingFiles/Objective-Zip-Prefix.pch"; sourceTree = "<group>"; };
		653D4906194468BE004206FC /* OZAppDelegate.h */ = {isa = PBXFileReference; lastKnownFileType = sourcecode.c.h; name = OZAppDelegate.h; path = Classes/OZAppDelegate.h; sourceTree = "<group>"; };
		653D4907194468BE004206FC /* OZAppDelegate.m */ = {isa = PBXFileReference; lastKnownFileType = sourcecode.c.objc; name = OZAppDelegate.m; path = Classes/OZAppDelegate.m; sourceTree = "<group>"; };
		653D490F194468BE004206FC /* OZViewController.h */ = {isa = PBXFileReference; lastKnownFileType = sourcecode.c.h; name = OZViewController.h; path = Classes/GUI/Main/ViewController/OZViewController.h; sourceTree = "<group>"; };
		653D4910194468BE004206FC /* OZViewController.m */ = {isa = PBXFileReference; lastKnownFileType = sourcecode.c.objc; name = OZViewController.m; path = Classes/GUI/Main/ViewController/OZViewController.m; sourceTree = "<group>"; };
		653D4912194468BE004206FC /* Images.xcassets */ = {isa = PBXFileReference; lastKnownFileType = folder.assetcatalog; name = Images.xcassets; path = Resources/Images/Images.xcassets; sourceTree = "<group>"; };
		653D4918194468BE004206FC /* Objective-ZipTests.xctest */ = {isa = PBXFileReference; explicitFileType = wrapper.cfbundle; includeInIndex = 0; path = "Objective-ZipTests.xctest"; sourceTree = BUILT_PRODUCTS_DIR; };
		653D4919194468BE004206FC /* XCTest.framework */ = {isa = PBXFileReference; lastKnownFileType = wrapper.framework; name = XCTest.framework; path = Library/Frameworks/XCTest.framework; sourceTree = DEVELOPER_DIR; };
		653D4921194468BE004206FC /* Objective-ZipTests-Info.plist */ = {isa = PBXFileReference; lastKnownFileType = text.plist.xml; path = "Objective-ZipTests-Info.plist"; sourceTree = "<group>"; };
		653D4923194468BE004206FC /* en */ = {isa = PBXFileReference; lastKnownFileType = text.plist.strings; name = en; path = en.lproj/InfoPlist.strings; sourceTree = "<group>"; };
		653D4925194468BE004206FC /* Objective_ZipTests.m */ = {isa = PBXFileReference; lastKnownFileType = sourcecode.c.objc; path = Objective_ZipTests.m; sourceTree = "<group>"; };
		653D493719446AB7004206FC /* Main_iPad.storyboard */ = {isa = PBXFileReference; fileEncoding = 4; lastKnownFileType = file.storyboard; name = Main_iPad.storyboard; path = Classes/GUI/Main/Storyboards/Main_iPad.storyboard; sourceTree = "<group>"; };
		653D493819446AB7004206FC /* Main_iPhone.storyboard */ = {isa = PBXFileReference; fileEncoding = 4; lastKnownFileType = file.storyboard; name = Main_iPhone.storyboard; path = Classes/GUI/Main/Storyboards/Main_iPhone.storyboard; sourceTree = "<group>"; };
/* End PBXFileReference section */

/* Begin PBXFrameworksBuildPhase section */
		653D48F1194468BE004206FC /* Frameworks */ = {
			isa = PBXFrameworksBuildPhase;
			buildActionMask = 2147483647;
			files = (
				653D48FA194468BE004206FC /* CoreGraphics.framework in Frameworks */,
				653D48FC194468BE004206FC /* UIKit.framework in Frameworks */,
				653D48F8194468BE004206FC /* Foundation.framework in Frameworks */,
			);
			runOnlyForDeploymentPostprocessing = 0;
		};
		653D4915194468BE004206FC /* Frameworks */ = {
			isa = PBXFrameworksBuildPhase;
			buildActionMask = 2147483647;
			files = (
				653D491A194468BE004206FC /* XCTest.framework in Frameworks */,
				653D491C194468BE004206FC /* UIKit.framework in Frameworks */,
				653D491B194468BE004206FC /* Foundation.framework in Frameworks */,
			);
			runOnlyForDeploymentPostprocessing = 0;
		};
/* End PBXFrameworksBuildPhase section */

/* Begin PBXGroup section */
		653D48EB194468BE004206FC = {
			isa = PBXGroup;
			children = (
				653D48FD194468BE004206FC /* Objective-Zip */,
				653D493019446997004206FC /* Resources */,
				653D49311944699B004206FC /* Vendors */,
				653D491F194468BE004206FC /* Objective-ZipTests */,
				653D48F6194468BE004206FC /* Frameworks */,
				653D48F5194468BE004206FC /* Products */,
			);
			sourceTree = "<group>";
		};
		653D48F5194468BE004206FC /* Products */ = {
			isa = PBXGroup;
			children = (
				653D48F4194468BE004206FC /* Objective-Zip.app */,
				653D4918194468BE004206FC /* Objective-ZipTests.xctest */,
			);
			name = Products;
			sourceTree = "<group>";
		};
		653D48F6194468BE004206FC /* Frameworks */ = {
			isa = PBXGroup;
			children = (
				653D48F7194468BE004206FC /* Foundation.framework */,
				653D48F9194468BE004206FC /* CoreGraphics.framework */,
				653D48FB194468BE004206FC /* UIKit.framework */,
				653D4919194468BE004206FC /* XCTest.framework */,
			);
			name = Frameworks;
			sourceTree = "<group>";
		};
		653D48FD194468BE004206FC /* Objective-Zip */ = {
			isa = PBXGroup;
			children = (
				653D492F19446981004206FC /* GUI */,
				653D48FE194468BE004206FC /* Supporting Files */,
				653D4906194468BE004206FC /* OZAppDelegate.h */,
				653D4907194468BE004206FC /* OZAppDelegate.m */,
			);
			path = "Objective-Zip";
			sourceTree = "<group>";
		};
		653D48FE194468BE004206FC /* Supporting Files */ = {
			isa = PBXGroup;
			children = (
				653D48FF194468BE004206FC /* Objective-Zip-Info.plist */,
				653D4903194468BE004206FC /* main.m */,
				653D4905194468BE004206FC /* Objective-Zip-Prefix.pch */,
			);
			name = "Supporting Files";
			sourceTree = "<group>";
		};
		653D491F194468BE004206FC /* Objective-ZipTests */ = {
			isa = PBXGroup;
			children = (
				653D4925194468BE004206FC /* Objective_ZipTests.m */,
				653D4920194468BE004206FC /* Supporting Files */,
			);
			path = "Objective-ZipTests";
			sourceTree = "<group>";
		};
		653D4920194468BE004206FC /* Supporting Files */ = {
			isa = PBXGroup;
			children = (
				653D4921194468BE004206FC /* Objective-ZipTests-Info.plist */,
				653D4922194468BE004206FC /* InfoPlist.strings */,
			);
			name = "Supporting Files";
			sourceTree = "<group>";
		};
		653D492F19446981004206FC /* GUI */ = {
			isa = PBXGroup;
			children = (
				653D493419446A57004206FC /* Main */,
			);
			name = GUI;
			sourceTree = "<group>";
		};
		653D493019446997004206FC /* Resources */ = {
			isa = PBXGroup;
			children = (
				653D4933194469C9004206FC /* Languages */,
				653D4932194469B5004206FC /* Images */,
			);
			name = Resources;
			path = "Objective-Zip";
			sourceTree = "<group>";
		};
		653D49311944699B004206FC /* Vendors */ = {
			isa = PBXGroup;
			children = (
			);
			name = Vendors;
			path = "Objective-Zip";
			sourceTree = "<group>";
		};
		653D4932194469B5004206FC /* Images */ = {
			isa = PBXGroup;
			children = (
				653D4912194468BE004206FC /* Images.xcassets */,
			);
			name = Images;
			sourceTree = "<group>";
		};
		653D4933194469C9004206FC /* Languages */ = {
			isa = PBXGroup;
			children = (
				653D4900194468BE004206FC /* InfoPlist.strings */,
			);
			name = Languages;
			sourceTree = "<group>";
		};
		653D493419446A57004206FC /* Main */ = {
			isa = PBXGroup;
			children = (
				653D493619446A8D004206FC /* ViewController */,
				653D493519446A82004206FC /* Storyboards */,
			);
			name = Main;
			sourceTree = "<group>";
		};
		653D493519446A82004206FC /* Storyboards */ = {
			isa = PBXGroup;
			children = (
				653D493719446AB7004206FC /* Main_iPad.storyboard */,
				653D493819446AB7004206FC /* Main_iPhone.storyboard */,
			);
			name = Storyboards;
			sourceTree = "<group>";
		};
		653D493619446A8D004206FC /* ViewController */ = {
			isa = PBXGroup;
			children = (
				653D490F194468BE004206FC /* OZViewController.h */,
				653D4910194468BE004206FC /* OZViewController.m */,
			);
			name = ViewController;
			sourceTree = "<group>";
		};
/* End PBXGroup section */

/* Begin PBXNativeTarget section */
		653D48F3194468BE004206FC /* Objective-Zip */ = {
			isa = PBXNativeTarget;
			buildConfigurationList = 653D4929194468BE004206FC /* Build configuration list for PBXNativeTarget "Objective-Zip" */;
			buildPhases = (
				653D48F0194468BE004206FC /* Sources */,
				653D48F1194468BE004206FC /* Frameworks */,
				653D48F2194468BE004206FC /* Resources */,
			);
			buildRules = (
			);
			dependencies = (
			);
			name = "Objective-Zip";
			productName = "Objective-Zip";
			productReference = 653D48F4194468BE004206FC /* Objective-Zip.app */;
			productType = "com.apple.product-type.application";
		};
		653D4917194468BE004206FC /* Objective-ZipTests */ = {
			isa = PBXNativeTarget;
			buildConfigurationList = 653D492C194468BE004206FC /* Build configuration list for PBXNativeTarget "Objective-ZipTests" */;
			buildPhases = (
				653D4914194468BE004206FC /* Sources */,
				653D4915194468BE004206FC /* Frameworks */,
				653D4916194468BE004206FC /* Resources */,
			);
			buildRules = (
			);
			dependencies = (
				653D491E194468BE004206FC /* PBXTargetDependency */,
			);
			name = "Objective-ZipTests";
			productName = "Objective-ZipTests";
			productReference = 653D4918194468BE004206FC /* Objective-ZipTests.xctest */;
			productType = "com.apple.product-type.bundle.unit-test";
		};
/* End PBXNativeTarget section */

/* Begin PBXProject section */
		653D48EC194468BE004206FC /* Project object */ = {
			isa = PBXProject;
			attributes = {
				CLASSPREFIX = OZ;
				LastUpgradeCheck = 0510;
				ORGANIZATIONNAME = yourcompany;
				TargetAttributes = {
					653D4917194468BE004206FC = {
						TestTargetID = 653D48F3194468BE004206FC;
					};
				};
			};
			buildConfigurationList = 653D48EF194468BE004206FC /* Build configuration list for PBXProject "Objective-Zip" */;
			compatibilityVersion = "Xcode 3.2";
			developmentRegion = English;
			hasScannedForEncodings = 0;
			knownRegions = (
				en,
				Base,
			);
			mainGroup = 653D48EB194468BE004206FC;
			productRefGroup = 653D48F5194468BE004206FC /* Products */;
			projectDirPath = "";
			projectRoot = "";
			targets = (
				653D48F3194468BE004206FC /* Objective-Zip */,
				653D4917194468BE004206FC /* Objective-ZipTests */,
			);
		};
/* End PBXProject section */

/* Begin PBXResourcesBuildPhase section */
		653D48F2194468BE004206FC /* Resources */ = {
			isa = PBXResourcesBuildPhase;
			buildActionMask = 2147483647;
			files = (
				653D493A19446AB7004206FC /* Main_iPhone.storyboard in Resources */,
				653D493919446AB7004206FC /* Main_iPad.storyboard in Resources */,
				653D4913194468BE004206FC /* Images.xcassets in Resources */,
				653D4902194468BE004206FC /* InfoPlist.strings in Resources */,
			);
			runOnlyForDeploymentPostprocessing = 0;
		};
		653D4916194468BE004206FC /* Resources */ = {
			isa = PBXResourcesBuildPhase;
			buildActionMask = 2147483647;
			files = (
				653D4924194468BE004206FC /* InfoPlist.strings in Resources */,
			);
			runOnlyForDeploymentPostprocessing = 0;
		};
/* End PBXResourcesBuildPhase section */

/* Begin PBXSourcesBuildPhase section */
		653D48F0194468BE004206FC /* Sources */ = {
			isa = PBXSourcesBuildPhase;
			buildActionMask = 2147483647;
			files = (
				653D4904194468BE004206FC /* main.m in Sources */,
				653D4911194468BE004206FC /* OZViewController.m in Sources */,
				653D4908194468BE004206FC /* OZAppDelegate.m in Sources */,
			);
			runOnlyForDeploymentPostprocessing = 0;
		};
		653D4914194468BE004206FC /* Sources */ = {
			isa = PBXSourcesBuildPhase;
			buildActionMask = 2147483647;
			files = (
				653D4926194468BE004206FC /* Objective_ZipTests.m in Sources */,
			);
			runOnlyForDeploymentPostprocessing = 0;
		};
/* End PBXSourcesBuildPhase section */

/* Begin PBXTargetDependency section */
		653D491E194468BE004206FC /* PBXTargetDependency */ = {
			isa = PBXTargetDependency;
			target = 653D48F3194468BE004206FC /* Objective-Zip */;
			targetProxy = 653D491D194468BE004206FC /* PBXContainerItemProxy */;
		};
/* End PBXTargetDependency section */

/* Begin PBXVariantGroup section */
		653D4900194468BE004206FC /* InfoPlist.strings */ = {
			isa = PBXVariantGroup;
			children = (
				653D4901194468BE004206FC /* en */,
			);
			name = InfoPlist.strings;
			path = Resources/Languages;
			sourceTree = "<group>";
		};
		653D4922194468BE004206FC /* InfoPlist.strings */ = {
			isa = PBXVariantGroup;
			children = (
				653D4923194468BE004206FC /* en */,
			);
			name = InfoPlist.strings;
			sourceTree = "<group>";
		};
/* End PBXVariantGroup section */

/* Begin XCBuildConfiguration section */
		653D4927194468BE004206FC /* Debug */ = {
			isa = XCBuildConfiguration;
			buildSettings = {
				ALWAYS_SEARCH_USER_PATHS = NO;
				CLANG_CXX_LANGUAGE_STANDARD = "gnu++0x";
				CLANG_CXX_LIBRARY = "libc++";
				CLANG_ENABLE_MODULES = YES;
				CLANG_ENABLE_OBJC_ARC = YES;
				CLANG_WARN_BOOL_CONVERSION = YES;
				CLANG_WARN_CONSTANT_CONVERSION = YES;
				CLANG_WARN_DIRECT_OBJC_ISA_USAGE = YES_ERROR;
				CLANG_WARN_EMPTY_BODY = YES;
				CLANG_WARN_ENUM_CONVERSION = YES;
				CLANG_WARN_INT_CONVERSION = YES;
				CLANG_WARN_OBJC_ROOT_CLASS = YES_ERROR;
				CLANG_WARN__DUPLICATE_METHOD_MATCH = YES;
				"CODE_SIGN_IDENTITY[sdk=iphoneos*]" = "iPhone Developer";
				COPY_PHASE_STRIP = NO;
				GCC_C_LANGUAGE_STANDARD = gnu99;
				GCC_DYNAMIC_NO_PIC = NO;
				GCC_OPTIMIZATION_LEVEL = 0;
				GCC_PREPROCESSOR_DEFINITIONS = (
					"DEBUG=1",
					"$(inherited)",
				);
				GCC_SYMBOLS_PRIVATE_EXTERN = NO;
				GCC_WARN_64_TO_32_BIT_CONVERSION = YES;
				GCC_WARN_ABOUT_RETURN_TYPE = YES_ERROR;
				GCC_WARN_UNDECLARED_SELECTOR = YES;
				GCC_WARN_UNINITIALIZED_AUTOS = YES_AGGRESSIVE;
				GCC_WARN_UNUSED_FUNCTION = YES;
				GCC_WARN_UNUSED_VARIABLE = YES;
				IPHONEOS_DEPLOYMENT_TARGET = 6.0;
				ONLY_ACTIVE_ARCH = YES;
				SDKROOT = iphoneos;
				TARGETED_DEVICE_FAMILY = "1,2";
			};
			name = Debug;
		};
		653D4928194468BE004206FC /* Release */ = {
			isa = XCBuildConfiguration;
			buildSettings = {
				ALWAYS_SEARCH_USER_PATHS = NO;
				CLANG_CXX_LANGUAGE_STANDARD = "gnu++0x";
				CLANG_CXX_LIBRARY = "libc++";
				CLANG_ENABLE_MODULES = YES;
				CLANG_ENABLE_OBJC_ARC = YES;
				CLANG_WARN_BOOL_CONVERSION = YES;
				CLANG_WARN_CONSTANT_CONVERSION = YES;
				CLANG_WARN_DIRECT_OBJC_ISA_USAGE = YES_ERROR;
				CLANG_WARN_EMPTY_BODY = YES;
				CLANG_WARN_ENUM_CONVERSION = YES;
				CLANG_WARN_INT_CONVERSION = YES;
				CLANG_WARN_OBJC_ROOT_CLASS = YES_ERROR;
				CLANG_WARN__DUPLICATE_METHOD_MATCH = YES;
				"CODE_SIGN_IDENTITY[sdk=iphoneos*]" = "iPhone Developer";
				COPY_PHASE_STRIP = YES;
				ENABLE_NS_ASSERTIONS = NO;
				GCC_C_LANGUAGE_STANDARD = gnu99;
				GCC_WARN_64_TO_32_BIT_CONVERSION = YES;
				GCC_WARN_ABOUT_RETURN_TYPE = YES_ERROR;
				GCC_WARN_UNDECLARED_SELECTOR = YES;
				GCC_WARN_UNINITIALIZED_AUTOS = YES_AGGRESSIVE;
				GCC_WARN_UNUSED_FUNCTION = YES;
				GCC_WARN_UNUSED_VARIABLE = YES;
				IPHONEOS_DEPLOYMENT_TARGET = 6.0;
				SDKROOT = iphoneos;
				TARGETED_DEVICE_FAMILY = "1,2";
				VALIDATE_PRODUCT = YES;
			};
			name = Release;
		};
		653D492A194468BE004206FC /* Debug */ = {
			isa = XCBuildConfiguration;
			buildSettings = {
				ASSETCATALOG_COMPILER_APPICON_NAME = AppIcon;
				ASSETCATALOG_COMPILER_LAUNCHIMAGE_NAME = LaunchImage;
				GCC_PRECOMPILE_PREFIX_HEADER = YES;
				GCC_PREFIX_HEADER = "Objective-Zip/Classes/SupportingFiles/Objective-Zip-Prefix.pch";
				INFOPLIST_FILE = "Objective-Zip/Classes/SupportingFiles/Objective-Zip-Info.plist";
				PRODUCT_NAME = "$(TARGET_NAME)";
				WRAPPER_EXTENSION = app;
			};
			name = Debug;
		};
		653D492B194468BE004206FC /* Release */ = {
			isa = XCBuildConfiguration;
			buildSettings = {
				ASSETCATALOG_COMPILER_APPICON_NAME = AppIcon;
				ASSETCATALOG_COMPILER_LAUNCHIMAGE_NAME = LaunchImage;
				GCC_PRECOMPILE_PREFIX_HEADER = YES;
				GCC_PREFIX_HEADER = "Objective-Zip/Classes/SupportingFiles/Objective-Zip-Prefix.pch";
				INFOPLIST_FILE = "Objective-Zip/Classes/SupportingFiles/Objective-Zip-Info.plist";
				PRODUCT_NAME = "$(TARGET_NAME)";
				WRAPPER_EXTENSION = app;
			};
			name = Release;
		};
		653D492D194468BE004206FC /* Debug */ = {
			isa = XCBuildConfiguration;
			buildSettings = {
				BUNDLE_LOADER = "$(BUILT_PRODUCTS_DIR)/Objective-Zip.app/Objective-Zip";
				FRAMEWORK_SEARCH_PATHS = (
					"$(SDKROOT)/Developer/Library/Frameworks",
					"$(inherited)",
					"$(DEVELOPER_FRAMEWORKS_DIR)",
				);
				GCC_PRECOMPILE_PREFIX_HEADER = YES;
				GCC_PREFIX_HEADER = "Objective-Zip/Objective-Zip-Prefix.pch";
				GCC_PREPROCESSOR_DEFINITIONS = (
					"DEBUG=1",
					"$(inherited)",
				);
				INFOPLIST_FILE = "Objective-ZipTests/Objective-ZipTests-Info.plist";
				PRODUCT_NAME = "$(TARGET_NAME)";
				TEST_HOST = "$(BUNDLE_LOADER)";
				WRAPPER_EXTENSION = xctest;
			};
			name = Debug;
		};
		653D492E194468BE004206FC /* Release */ = {
			isa = XCBuildConfiguration;
			buildSettings = {
				BUNDLE_LOADER = "$(BUILT_PRODUCTS_DIR)/Objective-Zip.app/Objective-Zip";
				FRAMEWORK_SEARCH_PATHS = (
					"$(SDKROOT)/Developer/Library/Frameworks",
					"$(inherited)",
					"$(DEVELOPER_FRAMEWORKS_DIR)",
				);
				GCC_PRECOMPILE_PREFIX_HEADER = YES;
				GCC_PREFIX_HEADER = "Objective-Zip/Objective-Zip-Prefix.pch";
				INFOPLIST_FILE = "Objective-ZipTests/Objective-ZipTests-Info.plist";
				PRODUCT_NAME = "$(TARGET_NAME)";
				TEST_HOST = "$(BUNDLE_LOADER)";
				WRAPPER_EXTENSION = xctest;
			};
			name = Release;
		};
/* End XCBuildConfiguration section */

/* Begin XCConfigurationList section */
		653D48EF194468BE004206FC /* Build configuration list for PBXProject "Objective-Zip" */ = {
			isa = XCConfigurationList;
			buildConfigurations = (
				653D4927194468BE004206FC /* Debug */,
				653D4928194468BE004206FC /* Release */,
			);
			defaultConfigurationIsVisible = 0;
			defaultConfigurationName = Release;
		};
		653D4929194468BE004206FC /* Build configuration list for PBXNativeTarget "Objective-Zip" */ = {
			isa = XCConfigurationList;
			buildConfigurations = (
				653D492A194468BE004206FC /* Debug */,
				653D492B194468BE004206FC /* Release */,
			);
			defaultConfigurationIsVisible = 0;
			defaultConfigurationName = Release;
		};
		653D492C194468BE004206FC /* Build configuration list for PBXNativeTarget "Objective-ZipTests" */ = {
			isa = XCConfigurationList;
			buildConfigurations = (
				653D492D194468BE004206FC /* Debug */,
				653D492E194468BE004206FC /* Release */,
			);
			defaultConfigurationIsVisible = 0;
			defaultConfigurationName = Release;
		};
/* End XCConfigurationList section */
	};
	rootObject = 653D48EC194468BE004206FC /* Project object */;
}
