// !$*UTF8*$!
{
	archiveVersion = 1;
	classes = {
	};
	objectVersion = 46;
	objects = {

/* Begin PBXBuildFile section */
		8C59F3821BAEE3BC00DBB3D0 /* Objective-Zip_Swift_Tests.swift in Sources */ = {isa = PBXBuildFile; fileRef = 8C59F3811BAEE3BC00DBB3D0 /* Objective-Zip_Swift_Tests.swift */; settings = {ASSET_TAGS = (); }; };
		8C59F3831BAEE3BC00DBB3D0 /* Objective-Zip_Swift_Tests.swift in Sources */ = {isa = PBXBuildFile; fileRef = 8C59F3811BAEE3BC00DBB3D0 /* Objective-Zip_Swift_Tests.swift */; settings = {ASSET_TAGS = (); }; };
		8C59F39E1BAEE48600DBB3D0 /* adler32.c in Sources */ = {isa = PBXBuildFile; fileRef = 8C59F3841BAEE48600DBB3D0 /* adler32.c */; settings = {ASSET_TAGS = (); }; };
		8C59F39F1BAEE48600DBB3D0 /* adler32.c in Sources */ = {isa = PBXBuildFile; fileRef = 8C59F3841BAEE48600DBB3D0 /* adler32.c */; settings = {ASSET_TAGS = (); }; };
		8C59F3A01BAEE48600DBB3D0 /* compress.c in Sources */ = {isa = PBXBuildFile; fileRef = 8C59F3851BAEE48600DBB3D0 /* compress.c */; settings = {ASSET_TAGS = (); }; };
		8C59F3A11BAEE48600DBB3D0 /* compress.c in Sources */ = {isa = PBXBuildFile; fileRef = 8C59F3851BAEE48600DBB3D0 /* compress.c */; settings = {ASSET_TAGS = (); }; };
		8C59F3A21BAEE48600DBB3D0 /* crc32.c in Sources */ = {isa = PBXBuildFile; fileRef = 8C59F3861BAEE48600DBB3D0 /* crc32.c */; settings = {ASSET_TAGS = (); }; };
		8C59F3A31BAEE48600DBB3D0 /* crc32.c in Sources */ = {isa = PBXBuildFile; fileRef = 8C59F3861BAEE48600DBB3D0 /* crc32.c */; settings = {ASSET_TAGS = (); }; };
		8C59F3A41BAEE48600DBB3D0 /* crc32.h in Headers */ = {isa = PBXBuildFile; fileRef = 8C59F3871BAEE48600DBB3D0 /* crc32.h */; settings = {ASSET_TAGS = (); }; };
		8C59F3A51BAEE48600DBB3D0 /* deflate.c in Sources */ = {isa = PBXBuildFile; fileRef = 8C59F3881BAEE48600DBB3D0 /* deflate.c */; settings = {ASSET_TAGS = (); }; };
		8C59F3A61BAEE48600DBB3D0 /* deflate.c in Sources */ = {isa = PBXBuildFile; fileRef = 8C59F3881BAEE48600DBB3D0 /* deflate.c */; settings = {ASSET_TAGS = (); }; };
		8C59F3A71BAEE48600DBB3D0 /* deflate.h in Headers */ = {isa = PBXBuildFile; fileRef = 8C59F3891BAEE48600DBB3D0 /* deflate.h */; settings = {ASSET_TAGS = (); }; };
		8C59F3A81BAEE48600DBB3D0 /* gzclose.c in Sources */ = {isa = PBXBuildFile; fileRef = 8C59F38A1BAEE48600DBB3D0 /* gzclose.c */; settings = {ASSET_TAGS = (); }; };
		8C59F3A91BAEE48600DBB3D0 /* gzclose.c in Sources */ = {isa = PBXBuildFile; fileRef = 8C59F38A1BAEE48600DBB3D0 /* gzclose.c */; settings = {ASSET_TAGS = (); }; };
		8C59F3AA1BAEE48600DBB3D0 /* gzguts.h in Headers */ = {isa = PBXBuildFile; fileRef = 8C59F38B1BAEE48600DBB3D0 /* gzguts.h */; settings = {ASSET_TAGS = (); }; };
		8C59F3AB1BAEE48600DBB3D0 /* gzlib.c in Sources */ = {isa = PBXBuildFile; fileRef = 8C59F38C1BAEE48600DBB3D0 /* gzlib.c */; settings = {ASSET_TAGS = (); }; };
		8C59F3AC1BAEE48600DBB3D0 /* gzlib.c in Sources */ = {isa = PBXBuildFile; fileRef = 8C59F38C1BAEE48600DBB3D0 /* gzlib.c */; settings = {ASSET_TAGS = (); }; };
		8C59F3AD1BAEE48600DBB3D0 /* gzread.c in Sources */ = {isa = PBXBuildFile; fileRef = 8C59F38D1BAEE48600DBB3D0 /* gzread.c */; settings = {ASSET_TAGS = (); }; };
		8C59F3AE1BAEE48600DBB3D0 /* gzread.c in Sources */ = {isa = PBXBuildFile; fileRef = 8C59F38D1BAEE48600DBB3D0 /* gzread.c */; settings = {ASSET_TAGS = (); }; };
		8C59F3AF1BAEE48600DBB3D0 /* gzwrite.c in Sources */ = {isa = PBXBuildFile; fileRef = 8C59F38E1BAEE48600DBB3D0 /* gzwrite.c */; settings = {ASSET_TAGS = (); }; };
		8C59F3B01BAEE48600DBB3D0 /* gzwrite.c in Sources */ = {isa = PBXBuildFile; fileRef = 8C59F38E1BAEE48600DBB3D0 /* gzwrite.c */; settings = {ASSET_TAGS = (); }; };
		8C59F3B11BAEE48600DBB3D0 /* infback.c in Sources */ = {isa = PBXBuildFile; fileRef = 8C59F38F1BAEE48600DBB3D0 /* infback.c */; settings = {ASSET_TAGS = (); }; };
		8C59F3B21BAEE48600DBB3D0 /* infback.c in Sources */ = {isa = PBXBuildFile; fileRef = 8C59F38F1BAEE48600DBB3D0 /* infback.c */; settings = {ASSET_TAGS = (); }; };
		8C59F3B31BAEE48600DBB3D0 /* inffast.c in Sources */ = {isa = PBXBuildFile; fileRef = 8C59F3901BAEE48600DBB3D0 /* inffast.c */; settings = {ASSET_TAGS = (); }; };
		8C59F3B41BAEE48600DBB3D0 /* inffast.c in Sources */ = {isa = PBXBuildFile; fileRef = 8C59F3901BAEE48600DBB3D0 /* inffast.c */; settings = {ASSET_TAGS = (); }; };
		8C59F3B51BAEE48600DBB3D0 /* inffast.h in Headers */ = {isa = PBXBuildFile; fileRef = 8C59F3911BAEE48600DBB3D0 /* inffast.h */; settings = {ASSET_TAGS = (); }; };
		8C59F3B61BAEE48600DBB3D0 /* inffixed.h in Headers */ = {isa = PBXBuildFile; fileRef = 8C59F3921BAEE48600DBB3D0 /* inffixed.h */; settings = {ASSET_TAGS = (); }; };
		8C59F3B71BAEE48600DBB3D0 /* inflate.c in Sources */ = {isa = PBXBuildFile; fileRef = 8C59F3931BAEE48600DBB3D0 /* inflate.c */; settings = {ASSET_TAGS = (); }; };
		8C59F3B81BAEE48600DBB3D0 /* inflate.c in Sources */ = {isa = PBXBuildFile; fileRef = 8C59F3931BAEE48600DBB3D0 /* inflate.c */; settings = {ASSET_TAGS = (); }; };
		8C59F3B91BAEE48600DBB3D0 /* inflate.h in Headers */ = {isa = PBXBuildFile; fileRef = 8C59F3941BAEE48600DBB3D0 /* inflate.h */; settings = {ASSET_TAGS = (); }; };
		8C59F3BA1BAEE48600DBB3D0 /* inftrees.c in Sources */ = {isa = PBXBuildFile; fileRef = 8C59F3951BAEE48600DBB3D0 /* inftrees.c */; settings = {ASSET_TAGS = (); }; };
		8C59F3BB1BAEE48600DBB3D0 /* inftrees.c in Sources */ = {isa = PBXBuildFile; fileRef = 8C59F3951BAEE48600DBB3D0 /* inftrees.c */; settings = {ASSET_TAGS = (); }; };
		8C59F3BC1BAEE48600DBB3D0 /* inftrees.h in Headers */ = {isa = PBXBuildFile; fileRef = 8C59F3961BAEE48600DBB3D0 /* inftrees.h */; settings = {ASSET_TAGS = (); }; };
		8C59F3BD1BAEE48600DBB3D0 /* trees.c in Sources */ = {isa = PBXBuildFile; fileRef = 8C59F3971BAEE48600DBB3D0 /* trees.c */; settings = {ASSET_TAGS = (); }; };
		8C59F3BE1BAEE48600DBB3D0 /* trees.c in Sources */ = {isa = PBXBuildFile; fileRef = 8C59F3971BAEE48600DBB3D0 /* trees.c */; settings = {ASSET_TAGS = (); }; };
		8C59F3BF1BAEE48600DBB3D0 /* trees.h in Headers */ = {isa = PBXBuildFile; fileRef = 8C59F3981BAEE48600DBB3D0 /* trees.h */; settings = {ASSET_TAGS = (); }; };
		8C59F3C01BAEE48600DBB3D0 /* uncompr.c in Sources */ = {isa = PBXBuildFile; fileRef = 8C59F3991BAEE48600DBB3D0 /* uncompr.c */; settings = {ASSET_TAGS = (); }; };
		8C59F3C11BAEE48600DBB3D0 /* uncompr.c in Sources */ = {isa = PBXBuildFile; fileRef = 8C59F3991BAEE48600DBB3D0 /* uncompr.c */; settings = {ASSET_TAGS = (); }; };
		8C59F3C21BAEE48600DBB3D0 /* zconf.h in Headers */ = {isa = PBXBuildFile; fileRef = 8C59F39A1BAEE48600DBB3D0 /* zconf.h */; settings = {ASSET_TAGS = (); }; };
		8C59F3C31BAEE48600DBB3D0 /* zlib.h in Headers */ = {isa = PBXBuildFile; fileRef = 8C59F39B1BAEE48600DBB3D0 /* zlib.h */; settings = {ASSET_TAGS = (); }; };
		8C59F3C41BAEE48600DBB3D0 /* zutil.c in Sources */ = {isa = PBXBuildFile; fileRef = 8C59F39C1BAEE48600DBB3D0 /* zutil.c */; settings = {ASSET_TAGS = (); }; };
		8C59F3C51BAEE48600DBB3D0 /* zutil.c in Sources */ = {isa = PBXBuildFile; fileRef = 8C59F39C1BAEE48600DBB3D0 /* zutil.c */; settings = {ASSET_TAGS = (); }; };
		8C59F3C61BAEE48600DBB3D0 /* zutil.h in Headers */ = {isa = PBXBuildFile; fileRef = 8C59F39D1BAEE48600DBB3D0 /* zutil.h */; settings = {ASSET_TAGS = (); }; };
		8C59F3CE1BAEE49400DBB3D0 /* crypt.h in Headers */ = {isa = PBXBuildFile; fileRef = 8C59F3C71BAEE49400DBB3D0 /* crypt.h */; settings = {ASSET_TAGS = (); }; };
		8C59F3CF1BAEE49400DBB3D0 /* ioapi.c in Sources */ = {isa = PBXBuildFile; fileRef = 8C59F3C81BAEE49400DBB3D0 /* ioapi.c */; settings = {ASSET_TAGS = (); }; };
		8C59F3D01BAEE49400DBB3D0 /* ioapi.c in Sources */ = {isa = PBXBuildFile; fileRef = 8C59F3C81BAEE49400DBB3D0 /* ioapi.c */; settings = {ASSET_TAGS = (); }; };
		8C59F3D11BAEE49400DBB3D0 /* ioapi.h in Headers */ = {isa = PBXBuildFile; fileRef = 8C59F3C91BAEE49400DBB3D0 /* ioapi.h */; settings = {ASSET_TAGS = (); }; };
		8C59F3D21BAEE49400DBB3D0 /* unzip.c in Sources */ = {isa = PBXBuildFile; fileRef = 8C59F3CA1BAEE49400DBB3D0 /* unzip.c */; settings = {ASSET_TAGS = (); }; };
		8C59F3D31BAEE49400DBB3D0 /* unzip.c in Sources */ = {isa = PBXBuildFile; fileRef = 8C59F3CA1BAEE49400DBB3D0 /* unzip.c */; settings = {ASSET_TAGS = (); }; };
		8C59F3D41BAEE49400DBB3D0 /* unzip.h in Headers */ = {isa = PBXBuildFile; fileRef = 8C59F3CB1BAEE49400DBB3D0 /* unzip.h */; settings = {ASSET_TAGS = (); }; };
		8C59F3D51BAEE49400DBB3D0 /* zip.c in Sources */ = {isa = PBXBuildFile; fileRef = 8C59F3CC1BAEE49400DBB3D0 /* zip.c */; settings = {ASSET_TAGS = (); }; };
		8C59F3D61BAEE49400DBB3D0 /* zip.c in Sources */ = {isa = PBXBuildFile; fileRef = 8C59F3CC1BAEE49400DBB3D0 /* zip.c */; settings = {ASSET_TAGS = (); }; };
		8C59F3D71BAEE49400DBB3D0 /* zip.h in Headers */ = {isa = PBXBuildFile; fileRef = 8C59F3CD1BAEE49400DBB3D0 /* zip.h */; settings = {ASSET_TAGS = (); }; };
		8C59F3F01BAEE4A100DBB3D0 /* Objective-Zip.h in Headers */ = {isa = PBXBuildFile; fileRef = 8C59F3D81BAEE4A100DBB3D0 /* Objective-Zip.h */; settings = {ASSET_TAGS = (); }; };
		8C59F3F11BAEE4A100DBB3D0 /* Objective-Zip+NSError.h in Headers */ = {isa = PBXBuildFile; fileRef = 8C59F3D91BAEE4A100DBB3D0 /* Objective-Zip+NSError.h */; settings = {ASSET_TAGS = (); }; };
		8C59F3F21BAEE4A100DBB3D0 /* OZFileInZipInfo.h in Headers */ = {isa = PBXBuildFile; fileRef = 8C59F3DA1BAEE4A100DBB3D0 /* OZFileInZipInfo.h */; settings = {ASSET_TAGS = (); }; };
		8C59F3F31BAEE4A100DBB3D0 /* OZFileInZipInfo.m in Sources */ = {isa = PBXBuildFile; fileRef = 8C59F3DB1BAEE4A100DBB3D0 /* OZFileInZipInfo.m */; settings = {ASSET_TAGS = (); }; };
		8C59F3F41BAEE4A100DBB3D0 /* OZFileInZipInfo.m in Sources */ = {isa = PBXBuildFile; fileRef = 8C59F3DB1BAEE4A100DBB3D0 /* OZFileInZipInfo.m */; settings = {ASSET_TAGS = (); }; };
		8C59F3F51BAEE4A100DBB3D0 /* OZFileInZipInfo+Internals.h in Headers */ = {isa = PBXBuildFile; fileRef = 8C59F3DC1BAEE4A100DBB3D0 /* OZFileInZipInfo+Internals.h */; settings = {ASSET_TAGS = (); }; };
		8C59F3F61BAEE4A100DBB3D0 /* OZZipCompressionLevel.h in Headers */ = {isa = PBXBuildFile; fileRef = 8C59F3DD1BAEE4A100DBB3D0 /* OZZipCompressionLevel.h */; settings = {ASSET_TAGS = (); }; };
		8C59F3F71BAEE4A100DBB3D0 /* OZZipException.h in Headers */ = {isa = PBXBuildFile; fileRef = 8C59F3DE1BAEE4A100DBB3D0 /* OZZipException.h */; settings = {ASSET_TAGS = (); }; };
		8C59F3F81BAEE4A100DBB3D0 /* OZZipException.m in Sources */ = {isa = PBXBuildFile; fileRef = 8C59F3DF1BAEE4A100DBB3D0 /* OZZipException.m */; settings = {ASSET_TAGS = (); }; };
		8C59F3F91BAEE4A100DBB3D0 /* OZZipException.m in Sources */ = {isa = PBXBuildFile; fileRef = 8C59F3DF1BAEE4A100DBB3D0 /* OZZipException.m */; settings = {ASSET_TAGS = (); }; };
		8C59F3FA1BAEE4A100DBB3D0 /* OZZipException+Internals.h in Headers */ = {isa = PBXBuildFile; fileRef = 8C59F3E01BAEE4A100DBB3D0 /* OZZipException+Internals.h */; settings = {ASSET_TAGS = (); }; };
		8C59F3FB1BAEE4A100DBB3D0 /* OZZipFile.h in Headers */ = {isa = PBXBuildFile; fileRef = 8C59F3E11BAEE4A100DBB3D0 /* OZZipFile.h */; settings = {ASSET_TAGS = (); }; };
		8C59F3FC1BAEE4A100DBB3D0 /* OZZipFile.m in Sources */ = {isa = PBXBuildFile; fileRef = 8C59F3E21BAEE4A100DBB3D0 /* OZZipFile.m */; settings = {ASSET_TAGS = (); }; };
		8C59F3FD1BAEE4A100DBB3D0 /* OZZipFile.m in Sources */ = {isa = PBXBuildFile; fileRef = 8C59F3E21BAEE4A100DBB3D0 /* OZZipFile.m */; settings = {ASSET_TAGS = (); }; };
		8C59F3FE1BAEE4A100DBB3D0 /* OZZipFile+NSError.h in Headers */ = {isa = PBXBuildFile; fileRef = 8C59F3E31BAEE4A100DBB3D0 /* OZZipFile+NSError.h */; settings = {ASSET_TAGS = (); }; };
		8C59F3FF1BAEE4A100DBB3D0 /* OZZipFile+Standard.h in Headers */ = {isa = PBXBuildFile; fileRef = 8C59F3E41BAEE4A100DBB3D0 /* OZZipFile+Standard.h */; settings = {ASSET_TAGS = (); }; };
		8C59F4001BAEE4A100DBB3D0 /* OZZipFileMode.h in Headers */ = {isa = PBXBuildFile; fileRef = 8C59F3E51BAEE4A100DBB3D0 /* OZZipFileMode.h */; settings = {ASSET_TAGS = (); }; };
		8C59F4011BAEE4A100DBB3D0 /* OZZipReadStream.h in Headers */ = {isa = PBXBuildFile; fileRef = 8C59F3E61BAEE4A100DBB3D0 /* OZZipReadStream.h */; settings = {ASSET_TAGS = (); }; };
		8C59F4021BAEE4A100DBB3D0 /* OZZipReadStream.m in Sources */ = {isa = PBXBuildFile; fileRef = 8C59F3E71BAEE4A100DBB3D0 /* OZZipReadStream.m */; settings = {ASSET_TAGS = (); }; };
		8C59F4031BAEE4A100DBB3D0 /* OZZipReadStream.m in Sources */ = {isa = PBXBuildFile; fileRef = 8C59F3E71BAEE4A100DBB3D0 /* OZZipReadStream.m */; settings = {ASSET_TAGS = (); }; };
		8C59F4041BAEE4A100DBB3D0 /* OZZipReadStream+Internals.h in Headers */ = {isa = PBXBuildFile; fileRef = 8C59F3E81BAEE4A100DBB3D0 /* OZZipReadStream+Internals.h */; settings = {ASSET_TAGS = (); }; };
		8C59F4051BAEE4A100DBB3D0 /* OZZipReadStream+NSError.h in Headers */ = {isa = PBXBuildFile; fileRef = 8C59F3E91BAEE4A100DBB3D0 /* OZZipReadStream+NSError.h */; settings = {ASSET_TAGS = (); }; };
		8C59F4061BAEE4A100DBB3D0 /* OZZipReadStream+Standard.h in Headers */ = {isa = PBXBuildFile; fileRef = 8C59F3EA1BAEE4A100DBB3D0 /* OZZipReadStream+Standard.h */; settings = {ASSET_TAGS = (); }; };
		8C59F4071BAEE4A100DBB3D0 /* OZZipWriteStream.h in Headers */ = {isa = PBXBuildFile; fileRef = 8C59F3EB1BAEE4A100DBB3D0 /* OZZipWriteStream.h */; settings = {ASSET_TAGS = (); }; };
		8C59F4081BAEE4A100DBB3D0 /* OZZipWriteStream.m in Sources */ = {isa = PBXBuildFile; fileRef = 8C59F3EC1BAEE4A100DBB3D0 /* OZZipWriteStream.m */; settings = {ASSET_TAGS = (); }; };
		8C59F4091BAEE4A100DBB3D0 /* OZZipWriteStream.m in Sources */ = {isa = PBXBuildFile; fileRef = 8C59F3EC1BAEE4A100DBB3D0 /* OZZipWriteStream.m */; settings = {ASSET_TAGS = (); }; };
		8C59F40A1BAEE4A100DBB3D0 /* OZZipWriteStream+Internals.h in Headers */ = {isa = PBXBuildFile; fileRef = 8C59F3ED1BAEE4A100DBB3D0 /* OZZipWriteStream+Internals.h */; settings = {ASSET_TAGS = (); }; };
		8C59F40B1BAEE4A100DBB3D0 /* OZZipWriteStream+NSError.h in Headers */ = {isa = PBXBuildFile; fileRef = 8C59F3EE1BAEE4A100DBB3D0 /* OZZipWriteStream+NSError.h */; settings = {ASSET_TAGS = (); }; };
		8C59F40C1BAEE4A100DBB3D0 /* OZZipWriteStream+Standard.h in Headers */ = {isa = PBXBuildFile; fileRef = 8C59F3EF1BAEE4A100DBB3D0 /* OZZipWriteStream+Standard.h */; settings = {ASSET_TAGS = (); }; };
		8CC2FC631B91E63E00D5E05F /* libObjective-Zip.a in Frameworks */ = {isa = PBXBuildFile; fileRef = 8CC2FC581B91E63E00D5E05F /* libObjective-Zip.a */; };
		8CC2FC7E1B91E65200D5E05F /* libObjective-Zip_OS_X.a in Frameworks */ = {isa = PBXBuildFile; fileRef = 8CC2FC731B91E65200D5E05F /* libObjective-Zip_OS_X.a */; };
		8CC2FCB91B91EB3500D5E05F /* ObjectiveZip_Tests.m in Sources */ = {isa = PBXBuildFile; fileRef = 8CC2FCB81B91EB3500D5E05F /* ObjectiveZip_Tests.m */; };
		8CC2FCBA1B91EB3500D5E05F /* ObjectiveZip_Tests.m in Sources */ = {isa = PBXBuildFile; fileRef = 8CC2FCB81B91EB3500D5E05F /* ObjectiveZip_Tests.m */; };
/* End PBXBuildFile section */

/* Begin PBXContainerItemProxy section */
		8CC2FC641B91E63E00D5E05F /* PBXContainerItemProxy */ = {
			isa = PBXContainerItemProxy;
			containerPortal = 29B97313FDCFA39411CA2CEA /* Project object */;
			proxyType = 1;
			remoteGlobalIDString = 8CC2FC571B91E63E00D5E05F;
			remoteInfo = "Objective-Zip";
		};
		8CC2FC7F1B91E65200D5E05F /* PBXContainerItemProxy */ = {
			isa = PBXContainerItemProxy;
			containerPortal = 29B97313FDCFA39411CA2CEA /* Project object */;
			proxyType = 1;
			remoteGlobalIDString = 8CC2FC721B91E65200D5E05F;
			remoteInfo = "Objective-Zip OS X";
		};
/* End PBXContainerItemProxy section */

/* Begin PBXCopyFilesBuildPhase section */
		8CC2FC561B91E63E00D5E05F /* CopyFiles */ = {
			isa = PBXCopyFilesBuildPhase;
			buildActionMask = 2147483647;
			dstPath = "include/$(PRODUCT_NAME)";
			dstSubfolderSpec = 16;
			files = (
			);
			runOnlyForDeploymentPostprocessing = 0;
		};
/* End PBXCopyFilesBuildPhase section */

/* Begin PBXFileReference section */
		1D30AB110D05D00D00671497 /* Foundation.framework */ = {isa = PBXFileReference; lastKnownFileType = wrapper.framework; name = Foundation.framework; path = System/Library/Frameworks/Foundation.framework; sourceTree = SDKROOT; };
		8C14E8181773A09F00B84597 /* Security.framework */ = {isa = PBXFileReference; lastKnownFileType = wrapper.framework; name = Security.framework; path = System/Library/Frameworks/Security.framework; sourceTree = SDKROOT; };
		8C1D598C1771057D006D69C3 /* README.md */ = {isa = PBXFileReference; fileEncoding = 4; lastKnownFileType = text; path = README.md; sourceTree = "<group>"; };
		8C59F37F1BAEE3BB00DBB3D0 /* Objective-Zip Tests-Bridging-Header.h */ = {isa = PBXFileReference; lastKnownFileType = sourcecode.c.h; path = "Objective-Zip Tests-Bridging-Header.h"; sourceTree = "<group>"; };
		8C59F3801BAEE3BB00DBB3D0 /* Objective-Zip OS X Tests-Bridging-Header.h */ = {isa = PBXFileReference; lastKnownFileType = sourcecode.c.h; path = "Objective-Zip OS X Tests-Bridging-Header.h"; sourceTree = "<group>"; };
		8C59F3811BAEE3BC00DBB3D0 /* Objective-Zip_Swift_Tests.swift */ = {isa = PBXFileReference; fileEncoding = 4; lastKnownFileType = sourcecode.swift; path = "Objective-Zip_Swift_Tests.swift"; sourceTree = "<group>"; };
		8C59F3841BAEE48600DBB3D0 /* adler32.c */ = {isa = PBXFileReference; fileEncoding = 4; lastKnownFileType = sourcecode.c.c; path = adler32.c; sourceTree = "<group>"; };
		8C59F3851BAEE48600DBB3D0 /* compress.c */ = {isa = PBXFileReference; fileEncoding = 4; lastKnownFileType = sourcecode.c.c; path = compress.c; sourceTree = "<group>"; };
		8C59F3861BAEE48600DBB3D0 /* crc32.c */ = {isa = PBXFileReference; fileEncoding = 4; lastKnownFileType = sourcecode.c.c; path = crc32.c; sourceTree = "<group>"; };
		8C59F3871BAEE48600DBB3D0 /* crc32.h */ = {isa = PBXFileReference; fileEncoding = 4; lastKnownFileType = sourcecode.c.h; path = crc32.h; sourceTree = "<group>"; };
		8C59F3881BAEE48600DBB3D0 /* deflate.c */ = {isa = PBXFileReference; fileEncoding = 4; lastKnownFileType = sourcecode.c.c; path = deflate.c; sourceTree = "<group>"; };
		8C59F3891BAEE48600DBB3D0 /* deflate.h */ = {isa = PBXFileReference; fileEncoding = 4; lastKnownFileType = sourcecode.c.h; path = deflate.h; sourceTree = "<group>"; };
		8C59F38A1BAEE48600DBB3D0 /* gzclose.c */ = {isa = PBXFileReference; fileEncoding = 4; lastKnownFileType = sourcecode.c.c; path = gzclose.c; sourceTree = "<group>"; };
		8C59F38B1BAEE48600DBB3D0 /* gzguts.h */ = {isa = PBXFileReference; fileEncoding = 4; lastKnownFileType = sourcecode.c.h; path = gzguts.h; sourceTree = "<group>"; };
		8C59F38C1BAEE48600DBB3D0 /* gzlib.c */ = {isa = PBXFileReference; fileEncoding = 4; lastKnownFileType = sourcecode.c.c; path = gzlib.c; sourceTree = "<group>"; };
		8C59F38D1BAEE48600DBB3D0 /* gzread.c */ = {isa = PBXFileReference; fileEncoding = 4; lastKnownFileType = sourcecode.c.c; path = gzread.c; sourceTree = "<group>"; };
		8C59F38E1BAEE48600DBB3D0 /* gzwrite.c */ = {isa = PBXFileReference; fileEncoding = 4; lastKnownFileType = sourcecode.c.c; path = gzwrite.c; sourceTree = "<group>"; };
		8C59F38F1BAEE48600DBB3D0 /* infback.c */ = {isa = PBXFileReference; fileEncoding = 4; lastKnownFileType = sourcecode.c.c; path = infback.c; sourceTree = "<group>"; };
		8C59F3901BAEE48600DBB3D0 /* inffast.c */ = {isa = PBXFileReference; fileEncoding = 4; lastKnownFileType = sourcecode.c.c; path = inffast.c; sourceTree = "<group>"; };
		8C59F3911BAEE48600DBB3D0 /* inffast.h */ = {isa = PBXFileReference; fileEncoding = 4; lastKnownFileType = sourcecode.c.h; path = inffast.h; sourceTree = "<group>"; };
		8C59F3921BAEE48600DBB3D0 /* inffixed.h */ = {isa = PBXFileReference; fileEncoding = 4; lastKnownFileType = sourcecode.c.h; path = inffixed.h; sourceTree = "<group>"; };
		8C59F3931BAEE48600DBB3D0 /* inflate.c */ = {isa = PBXFileReference; fileEncoding = 4; lastKnownFileType = sourcecode.c.c; path = inflate.c; sourceTree = "<group>"; };
		8C59F3941BAEE48600DBB3D0 /* inflate.h */ = {isa = PBXFileReference; fileEncoding = 4; lastKnownFileType = sourcecode.c.h; path = inflate.h; sourceTree = "<group>"; };
		8C59F3951BAEE48600DBB3D0 /* inftrees.c */ = {isa = PBXFileReference; fileEncoding = 4; lastKnownFileType = sourcecode.c.c; path = inftrees.c; sourceTree = "<group>"; };
		8C59F3961BAEE48600DBB3D0 /* inftrees.h */ = {isa = PBXFileReference; fileEncoding = 4; lastKnownFileType = sourcecode.c.h; path = inftrees.h; sourceTree = "<group>"; };
		8C59F3971BAEE48600DBB3D0 /* trees.c */ = {isa = PBXFileReference; fileEncoding = 4; lastKnownFileType = sourcecode.c.c; path = trees.c; sourceTree = "<group>"; };
		8C59F3981BAEE48600DBB3D0 /* trees.h */ = {isa = PBXFileReference; fileEncoding = 4; lastKnownFileType = sourcecode.c.h; path = trees.h; sourceTree = "<group>"; };
		8C59F3991BAEE48600DBB3D0 /* uncompr.c */ = {isa = PBXFileReference; fileEncoding = 4; lastKnownFileType = sourcecode.c.c; path = uncompr.c; sourceTree = "<group>"; };
		8C59F39A1BAEE48600DBB3D0 /* zconf.h */ = {isa = PBXFileReference; fileEncoding = 4; lastKnownFileType = sourcecode.c.h; path = zconf.h; sourceTree = "<group>"; };
		8C59F39B1BAEE48600DBB3D0 /* zlib.h */ = {isa = PBXFileReference; fileEncoding = 4; lastKnownFileType = sourcecode.c.h; path = zlib.h; sourceTree = "<group>"; };
		8C59F39C1BAEE48600DBB3D0 /* zutil.c */ = {isa = PBXFileReference; fileEncoding = 4; lastKnownFileType = sourcecode.c.c; path = zutil.c; sourceTree = "<group>"; };
		8C59F39D1BAEE48600DBB3D0 /* zutil.h */ = {isa = PBXFileReference; fileEncoding = 4; lastKnownFileType = sourcecode.c.h; path = zutil.h; sourceTree = "<group>"; };
		8C59F3C71BAEE49400DBB3D0 /* crypt.h */ = {isa = PBXFileReference; fileEncoding = 4; lastKnownFileType = sourcecode.c.h; path = crypt.h; sourceTree = "<group>"; };
		8C59F3C81BAEE49400DBB3D0 /* ioapi.c */ = {isa = PBXFileReference; fileEncoding = 4; lastKnownFileType = sourcecode.c.c; path = ioapi.c; sourceTree = "<group>"; };
		8C59F3C91BAEE49400DBB3D0 /* ioapi.h */ = {isa = PBXFileReference; fileEncoding = 4; lastKnownFileType = sourcecode.c.h; path = ioapi.h; sourceTree = "<group>"; };
		8C59F3CA1BAEE49400DBB3D0 /* unzip.c */ = {isa = PBXFileReference; fileEncoding = 4; lastKnownFileType = sourcecode.c.c; path = unzip.c; sourceTree = "<group>"; };
		8C59F3CB1BAEE49400DBB3D0 /* unzip.h */ = {isa = PBXFileReference; fileEncoding = 4; lastKnownFileType = sourcecode.c.h; path = unzip.h; sourceTree = "<group>"; };
		8C59F3CC1BAEE49400DBB3D0 /* zip.c */ = {isa = PBXFileReference; fileEncoding = 4; lastKnownFileType = sourcecode.c.c; path = zip.c; sourceTree = "<group>"; };
		8C59F3CD1BAEE49400DBB3D0 /* zip.h */ = {isa = PBXFileReference; fileEncoding = 4; lastKnownFileType = sourcecode.c.h; path = zip.h; sourceTree = "<group>"; };
		8C59F3D81BAEE4A100DBB3D0 /* Objective-Zip.h */ = {isa = PBXFileReference; fileEncoding = 4; lastKnownFileType = sourcecode.c.h; path = "Objective-Zip.h"; sourceTree = "<group>"; };
		8C59F3D91BAEE4A100DBB3D0 /* Objective-Zip+NSError.h */ = {isa = PBXFileReference; fileEncoding = 4; lastKnownFileType = sourcecode.c.h; path = "Objective-Zip+NSError.h"; sourceTree = "<group>"; };
		8C59F3DA1BAEE4A100DBB3D0 /* OZFileInZipInfo.h */ = {isa = PBXFileReference; fileEncoding = 4; lastKnownFileType = sourcecode.c.h; path = OZFileInZipInfo.h; sourceTree = "<group>"; };
		8C59F3DB1BAEE4A100DBB3D0 /* OZFileInZipInfo.m */ = {isa = PBXFileReference; fileEncoding = 4; lastKnownFileType = sourcecode.c.objc; path = OZFileInZipInfo.m; sourceTree = "<group>"; };
		8C59F3DC1BAEE4A100DBB3D0 /* OZFileInZipInfo+Internals.h */ = {isa = PBXFileReference; fileEncoding = 4; lastKnownFileType = sourcecode.c.h; path = "OZFileInZipInfo+Internals.h"; sourceTree = "<group>"; };
		8C59F3DD1BAEE4A100DBB3D0 /* OZZipCompressionLevel.h */ = {isa = PBXFileReference; fileEncoding = 4; lastKnownFileType = sourcecode.c.h; path = OZZipCompressionLevel.h; sourceTree = "<group>"; };
		8C59F3DE1BAEE4A100DBB3D0 /* OZZipException.h */ = {isa = PBXFileReference; fileEncoding = 4; lastKnownFileType = sourcecode.c.h; path = OZZipException.h; sourceTree = "<group>"; };
		8C59F3DF1BAEE4A100DBB3D0 /* OZZipException.m */ = {isa = PBXFileReference; fileEncoding = 4; lastKnownFileType = sourcecode.c.objc; path = OZZipException.m; sourceTree = "<group>"; };
		8C59F3E01BAEE4A100DBB3D0 /* OZZipException+Internals.h */ = {isa = PBXFileReference; fileEncoding = 4; lastKnownFileType = sourcecode.c.h; path = "OZZipException+Internals.h"; sourceTree = "<group>"; };
		8C59F3E11BAEE4A100DBB3D0 /* OZZipFile.h */ = {isa = PBXFileReference; fileEncoding = 4; lastKnownFileType = sourcecode.c.h; path = OZZipFile.h; sourceTree = "<group>"; };
		8C59F3E21BAEE4A100DBB3D0 /* OZZipFile.m */ = {isa = PBXFileReference; fileEncoding = 4; lastKnownFileType = sourcecode.c.objc; path = OZZipFile.m; sourceTree = "<group>"; };
		8C59F3E31BAEE4A100DBB3D0 /* OZZipFile+NSError.h */ = {isa = PBXFileReference; fileEncoding = 4; lastKnownFileType = sourcecode.c.h; path = "OZZipFile+NSError.h"; sourceTree = "<group>"; };
		8C59F3E41BAEE4A100DBB3D0 /* OZZipFile+Standard.h */ = {isa = PBXFileReference; fileEncoding = 4; lastKnownFileType = sourcecode.c.h; path = "OZZipFile+Standard.h"; sourceTree = "<group>"; };
		8C59F3E51BAEE4A100DBB3D0 /* OZZipFileMode.h */ = {isa = PBXFileReference; fileEncoding = 4; lastKnownFileType = sourcecode.c.h; path = OZZipFileMode.h; sourceTree = "<group>"; };
		8C59F3E61BAEE4A100DBB3D0 /* OZZipReadStream.h */ = {isa = PBXFileReference; fileEncoding = 4; lastKnownFileType = sourcecode.c.h; path = OZZipReadStream.h; sourceTree = "<group>"; };
		8C59F3E71BAEE4A100DBB3D0 /* OZZipReadStream.m */ = {isa = PBXFileReference; fileEncoding = 4; lastKnownFileType = sourcecode.c.objc; path = OZZipReadStream.m; sourceTree = "<group>"; };
		8C59F3E81BAEE4A100DBB3D0 /* OZZipReadStream+Internals.h */ = {isa = PBXFileReference; fileEncoding = 4; lastKnownFileType = sourcecode.c.h; path = "OZZipReadStream+Internals.h"; sourceTree = "<group>"; };
		8C59F3E91BAEE4A100DBB3D0 /* OZZipReadStream+NSError.h */ = {isa = PBXFileReference; fileEncoding = 4; lastKnownFileType = sourcecode.c.h; path = "OZZipReadStream+NSError.h"; sourceTree = "<group>"; };
		8C59F3EA1BAEE4A100DBB3D0 /* OZZipReadStream+Standard.h */ = {isa = PBXFileReference; fileEncoding = 4; lastKnownFileType = sourcecode.c.h; path = "OZZipReadStream+Standard.h"; sourceTree = "<group>"; };
		8C59F3EB1BAEE4A100DBB3D0 /* OZZipWriteStream.h */ = {isa = PBXFileReference; fileEncoding = 4; lastKnownFileType = sourcecode.c.h; path = OZZipWriteStream.h; sourceTree = "<group>"; };
		8C59F3EC1BAEE4A100DBB3D0 /* OZZipWriteStream.m */ = {isa = PBXFileReference; fileEncoding = 4; lastKnownFileType = sourcecode.c.objc; path = OZZipWriteStream.m; sourceTree = "<group>"; };
		8C59F3ED1BAEE4A100DBB3D0 /* OZZipWriteStream+Internals.h */ = {isa = PBXFileReference; fileEncoding = 4; lastKnownFileType = sourcecode.c.h; path = "OZZipWriteStream+Internals.h"; sourceTree = "<group>"; };
		8C59F3EE1BAEE4A100DBB3D0 /* OZZipWriteStream+NSError.h */ = {isa = PBXFileReference; fileEncoding = 4; lastKnownFileType = sourcecode.c.h; path = "OZZipWriteStream+NSError.h"; sourceTree = "<group>"; };
		8C59F3EF1BAEE4A100DBB3D0 /* OZZipWriteStream+Standard.h */ = {isa = PBXFileReference; fileEncoding = 4; lastKnownFileType = sourcecode.c.h; path = "OZZipWriteStream+Standard.h"; sourceTree = "<group>"; };
		8CC2FC581B91E63E00D5E05F /* libObjective-Zip.a */ = {isa = PBXFileReference; explicitFileType = archive.ar; includeInIndex = 0; path = "libObjective-Zip.a"; sourceTree = BUILT_PRODUCTS_DIR; };
		8CC2FC621B91E63E00D5E05F /* Objective-Zip Tests.xctest */ = {isa = PBXFileReference; explicitFileType = wrapper.cfbundle; includeInIndex = 0; path = "Objective-Zip Tests.xctest"; sourceTree = BUILT_PRODUCTS_DIR; };
		8CC2FC681B91E63E00D5E05F /* Info.plist */ = {isa = PBXFileReference; lastKnownFileType = text.plist.xml; path = Info.plist; sourceTree = "<group>"; };
		8CC2FC731B91E65200D5E05F /* libObjective-Zip_OS_X.a */ = {isa = PBXFileReference; explicitFileType = archive.ar; includeInIndex = 0; path = "libObjective-Zip_OS_X.a"; sourceTree = BUILT_PRODUCTS_DIR; };
		8CC2FC7D1B91E65200D5E05F /* Objective-Zip OS X Tests.xctest */ = {isa = PBXFileReference; explicitFileType = wrapper.cfbundle; includeInIndex = 0; path = "Objective-Zip OS X Tests.xctest"; sourceTree = BUILT_PRODUCTS_DIR; };
		8CC2FCB81B91EB3500D5E05F /* ObjectiveZip_Tests.m */ = {isa = PBXFileReference; fileEncoding = 4; lastKnownFileType = sourcecode.c.objc; name = ObjectiveZip_Tests.m; path = "Objective-Zip Tests/ObjectiveZip_Tests.m"; sourceTree = SOURCE_ROOT; };
/* End PBXFileReference section */

/* Begin PBXFrameworksBuildPhase section */
		8CC2FC551B91E63E00D5E05F /* Frameworks */ = {
			isa = PBXFrameworksBuildPhase;
			buildActionMask = 2147483647;
			files = (
			);
			runOnlyForDeploymentPostprocessing = 0;
		};
		8CC2FC5F1B91E63E00D5E05F /* Frameworks */ = {
			isa = PBXFrameworksBuildPhase;
			buildActionMask = 2147483647;
			files = (
				8CC2FC631B91E63E00D5E05F /* libObjective-Zip.a in Frameworks */,
			);
			runOnlyForDeploymentPostprocessing = 0;
		};
		8CC2FC701B91E65200D5E05F /* Frameworks */ = {
			isa = PBXFrameworksBuildPhase;
			buildActionMask = 2147483647;
			files = (
			);
			runOnlyForDeploymentPostprocessing = 0;
		};
		8CC2FC7A1B91E65200D5E05F /* Frameworks */ = {
			isa = PBXFrameworksBuildPhase;
			buildActionMask = 2147483647;
			files = (
				8CC2FC7E1B91E65200D5E05F /* libObjective-Zip_OS_X.a in Frameworks */,
			);
			runOnlyForDeploymentPostprocessing = 0;
		};
/* End PBXFrameworksBuildPhase section */

/* Begin PBXGroup section */
		19C28FACFE9D520D11CA2CBB /* Products */ = {
			isa = PBXGroup;
			children = (
				8CC2FC581B91E63E00D5E05F /* libObjective-Zip.a */,
				8CC2FC621B91E63E00D5E05F /* Objective-Zip Tests.xctest */,
				8CC2FC731B91E65200D5E05F /* libObjective-Zip_OS_X.a */,
				8CC2FC7D1B91E65200D5E05F /* Objective-Zip OS X Tests.xctest */,
			);
			name = Products;
			sourceTree = "<group>";
		};
		29B97314FDCFA39411CA2CEA /* CustomTemplate */ = {
			isa = PBXGroup;
			children = (
				8C6D353B10E56BA400B63EFA /* Objective-Zip */,
				8C6D350110E56A4B00B63EFA /* MiniZip */,
				8CD8B3E817766056005212EC /* ZLib */,
				8CC2FC661B91E63E00D5E05F /* Objective-Zip Tests */,
				29B97323FDCFA39411CA2CEA /* Frameworks */,
				19C28FACFE9D520D11CA2CBB /* Products */,
				8C1D598C1771057D006D69C3 /* README.md */,
			);
			name = CustomTemplate;
			sourceTree = "<group>";
		};
		29B97323FDCFA39411CA2CEA /* Frameworks */ = {
			isa = PBXGroup;
			children = (
				8C14E8181773A09F00B84597 /* Security.framework */,
				1D30AB110D05D00D00671497 /* Foundation.framework */,
			);
			name = Frameworks;
			sourceTree = "<group>";
		};
		8C6D350110E56A4B00B63EFA /* MiniZip */ = {
			isa = PBXGroup;
			children = (
				8C59F3C71BAEE49400DBB3D0 /* crypt.h */,
				8C59F3C81BAEE49400DBB3D0 /* ioapi.c */,
				8C59F3C91BAEE49400DBB3D0 /* ioapi.h */,
				8C59F3CA1BAEE49400DBB3D0 /* unzip.c */,
				8C59F3CB1BAEE49400DBB3D0 /* unzip.h */,
				8C59F3CC1BAEE49400DBB3D0 /* zip.c */,
				8C59F3CD1BAEE49400DBB3D0 /* zip.h */,
			);
			path = MiniZip;
			sourceTree = SOURCE_ROOT;
		};
		8C6D353B10E56BA400B63EFA /* Objective-Zip */ = {
			isa = PBXGroup;
			children = (
				8C59F3D81BAEE4A100DBB3D0 /* Objective-Zip.h */,
				8C59F3D91BAEE4A100DBB3D0 /* Objective-Zip+NSError.h */,
				8C59F3E11BAEE4A100DBB3D0 /* OZZipFile.h */,
				8C59F3E21BAEE4A100DBB3D0 /* OZZipFile.m */,
				8C59F3E31BAEE4A100DBB3D0 /* OZZipFile+NSError.h */,
				8C59F3E41BAEE4A100DBB3D0 /* OZZipFile+Standard.h */,
				8C59F3E51BAEE4A100DBB3D0 /* OZZipFileMode.h */,
				8C59F3DD1BAEE4A100DBB3D0 /* OZZipCompressionLevel.h */,
				8C59F3DA1BAEE4A100DBB3D0 /* OZFileInZipInfo.h */,
				8C59F3DB1BAEE4A100DBB3D0 /* OZFileInZipInfo.m */,
				8C59F3DC1BAEE4A100DBB3D0 /* OZFileInZipInfo+Internals.h */,
				8C59F3E61BAEE4A100DBB3D0 /* OZZipReadStream.h */,
				8C59F3E71BAEE4A100DBB3D0 /* OZZipReadStream.m */,
				8C59F3E81BAEE4A100DBB3D0 /* OZZipReadStream+Internals.h */,
				8C59F3E91BAEE4A100DBB3D0 /* OZZipReadStream+NSError.h */,
				8C59F3EA1BAEE4A100DBB3D0 /* OZZipReadStream+Standard.h */,
				8C59F3EB1BAEE4A100DBB3D0 /* OZZipWriteStream.h */,
				8C59F3EC1BAEE4A100DBB3D0 /* OZZipWriteStream.m */,
				8C59F3ED1BAEE4A100DBB3D0 /* OZZipWriteStream+Internals.h */,
				8C59F3EE1BAEE4A100DBB3D0 /* OZZipWriteStream+NSError.h */,
				8C59F3EF1BAEE4A100DBB3D0 /* OZZipWriteStream+Standard.h */,
				8C59F3DE1BAEE4A100DBB3D0 /* OZZipException.h */,
				8C59F3DF1BAEE4A100DBB3D0 /* OZZipException.m */,
				8C59F3E01BAEE4A100DBB3D0 /* OZZipException+Internals.h */,
			);
			path = "Objective-Zip";
			sourceTree = SOURCE_ROOT;
		};
		8CC2FC661B91E63E00D5E05F /* Objective-Zip Tests */ = {
			isa = PBXGroup;
			children = (
				8CC2FCB81B91EB3500D5E05F /* ObjectiveZip_Tests.m */,
				8C59F3811BAEE3BC00DBB3D0 /* Objective-Zip_Swift_Tests.swift */,
				8C59F37F1BAEE3BB00DBB3D0 /* Objective-Zip Tests-Bridging-Header.h */,
				8C59F3801BAEE3BB00DBB3D0 /* Objective-Zip OS X Tests-Bridging-Header.h */,
				8CC2FC671B91E63E00D5E05F /* Supporting Files */,
			);
			path = "Objective-Zip Tests";
			sourceTree = SOURCE_ROOT;
		};
		8CC2FC671B91E63E00D5E05F /* Supporting Files */ = {
			isa = PBXGroup;
			children = (
				8CC2FC681B91E63E00D5E05F /* Info.plist */,
			);
			name = "Supporting Files";
			path = "../Objective-Zip Tests";
			sourceTree = "<group>";
		};
		8CD8B3E817766056005212EC /* ZLib */ = {
			isa = PBXGroup;
			children = (
				8C59F3841BAEE48600DBB3D0 /* adler32.c */,
				8C59F3851BAEE48600DBB3D0 /* compress.c */,
				8C59F3861BAEE48600DBB3D0 /* crc32.c */,
				8C59F3871BAEE48600DBB3D0 /* crc32.h */,
				8C59F3881BAEE48600DBB3D0 /* deflate.c */,
				8C59F3891BAEE48600DBB3D0 /* deflate.h */,
				8C59F38A1BAEE48600DBB3D0 /* gzclose.c */,
				8C59F38B1BAEE48600DBB3D0 /* gzguts.h */,
				8C59F38C1BAEE48600DBB3D0 /* gzlib.c */,
				8C59F38D1BAEE48600DBB3D0 /* gzread.c */,
				8C59F38E1BAEE48600DBB3D0 /* gzwrite.c */,
				8C59F38F1BAEE48600DBB3D0 /* infback.c */,
				8C59F3901BAEE48600DBB3D0 /* inffast.c */,
				8C59F3911BAEE48600DBB3D0 /* inffast.h */,
				8C59F3921BAEE48600DBB3D0 /* inffixed.h */,
				8C59F3931BAEE48600DBB3D0 /* inflate.c */,
				8C59F3941BAEE48600DBB3D0 /* inflate.h */,
				8C59F3951BAEE48600DBB3D0 /* inftrees.c */,
				8C59F3961BAEE48600DBB3D0 /* inftrees.h */,
				8C59F3971BAEE48600DBB3D0 /* trees.c */,
				8C59F3981BAEE48600DBB3D0 /* trees.h */,
				8C59F3991BAEE48600DBB3D0 /* uncompr.c */,
				8C59F39A1BAEE48600DBB3D0 /* zconf.h */,
				8C59F39B1BAEE48600DBB3D0 /* zlib.h */,
				8C59F39C1BAEE48600DBB3D0 /* zutil.c */,
				8C59F39D1BAEE48600DBB3D0 /* zutil.h */,
			);
			path = ZLib;
			sourceTree = SOURCE_ROOT;
		};
/* End PBXGroup section */

/* Begin PBXHeadersBuildPhase section */
		8CC2FC711B91E65200D5E05F /* Headers */ = {
			isa = PBXHeadersBuildPhase;
			buildActionMask = 2147483647;
			files = (
				8C59F40A1BAEE4A100DBB3D0 /* OZZipWriteStream+Internals.h in Headers */,
				8C59F3F21BAEE4A100DBB3D0 /* OZFileInZipInfo.h in Headers */,
				8C59F3F11BAEE4A100DBB3D0 /* Objective-Zip+NSError.h in Headers */,
				8C59F3F51BAEE4A100DBB3D0 /* OZFileInZipInfo+Internals.h in Headers */,
				8C59F3FE1BAEE4A100DBB3D0 /* OZZipFile+NSError.h in Headers */,
				8C59F3F01BAEE4A100DBB3D0 /* Objective-Zip.h in Headers */,
				8C59F3BF1BAEE48600DBB3D0 /* trees.h in Headers */,
				8C59F40B1BAEE4A100DBB3D0 /* OZZipWriteStream+NSError.h in Headers */,
				8C59F3B61BAEE48600DBB3D0 /* inffixed.h in Headers */,
				8C59F3FA1BAEE4A100DBB3D0 /* OZZipException+Internals.h in Headers */,
				8C59F3A71BAEE48600DBB3D0 /* deflate.h in Headers */,
				8C59F3F61BAEE4A100DBB3D0 /* OZZipCompressionLevel.h in Headers */,
				8C59F4001BAEE4A100DBB3D0 /* OZZipFileMode.h in Headers */,
				8C59F3D71BAEE49400DBB3D0 /* zip.h in Headers */,
				8C59F4051BAEE4A100DBB3D0 /* OZZipReadStream+NSError.h in Headers */,
				8C59F4071BAEE4A100DBB3D0 /* OZZipWriteStream.h in Headers */,
				8C59F3CE1BAEE49400DBB3D0 /* crypt.h in Headers */,
				8C59F3FF1BAEE4A100DBB3D0 /* OZZipFile+Standard.h in Headers */,
				8C59F3C21BAEE48600DBB3D0 /* zconf.h in Headers */,
				8C59F3B91BAEE48600DBB3D0 /* inflate.h in Headers */,
				8C59F4041BAEE4A100DBB3D0 /* OZZipReadStream+Internals.h in Headers */,
				8C59F3C31BAEE48600DBB3D0 /* zlib.h in Headers */,
				8C59F3AA1BAEE48600DBB3D0 /* gzguts.h in Headers */,
				8C59F3F71BAEE4A100DBB3D0 /* OZZipException.h in Headers */,
				8C59F3BC1BAEE48600DBB3D0 /* inftrees.h in Headers */,
				8C59F4011BAEE4A100DBB3D0 /* OZZipReadStream.h in Headers */,
				8C59F3D41BAEE49400DBB3D0 /* unzip.h in Headers */,
				8C59F4061BAEE4A100DBB3D0 /* OZZipReadStream+Standard.h in Headers */,
				8C59F40C1BAEE4A100DBB3D0 /* OZZipWriteStream+Standard.h in Headers */,
				8C59F3D11BAEE49400DBB3D0 /* ioapi.h in Headers */,
				8C59F3C61BAEE48600DBB3D0 /* zutil.h in Headers */,
				8C59F3B51BAEE48600DBB3D0 /* inffast.h in Headers */,
				8C59F3A41BAEE48600DBB3D0 /* crc32.h in Headers */,
				8C59F3FB1BAEE4A100DBB3D0 /* OZZipFile.h in Headers */,
			);
			runOnlyForDeploymentPostprocessing = 0;
		};
/* End PBXHeadersBuildPhase section */

/* Begin PBXNativeTarget section */
		8CC2FC571B91E63E00D5E05F /* Objective-Zip */ = {
			isa = PBXNativeTarget;
			buildConfigurationList = 8CC2FC691B91E63E00D5E05F /* Build configuration list for PBXNativeTarget "Objective-Zip" */;
			buildPhases = (
				8CC2FC541B91E63E00D5E05F /* Sources */,
				8CC2FC551B91E63E00D5E05F /* Frameworks */,
				8CC2FC561B91E63E00D5E05F /* CopyFiles */,
				8CC2FCBC1B91ECB000D5E05F /* ShellScript */,
			);
			buildRules = (
			);
			dependencies = (
			);
			name = "Objective-Zip";
			productName = "Objective-Zip";
			productReference = 8CC2FC581B91E63E00D5E05F /* libObjective-Zip.a */;
			productType = "com.apple.product-type.library.static";
		};
		8CC2FC611B91E63E00D5E05F /* Objective-Zip Tests */ = {
			isa = PBXNativeTarget;
			buildConfigurationList = 8CC2FC6C1B91E63E00D5E05F /* Build configuration list for PBXNativeTarget "Objective-Zip Tests" */;
			buildPhases = (
				8CC2FC5E1B91E63E00D5E05F /* Sources */,
				8CC2FC5F1B91E63E00D5E05F /* Frameworks */,
				8CC2FC601B91E63E00D5E05F /* Resources */,
			);
			buildRules = (
			);
			dependencies = (
				8CC2FC651B91E63E00D5E05F /* PBXTargetDependency */,
			);
			name = "Objective-Zip Tests";
			productName = "Objective-ZipTests";
			productReference = 8CC2FC621B91E63E00D5E05F /* Objective-Zip Tests.xctest */;
			productType = "com.apple.product-type.bundle.unit-test";
		};
		8CC2FC721B91E65200D5E05F /* Objective-Zip OS X */ = {
			isa = PBXNativeTarget;
			buildConfigurationList = 8CC2FC841B91E65300D5E05F /* Build configuration list for PBXNativeTarget "Objective-Zip OS X" */;
			buildPhases = (
				8CC2FC6F1B91E65200D5E05F /* Sources */,
				8CC2FC701B91E65200D5E05F /* Frameworks */,
				8CC2FC711B91E65200D5E05F /* Headers */,
			);
			buildRules = (
			);
			dependencies = (
			);
			name = "Objective-Zip OS X";
			productName = "Objective-Zip OS X";
			productReference = 8CC2FC731B91E65200D5E05F /* libObjective-Zip_OS_X.a */;
			productType = "com.apple.product-type.library.static";
		};
		8CC2FC7C1B91E65200D5E05F /* Objective-Zip OS X Tests */ = {
			isa = PBXNativeTarget;
			buildConfigurationList = 8CC2FC871B91E65300D5E05F /* Build configuration list for PBXNativeTarget "Objective-Zip OS X Tests" */;
			buildPhases = (
				8CC2FC791B91E65200D5E05F /* Sources */,
				8CC2FC7A1B91E65200D5E05F /* Frameworks */,
				8CC2FC7B1B91E65200D5E05F /* Resources */,
			);
			buildRules = (
			);
			dependencies = (
				8CC2FC801B91E65200D5E05F /* PBXTargetDependency */,
			);
			name = "Objective-Zip OS X Tests";
			productName = "Objective-Zip OS XTests";
			productReference = 8CC2FC7D1B91E65200D5E05F /* Objective-Zip OS X Tests.xctest */;
			productType = "com.apple.product-type.bundle.unit-test";
		};
/* End PBXNativeTarget section */

/* Begin PBXProject section */
		29B97313FDCFA39411CA2CEA /* Project object */ = {
			isa = PBXProject;
			attributes = {
				LastSwiftUpdateCheck = 0700;
				LastUpgradeCheck = 0700;
				TargetAttributes = {
					8CC2FC571B91E63E00D5E05F = {
						CreatedOnToolsVersion = 6.4;
					};
					8CC2FC611B91E63E00D5E05F = {
						CreatedOnToolsVersion = 6.4;
					};
					8CC2FC721B91E65200D5E05F = {
						CreatedOnToolsVersion = 6.4;
					};
					8CC2FC7C1B91E65200D5E05F = {
						CreatedOnToolsVersion = 6.4;
					};
				};
			};
			buildConfigurationList = C01FCF4E08A954540054247B /* Build configuration list for PBXProject "Objective-Zip" */;
			compatibilityVersion = "Xcode 3.2";
			developmentRegion = English;
			hasScannedForEncodings = 1;
			knownRegions = (
				English,
				Japanese,
				French,
				German,
			);
			mainGroup = 29B97314FDCFA39411CA2CEA /* CustomTemplate */;
			projectDirPath = "";
			projectRoot = "";
			targets = (
				8CC2FC571B91E63E00D5E05F /* Objective-Zip */,
				8CC2FC611B91E63E00D5E05F /* Objective-Zip Tests */,
				8CC2FC721B91E65200D5E05F /* Objective-Zip OS X */,
				8CC2FC7C1B91E65200D5E05F /* Objective-Zip OS X Tests */,
			);
		};
/* End PBXProject section */

/* Begin PBXResourcesBuildPhase section */
		8CC2FC601B91E63E00D5E05F /* Resources */ = {
			isa = PBXResourcesBuildPhase;
			buildActionMask = 2147483647;
			files = (
			);
			runOnlyForDeploymentPostprocessing = 0;
		};
		8CC2FC7B1B91E65200D5E05F /* Resources */ = {
			isa = PBXResourcesBuildPhase;
			buildActionMask = 2147483647;
			files = (
			);
			runOnlyForDeploymentPostprocessing = 0;
		};
/* End PBXResourcesBuildPhase section */

/* Begin PBXShellScriptBuildPhase section */
		8CC2FCBC1B91ECB000D5E05F /* ShellScript */ = {
			isa = PBXShellScriptBuildPhase;
			buildActionMask = 2147483647;
			files = (
			);
			inputPaths = (
			);
			outputPaths = (
			);
			runOnlyForDeploymentPostprocessing = 0;
			shellPath = /bin/sh;
			shellScript = "##########################################\n#\n# c.f. http://stackoverflow.com/questions/3520977/build-fat-static-library-device-simulator-using-xcode-and-sdk-4\n#\n# Version 2.7\n#\n# Latest Change:\n# - Supports iPhone 5 / iPod Touch 5 (uses Apple's workaround to lipo bug)\n#\n# Purpose:\n#   Automatically create a Universal static library for iPhone + iPad + iPhone Simulator from within XCode\n#\n# Author: Adam Martin - http://twitter.com/redglassesapps\n# Based on: original script from Eonil (main changes: Eonil's script WILL NOT WORK in Xcode GUI - it WILL CRASH YOUR COMPUTER)\n#\n\nset -e\nset -o pipefail\n\n#################[ Tests: helps workaround any future bugs in Xcode ]########\n#\nDEBUG_THIS_SCRIPT=\"false\"\n\nif [ $DEBUG_THIS_SCRIPT = \"true\" ]\nthen\necho \"########### TESTS #############\"\necho \"Use the following variables when debugging this script; note that they may change on recursions\"\necho \"BUILD_DIR = $BUILD_DIR\"\necho \"BUILD_ROOT = $BUILD_ROOT\"\necho \"CONFIGURATION_BUILD_DIR = $CONFIGURATION_BUILD_DIR\"\necho \"BUILT_PRODUCTS_DIR = $BUILT_PRODUCTS_DIR\"\necho \"CONFIGURATION_TEMP_DIR = $CONFIGURATION_TEMP_DIR\"\necho \"TARGET_BUILD_DIR = $TARGET_BUILD_DIR\"\nfi\n\n#####################[ part 1 ]##################\n# First, work out the BASESDK version number (NB: Apple ought to report this, but they hide it)\n#    (incidental: searching for substrings in sh is a nightmare! Sob)\n\nSDK_VERSION=$(echo ${SDK_NAME} | grep -o '.\\{3\\}$')\n\n# Next, work out if we're in SIM or DEVICE\n\nif [ ${PLATFORM_NAME} = \"iphonesimulator\" ]\nthen\nOTHER_SDK_TO_BUILD=iphoneos${SDK_VERSION}\nelse\nOTHER_SDK_TO_BUILD=iphonesimulator${SDK_VERSION}\nfi\n\necho \"XCode has selected SDK: ${PLATFORM_NAME} with version: ${SDK_VERSION} (although back-targetting: ${IPHONEOS_DEPLOYMENT_TARGET})\"\necho \"...therefore, OTHER_SDK_TO_BUILD = ${OTHER_SDK_TO_BUILD}\"\n#\n#####################[ end of part 1 ]##################\n\n#####################[ part 2 ]##################\n#\n# IF this is the original invocation, invoke WHATEVER other builds are required\n#\n# Xcode is already building ONE target...\n#\n# ...but this is a LIBRARY, so Apple is wrong to set it to build just one.\n# ...we need to build ALL targets\n# ...we MUST NOT re-build the target that is ALREADY being built: Xcode WILL CRASH YOUR COMPUTER if you try this (infinite recursion!)\n#\n#\n# So: build ONLY the missing platforms/configurations.\n\nif [ \"true\" == ${ALREADYINVOKED:-false} ]\nthen\necho \"RECURSION: I am NOT the root invocation, so I'm NOT going to recurse\"\nelse\n# CRITICAL:\n# Prevent infinite recursion (Xcode sucks)\nexport ALREADYINVOKED=\"true\"\n\necho \"RECURSION: I am the root ... recursing all missing build targets NOW...\"\necho \"RECURSION: ...about to invoke: xcodebuild -configuration \\\"${CONFIGURATION}\\\" -project \\\"${PROJECT_NAME}.xcodeproj\\\" -target \\\"${TARGET_NAME}\\\" -sdk \\\"${OTHER_SDK_TO_BUILD}\\\" ${ACTION} RUN_CLANG_STATIC_ANALYZER=NO\" BUILD_DIR=\\\"${BUILD_DIR}\\\" BUILD_ROOT=\\\"${BUILD_ROOT}\\\" SYMROOT=\\\"${SYMROOT}\\\"\n\nxcodebuild -configuration \"${CONFIGURATION}\" -project \"${PROJECT_NAME}.xcodeproj\" -target \"${TARGET_NAME}\" -sdk \"${OTHER_SDK_TO_BUILD}\" ${ACTION} RUN_CLANG_STATIC_ANALYZER=NO BUILD_DIR=\"${BUILD_DIR}\" BUILD_ROOT=\"${BUILD_ROOT}\" SYMROOT=\"${SYMROOT}\"\n\nACTION=\"build\"\n\n#Merge all platform binaries as a fat binary for each configurations.\n\n# Calculate where the (multiple) built files are coming from:\nCURRENTCONFIG_DEVICE_DIR=${SYMROOT}/${CONFIGURATION}-iphoneos\nCURRENTCONFIG_SIMULATOR_DIR=${SYMROOT}/${CONFIGURATION}-iphonesimulator\n\necho \"Taking device build from: ${CURRENTCONFIG_DEVICE_DIR}\"\necho \"Taking simulator build from: ${CURRENTCONFIG_SIMULATOR_DIR}\"\n\nCREATING_UNIVERSAL_DIR=${SYMROOT}/${CONFIGURATION}-universal\necho \"...I will output a universal build to: ${CREATING_UNIVERSAL_DIR}\"\n\n# ... remove the products of previous runs of this script\n#      NB: this directory is ONLY created by this script - it should be safe to delete!\n\nrm -rf \"${CREATING_UNIVERSAL_DIR}\"\nmkdir \"${CREATING_UNIVERSAL_DIR}\"\n\n#\necho \"lipo: for current configuration (${CONFIGURATION}) creating output file: ${CREATING_UNIVERSAL_DIR}/${EXECUTABLE_NAME}\"\nxcrun -sdk iphoneos lipo -create -output \"${CREATING_UNIVERSAL_DIR}/${EXECUTABLE_NAME}\" \"${CURRENTCONFIG_DEVICE_DIR}/${EXECUTABLE_NAME}\" \"${CURRENTCONFIG_SIMULATOR_DIR}/${EXECUTABLE_NAME}\"\n\n#########\n#\n# Added: StackOverflow suggestion to also copy \"include\" files\n#    (untested, but should work OK)\n#\necho \"Fetching headers from ${PUBLIC_HEADERS_FOLDER_PATH}\"\necho \"  (if you embed your library project in another project, you will need to add\"\necho \"   a \"User Search Headers\" build setting of: (NB INCLUDE THE DOUBLE QUOTES BELOW!)\"\necho '        \"$(TARGET_BUILD_DIR)/usr/local/include/\"'\nif [ -d \"${CURRENTCONFIG_DEVICE_DIR}${PUBLIC_HEADERS_FOLDER_PATH}\" ]\nthen\nmkdir -p \"${CREATING_UNIVERSAL_DIR}${PUBLIC_HEADERS_FOLDER_PATH}\"\n# * needs to be outside the double quotes?\ncp -r \"${CURRENTCONFIG_DEVICE_DIR}${PUBLIC_HEADERS_FOLDER_PATH}\"* \"${CREATING_UNIVERSAL_DIR}${PUBLIC_HEADERS_FOLDER_PATH}\"\nfi\nfi\n";
			showEnvVarsInLog = 0;
		};
/* End PBXShellScriptBuildPhase section */

/* Begin PBXSourcesBuildPhase section */
		8CC2FC541B91E63E00D5E05F /* Sources */ = {
			isa = PBXSourcesBuildPhase;
			buildActionMask = 2147483647;
			files = (
				8C59F3AD1BAEE48600DBB3D0 /* gzread.c in Sources */,
				8C59F3F31BAEE4A100DBB3D0 /* OZFileInZipInfo.m in Sources */,
				8C59F39E1BAEE48600DBB3D0 /* adler32.c in Sources */,
				8C59F3C01BAEE48600DBB3D0 /* uncompr.c in Sources */,
				8C59F4081BAEE4A100DBB3D0 /* OZZipWriteStream.m in Sources */,
				8C59F3FC1BAEE4A100DBB3D0 /* OZZipFile.m in Sources */,
				8C59F3C41BAEE48600DBB3D0 /* zutil.c in Sources */,
				8C59F3AB1BAEE48600DBB3D0 /* gzlib.c in Sources */,
				8C59F3AF1BAEE48600DBB3D0 /* gzwrite.c in Sources */,
				8C59F3CF1BAEE49400DBB3D0 /* ioapi.c in Sources */,
				8C59F3A81BAEE48600DBB3D0 /* gzclose.c in Sources */,
				8C59F3A21BAEE48600DBB3D0 /* crc32.c in Sources */,
				8C59F3A51BAEE48600DBB3D0 /* deflate.c in Sources */,
				8C59F3D21BAEE49400DBB3D0 /* unzip.c in Sources */,
				8C59F3BD1BAEE48600DBB3D0 /* trees.c in Sources */,
				8C59F3B71BAEE48600DBB3D0 /* inflate.c in Sources */,
				8C59F3F81BAEE4A100DBB3D0 /* OZZipException.m in Sources */,
				8C59F3BA1BAEE48600DBB3D0 /* inftrees.c in Sources */,
				8C59F3D51BAEE49400DBB3D0 /* zip.c in Sources */,
				8C59F4021BAEE4A100DBB3D0 /* OZZipReadStream.m in Sources */,
				8C59F3B11BAEE48600DBB3D0 /* infback.c in Sources */,
				8C59F3A01BAEE48600DBB3D0 /* compress.c in Sources */,
				8C59F3B31BAEE48600DBB3D0 /* inffast.c in Sources */,
			);
			runOnlyForDeploymentPostprocessing = 0;
		};
		8CC2FC5E1B91E63E00D5E05F /* Sources */ = {
			isa = PBXSourcesBuildPhase;
			buildActionMask = 2147483647;
			files = (
				8CC2FCB91B91EB3500D5E05F /* ObjectiveZip_Tests.m in Sources */,
				8C59F3821BAEE3BC00DBB3D0 /* Objective-Zip_Swift_Tests.swift in Sources */,
			);
			runOnlyForDeploymentPostprocessing = 0;
		};
		8CC2FC6F1B91E65200D5E05F /* Sources */ = {
			isa = PBXSourcesBuildPhase;
			buildActionMask = 2147483647;
			files = (
				8C59F3AE1BAEE48600DBB3D0 /* gzread.c in Sources */,
				8C59F3F41BAEE4A100DBB3D0 /* OZFileInZipInfo.m in Sources */,
				8C59F39F1BAEE48600DBB3D0 /* adler32.c in Sources */,
				8C59F3C11BAEE48600DBB3D0 /* uncompr.c in Sources */,
				8C59F4091BAEE4A100DBB3D0 /* OZZipWriteStream.m in Sources */,
				8C59F3FD1BAEE4A100DBB3D0 /* OZZipFile.m in Sources */,
				8C59F3C51BAEE48600DBB3D0 /* zutil.c in Sources */,
				8C59F3AC1BAEE48600DBB3D0 /* gzlib.c in Sources */,
				8C59F3B01BAEE48600DBB3D0 /* gzwrite.c in Sources */,
				8C59F3D01BAEE49400DBB3D0 /* ioapi.c in Sources */,
				8C59F3A91BAEE48600DBB3D0 /* gzclose.c in Sources */,
				8C59F3A31BAEE48600DBB3D0 /* crc32.c in Sources */,
				8C59F3A61BAEE48600DBB3D0 /* deflate.c in Sources */,
				8C59F3D31BAEE49400DBB3D0 /* unzip.c in Sources */,
				8C59F3BE1BAEE48600DBB3D0 /* trees.c in Sources */,
				8C59F3B81BAEE48600DBB3D0 /* inflate.c in Sources */,
				8C59F3F91BAEE4A100DBB3D0 /* OZZipException.m in Sources */,
				8C59F3BB1BAEE48600DBB3D0 /* inftrees.c in Sources */,
				8C59F3D61BAEE49400DBB3D0 /* zip.c in Sources */,
				8C59F4031BAEE4A100DBB3D0 /* OZZipReadStream.m in Sources */,
				8C59F3B21BAEE48600DBB3D0 /* infback.c in Sources */,
				8C59F3A11BAEE48600DBB3D0 /* compress.c in Sources */,
				8C59F3B41BAEE48600DBB3D0 /* inffast.c in Sources */,
			);
			runOnlyForDeploymentPostprocessing = 0;
		};
		8CC2FC791B91E65200D5E05F /* Sources */ = {
			isa = PBXSourcesBuildPhase;
			buildActionMask = 2147483647;
			files = (
				8CC2FCBA1B91EB3500D5E05F /* ObjectiveZip_Tests.m in Sources */,
				8C59F3831BAEE3BC00DBB3D0 /* Objective-Zip_Swift_Tests.swift in Sources */,
			);
			runOnlyForDeploymentPostprocessing = 0;
		};
/* End PBXSourcesBuildPhase section */

/* Begin PBXTargetDependency section */
		8CC2FC651B91E63E00D5E05F /* PBXTargetDependency */ = {
			isa = PBXTargetDependency;
			target = 8CC2FC571B91E63E00D5E05F /* Objective-Zip */;
			targetProxy = 8CC2FC641B91E63E00D5E05F /* PBXContainerItemProxy */;
		};
		8CC2FC801B91E65200D5E05F /* PBXTargetDependency */ = {
			isa = PBXTargetDependency;
			target = 8CC2FC721B91E65200D5E05F /* Objective-Zip OS X */;
			targetProxy = 8CC2FC7F1B91E65200D5E05F /* PBXContainerItemProxy */;
		};
/* End PBXTargetDependency section */

/* Begin XCBuildConfiguration section */
		8CC2FC6A1B91E63E00D5E05F /* Debug */ = {
			isa = XCBuildConfiguration;
			buildSettings = {
				ALWAYS_SEARCH_USER_PATHS = NO;
				CLANG_CXX_LANGUAGE_STANDARD = "gnu++0x";
				CLANG_CXX_LIBRARY = "libc++";
				CLANG_ENABLE_MODULES = YES;
				CLANG_ENABLE_OBJC_ARC = YES;
				CLANG_WARN_BOOL_CONVERSION = YES;
				CLANG_WARN_CONSTANT_CONVERSION = YES;
				CLANG_WARN_DIRECT_OBJC_ISA_USAGE = YES_ERROR;
				CLANG_WARN_EMPTY_BODY = YES;
				CLANG_WARN_ENUM_CONVERSION = YES;
				CLANG_WARN_INT_CONVERSION = YES;
				CLANG_WARN_OBJC_ROOT_CLASS = YES_ERROR;
				CLANG_WARN_UNREACHABLE_CODE = YES;
				CLANG_WARN__DUPLICATE_METHOD_MATCH = YES;
				COPY_PHASE_STRIP = NO;
				DEBUG_INFORMATION_FORMAT = "dwarf-with-dsym";
				ENABLE_STRICT_OBJC_MSGSEND = YES;
				GCC_C_LANGUAGE_STANDARD = gnu99;
				GCC_DYNAMIC_NO_PIC = NO;
				GCC_NO_COMMON_BLOCKS = YES;
				GCC_OPTIMIZATION_LEVEL = 0;
				GCC_PREPROCESSOR_DEFINITIONS = (
					"DEBUG=1",
					"$(inherited)",
				);
				GCC_SYMBOLS_PRIVATE_EXTERN = NO;
				GCC_WARN_64_TO_32_BIT_CONVERSION = YES;
				GCC_WARN_ABOUT_RETURN_TYPE = YES_ERROR;
				GCC_WARN_UNDECLARED_SELECTOR = YES;
				GCC_WARN_UNINITIALIZED_AUTOS = YES_AGGRESSIVE;
				GCC_WARN_UNUSED_FUNCTION = YES;
				IPHONEOS_DEPLOYMENT_TARGET = 5.1;
				MTL_ENABLE_DEBUG_INFO = YES;
				OTHER_LDFLAGS = "-ObjC";
				PRODUCT_NAME = "$(TARGET_NAME)";
				SKIP_INSTALL = YES;
			};
			name = Debug;
		};
		8CC2FC6B1B91E63E00D5E05F /* Release */ = {
			isa = XCBuildConfiguration;
			buildSettings = {
				ALWAYS_SEARCH_USER_PATHS = NO;
				CLANG_CXX_LANGUAGE_STANDARD = "gnu++0x";
				CLANG_CXX_LIBRARY = "libc++";
				CLANG_ENABLE_MODULES = YES;
				CLANG_ENABLE_OBJC_ARC = YES;
				CLANG_WARN_BOOL_CONVERSION = YES;
				CLANG_WARN_CONSTANT_CONVERSION = YES;
				CLANG_WARN_DIRECT_OBJC_ISA_USAGE = YES_ERROR;
				CLANG_WARN_EMPTY_BODY = YES;
				CLANG_WARN_ENUM_CONVERSION = YES;
				CLANG_WARN_INT_CONVERSION = YES;
				CLANG_WARN_OBJC_ROOT_CLASS = YES_ERROR;
				CLANG_WARN_UNREACHABLE_CODE = YES;
				CLANG_WARN__DUPLICATE_METHOD_MATCH = YES;
				COPY_PHASE_STRIP = YES;
				DEBUG_INFORMATION_FORMAT = "dwarf-with-dsym";
				ENABLE_NS_ASSERTIONS = NO;
				ENABLE_STRICT_OBJC_MSGSEND = YES;
				GCC_C_LANGUAGE_STANDARD = gnu99;
				GCC_NO_COMMON_BLOCKS = YES;
				GCC_WARN_64_TO_32_BIT_CONVERSION = YES;
				GCC_WARN_ABOUT_RETURN_TYPE = YES_ERROR;
				GCC_WARN_UNDECLARED_SELECTOR = YES;
				GCC_WARN_UNINITIALIZED_AUTOS = YES_AGGRESSIVE;
				GCC_WARN_UNUSED_FUNCTION = YES;
				IPHONEOS_DEPLOYMENT_TARGET = 5.1;
				MTL_ENABLE_DEBUG_INFO = NO;
				OTHER_LDFLAGS = "-ObjC";
				PRODUCT_NAME = "$(TARGET_NAME)";
				SKIP_INSTALL = YES;
				VALIDATE_PRODUCT = YES;
			};
			name = Release;
		};
		8CC2FC6D1B91E63E00D5E05F /* Debug */ = {
			isa = XCBuildConfiguration;
			buildSettings = {
				ALWAYS_SEARCH_USER_PATHS = NO;
				CLANG_CXX_LANGUAGE_STANDARD = "gnu++0x";
				CLANG_CXX_LIBRARY = "libc++";
				CLANG_ENABLE_MODULES = YES;
				CLANG_ENABLE_OBJC_ARC = YES;
				CLANG_WARN_BOOL_CONVERSION = YES;
				CLANG_WARN_CONSTANT_CONVERSION = YES;
				CLANG_WARN_DIRECT_OBJC_ISA_USAGE = YES_ERROR;
				CLANG_WARN_EMPTY_BODY = YES;
				CLANG_WARN_ENUM_CONVERSION = YES;
				CLANG_WARN_INT_CONVERSION = YES;
				CLANG_WARN_OBJC_ROOT_CLASS = YES_ERROR;
				CLANG_WARN_UNREACHABLE_CODE = YES;
				CLANG_WARN__DUPLICATE_METHOD_MATCH = YES;
				"CODE_SIGN_IDENTITY[sdk=iphoneos*]" = "iPhone Developer";
				COPY_PHASE_STRIP = NO;
				DEBUG_INFORMATION_FORMAT = "dwarf-with-dsym";
				ENABLE_STRICT_OBJC_MSGSEND = YES;
				FRAMEWORK_SEARCH_PATHS = (
					"$(SDKROOT)/Developer/Library/Frameworks",
					"$(inherited)",
				);
				GCC_C_LANGUAGE_STANDARD = gnu99;
				GCC_DYNAMIC_NO_PIC = NO;
				GCC_NO_COMMON_BLOCKS = YES;
				GCC_OPTIMIZATION_LEVEL = 0;
				GCC_PREPROCESSOR_DEFINITIONS = (
					"DEBUG=1",
					"$(inherited)",
				);
				GCC_SYMBOLS_PRIVATE_EXTERN = NO;
				GCC_WARN_64_TO_32_BIT_CONVERSION = YES;
				GCC_WARN_ABOUT_RETURN_TYPE = YES_ERROR;
				GCC_WARN_UNDECLARED_SELECTOR = YES;
				GCC_WARN_UNINITIALIZED_AUTOS = YES_AGGRESSIVE;
				GCC_WARN_UNUSED_FUNCTION = YES;
				INFOPLIST_FILE = "Objective-Zip Tests/Info.plist";
				IPHONEOS_DEPLOYMENT_TARGET = 7.0;
				LD_RUNPATH_SEARCH_PATHS = "$(inherited) @executable_path/Frameworks @loader_path/Frameworks";
				MTL_ENABLE_DEBUG_INFO = YES;
				PRODUCT_BUNDLE_IDENTIFIER = "com.flyingdolphinstudio.$(PRODUCT_NAME:rfc1034identifier)";
				PRODUCT_NAME = "$(TARGET_NAME)";
				SWIFT_OBJC_BRIDGING_HEADER = "Objective-Zip Tests/Objective-Zip Tests-Bridging-Header.h";
				SWIFT_OPTIMIZATION_LEVEL = "-Onone";
			};
			name = Debug;
		};
		8CC2FC6E1B91E63E00D5E05F /* Release */ = {
			isa = XCBuildConfiguration;
			buildSettings = {
				ALWAYS_SEARCH_USER_PATHS = NO;
				CLANG_CXX_LANGUAGE_STANDARD = "gnu++0x";
				CLANG_CXX_LIBRARY = "libc++";
				CLANG_ENABLE_MODULES = YES;
				CLANG_ENABLE_OBJC_ARC = YES;
				CLANG_WARN_BOOL_CONVERSION = YES;
				CLANG_WARN_CONSTANT_CONVERSION = YES;
				CLANG_WARN_DIRECT_OBJC_ISA_USAGE = YES_ERROR;
				CLANG_WARN_EMPTY_BODY = YES;
				CLANG_WARN_ENUM_CONVERSION = YES;
				CLANG_WARN_INT_CONVERSION = YES;
				CLANG_WARN_OBJC_ROOT_CLASS = YES_ERROR;
				CLANG_WARN_UNREACHABLE_CODE = YES;
				CLANG_WARN__DUPLICATE_METHOD_MATCH = YES;
				"CODE_SIGN_IDENTITY[sdk=iphoneos*]" = "iPhone Developer";
				COPY_PHASE_STRIP = NO;
				DEBUG_INFORMATION_FORMAT = "dwarf-with-dsym";
				ENABLE_NS_ASSERTIONS = NO;
				ENABLE_STRICT_OBJC_MSGSEND = YES;
				FRAMEWORK_SEARCH_PATHS = (
					"$(SDKROOT)/Developer/Library/Frameworks",
					"$(inherited)",
				);
				GCC_C_LANGUAGE_STANDARD = gnu99;
				GCC_NO_COMMON_BLOCKS = YES;
				GCC_WARN_64_TO_32_BIT_CONVERSION = YES;
				GCC_WARN_ABOUT_RETURN_TYPE = YES_ERROR;
				GCC_WARN_UNDECLARED_SELECTOR = YES;
				GCC_WARN_UNINITIALIZED_AUTOS = YES_AGGRESSIVE;
				GCC_WARN_UNUSED_FUNCTION = YES;
				INFOPLIST_FILE = "Objective-Zip Tests/Info.plist";
				IPHONEOS_DEPLOYMENT_TARGET = 7.0;
				LD_RUNPATH_SEARCH_PATHS = "$(inherited) @executable_path/Frameworks @loader_path/Frameworks";
				MTL_ENABLE_DEBUG_INFO = NO;
				PRODUCT_BUNDLE_IDENTIFIER = "com.flyingdolphinstudio.$(PRODUCT_NAME:rfc1034identifier)";
				PRODUCT_NAME = "$(TARGET_NAME)";
				SWIFT_OBJC_BRIDGING_HEADER = "Objective-Zip Tests/Objective-Zip Tests-Bridging-Header.h";
				VALIDATE_PRODUCT = YES;
			};
			name = Release;
		};
		8CC2FC851B91E65300D5E05F /* Debug */ = {
			isa = XCBuildConfiguration;
			buildSettings = {
				ALWAYS_SEARCH_USER_PATHS = NO;
				CLANG_CXX_LANGUAGE_STANDARD = "gnu++0x";
				CLANG_CXX_LIBRARY = "libc++";
				CLANG_ENABLE_MODULES = YES;
				CLANG_ENABLE_OBJC_ARC = YES;
				CLANG_WARN_BOOL_CONVERSION = YES;
				CLANG_WARN_CONSTANT_CONVERSION = YES;
				CLANG_WARN_DIRECT_OBJC_ISA_USAGE = YES_ERROR;
				CLANG_WARN_EMPTY_BODY = YES;
				CLANG_WARN_ENUM_CONVERSION = YES;
				CLANG_WARN_INT_CONVERSION = YES;
				CLANG_WARN_OBJC_ROOT_CLASS = YES_ERROR;
				CLANG_WARN_UNREACHABLE_CODE = YES;
				CLANG_WARN__DUPLICATE_METHOD_MATCH = YES;
				COMBINE_HIDPI_IMAGES = YES;
				COPY_PHASE_STRIP = NO;
				DEBUG_INFORMATION_FORMAT = dwarf;
				ENABLE_STRICT_OBJC_MSGSEND = YES;
				EXECUTABLE_PREFIX = lib;
				GCC_C_LANGUAGE_STANDARD = gnu99;
				GCC_DYNAMIC_NO_PIC = NO;
				GCC_NO_COMMON_BLOCKS = YES;
				GCC_OPTIMIZATION_LEVEL = 0;
				GCC_PREPROCESSOR_DEFINITIONS = (
					"DEBUG=1",
					"$(inherited)",
				);
				GCC_SYMBOLS_PRIVATE_EXTERN = NO;
				GCC_WARN_64_TO_32_BIT_CONVERSION = YES;
				GCC_WARN_ABOUT_RETURN_TYPE = YES_ERROR;
				GCC_WARN_UNDECLARED_SELECTOR = YES;
				GCC_WARN_UNINITIALIZED_AUTOS = YES_AGGRESSIVE;
				GCC_WARN_UNUSED_FUNCTION = YES;
				MACOSX_DEPLOYMENT_TARGET = 10.7;
				MTL_ENABLE_DEBUG_INFO = YES;
				OTHER_LDFLAGS = "-ObjC";
				PRODUCT_NAME = "Objective-Zip_OS_X";
				SDKROOT = macosx;
			};
			name = Debug;
		};
		8CC2FC861B91E65300D5E05F /* Release */ = {
			isa = XCBuildConfiguration;
			buildSettings = {
				ALWAYS_SEARCH_USER_PATHS = NO;
				CLANG_CXX_LANGUAGE_STANDARD = "gnu++0x";
				CLANG_CXX_LIBRARY = "libc++";
				CLANG_ENABLE_MODULES = YES;
				CLANG_ENABLE_OBJC_ARC = YES;
				CLANG_WARN_BOOL_CONVERSION = YES;
				CLANG_WARN_CONSTANT_CONVERSION = YES;
				CLANG_WARN_DIRECT_OBJC_ISA_USAGE = YES_ERROR;
				CLANG_WARN_EMPTY_BODY = YES;
				CLANG_WARN_ENUM_CONVERSION = YES;
				CLANG_WARN_INT_CONVERSION = YES;
				CLANG_WARN_OBJC_ROOT_CLASS = YES_ERROR;
				CLANG_WARN_UNREACHABLE_CODE = YES;
				CLANG_WARN__DUPLICATE_METHOD_MATCH = YES;
				COMBINE_HIDPI_IMAGES = YES;
				COPY_PHASE_STRIP = YES;
				DEBUG_INFORMATION_FORMAT = "dwarf-with-dsym";
				ENABLE_NS_ASSERTIONS = NO;
				ENABLE_STRICT_OBJC_MSGSEND = YES;
				EXECUTABLE_PREFIX = lib;
				GCC_C_LANGUAGE_STANDARD = gnu99;
				GCC_NO_COMMON_BLOCKS = YES;
				GCC_WARN_64_TO_32_BIT_CONVERSION = YES;
				GCC_WARN_ABOUT_RETURN_TYPE = YES_ERROR;
				GCC_WARN_UNDECLARED_SELECTOR = YES;
				GCC_WARN_UNINITIALIZED_AUTOS = YES_AGGRESSIVE;
				GCC_WARN_UNUSED_FUNCTION = YES;
				MACOSX_DEPLOYMENT_TARGET = 10.7;
				MTL_ENABLE_DEBUG_INFO = NO;
				OTHER_LDFLAGS = "-ObjC";
				PRODUCT_NAME = "Objective-Zip_OS_X";
				SDKROOT = macosx;
			};
			name = Release;
		};
		8CC2FC881B91E65300D5E05F /* Debug */ = {
			isa = XCBuildConfiguration;
			buildSettings = {
				ALWAYS_SEARCH_USER_PATHS = NO;
				CLANG_CXX_LANGUAGE_STANDARD = "gnu++0x";
				CLANG_CXX_LIBRARY = "libc++";
				CLANG_ENABLE_MODULES = YES;
				CLANG_ENABLE_OBJC_ARC = YES;
				CLANG_WARN_BOOL_CONVERSION = YES;
				CLANG_WARN_CONSTANT_CONVERSION = YES;
				CLANG_WARN_DIRECT_OBJC_ISA_USAGE = YES_ERROR;
				CLANG_WARN_EMPTY_BODY = YES;
				CLANG_WARN_ENUM_CONVERSION = YES;
				CLANG_WARN_INT_CONVERSION = YES;
				CLANG_WARN_OBJC_ROOT_CLASS = YES_ERROR;
				CLANG_WARN_UNREACHABLE_CODE = YES;
				CLANG_WARN__DUPLICATE_METHOD_MATCH = YES;
				COMBINE_HIDPI_IMAGES = YES;
				COPY_PHASE_STRIP = NO;
				DEBUG_INFORMATION_FORMAT = dwarf;
				ENABLE_STRICT_OBJC_MSGSEND = YES;
				FRAMEWORK_SEARCH_PATHS = (
					"$(DEVELOPER_FRAMEWORKS_DIR)",
					"$(inherited)",
				);
				GCC_C_LANGUAGE_STANDARD = gnu99;
				GCC_DYNAMIC_NO_PIC = NO;
				GCC_NO_COMMON_BLOCKS = YES;
				GCC_OPTIMIZATION_LEVEL = 0;
				GCC_PREPROCESSOR_DEFINITIONS = (
					"DEBUG=1",
					"$(inherited)",
				);
				GCC_SYMBOLS_PRIVATE_EXTERN = NO;
				GCC_WARN_64_TO_32_BIT_CONVERSION = YES;
				GCC_WARN_ABOUT_RETURN_TYPE = YES_ERROR;
				GCC_WARN_UNDECLARED_SELECTOR = YES;
				GCC_WARN_UNINITIALIZED_AUTOS = YES_AGGRESSIVE;
				GCC_WARN_UNUSED_FUNCTION = YES;
				INFOPLIST_FILE = "Objective-Zip Tests/Info.plist";
				LD_RUNPATH_SEARCH_PATHS = "$(inherited) @executable_path/../Frameworks @loader_path/../Frameworks";
				MACOSX_DEPLOYMENT_TARGET = 10.9;
				MTL_ENABLE_DEBUG_INFO = YES;
				PRODUCT_BUNDLE_IDENTIFIER = "com.flyingdolphinstudio.$(PRODUCT_NAME:rfc1034identifier)";
				PRODUCT_NAME = "$(TARGET_NAME)";
				SDKROOT = macosx;
				SWIFT_OBJC_BRIDGING_HEADER = "Objective-Zip Tests/Objective-Zip OS X Tests-Bridging-Header.h";
				SWIFT_OPTIMIZATION_LEVEL = "-Onone";
			};
			name = Debug;
		};
		8CC2FC891B91E65300D5E05F /* Release */ = {
			isa = XCBuildConfiguration;
			buildSettings = {
				ALWAYS_SEARCH_USER_PATHS = NO;
				CLANG_CXX_LANGUAGE_STANDARD = "gnu++0x";
				CLANG_CXX_LIBRARY = "libc++";
				CLANG_ENABLE_MODULES = YES;
				CLANG_ENABLE_OBJC_ARC = YES;
				CLANG_WARN_BOOL_CONVERSION = YES;
				CLANG_WARN_CONSTANT_CONVERSION = YES;
				CLANG_WARN_DIRECT_OBJC_ISA_USAGE = YES_ERROR;
				CLANG_WARN_EMPTY_BODY = YES;
				CLANG_WARN_ENUM_CONVERSION = YES;
				CLANG_WARN_INT_CONVERSION = YES;
				CLANG_WARN_OBJC_ROOT_CLASS = YES_ERROR;
				CLANG_WARN_UNREACHABLE_CODE = YES;
				CLANG_WARN__DUPLICATE_METHOD_MATCH = YES;
				COMBINE_HIDPI_IMAGES = YES;
				COPY_PHASE_STRIP = NO;
				DEBUG_INFORMATION_FORMAT = "dwarf-with-dsym";
				ENABLE_NS_ASSERTIONS = NO;
				ENABLE_STRICT_OBJC_MSGSEND = YES;
				FRAMEWORK_SEARCH_PATHS = (
					"$(DEVELOPER_FRAMEWORKS_DIR)",
					"$(inherited)",
				);
				GCC_C_LANGUAGE_STANDARD = gnu99;
				GCC_NO_COMMON_BLOCKS = YES;
				GCC_WARN_64_TO_32_BIT_CONVERSION = YES;
				GCC_WARN_ABOUT_RETURN_TYPE = YES_ERROR;
				GCC_WARN_UNDECLARED_SELECTOR = YES;
				GCC_WARN_UNINITIALIZED_AUTOS = YES_AGGRESSIVE;
				GCC_WARN_UNUSED_FUNCTION = YES;
				INFOPLIST_FILE = "Objective-Zip Tests/Info.plist";
				LD_RUNPATH_SEARCH_PATHS = "$(inherited) @executable_path/../Frameworks @loader_path/../Frameworks";
				MACOSX_DEPLOYMENT_TARGET = 10.9;
				MTL_ENABLE_DEBUG_INFO = NO;
				PRODUCT_BUNDLE_IDENTIFIER = "com.flyingdolphinstudio.$(PRODUCT_NAME:rfc1034identifier)";
				PRODUCT_NAME = "$(TARGET_NAME)";
				SDKROOT = macosx;
				SWIFT_OBJC_BRIDGING_HEADER = "Objective-Zip Tests/Objective-Zip OS X Tests-Bridging-Header.h";
			};
			name = Release;
		};
		C01FCF4F08A954540054247B /* Debug */ = {
			isa = XCBuildConfiguration;
			buildSettings = {
				ENABLE_TESTABILITY = YES;
				GCC_C_LANGUAGE_STANDARD = c99;
				GCC_WARN_ABOUT_RETURN_TYPE = YES;
				GCC_WARN_UNUSED_VARIABLE = YES;
				ONLY_ACTIVE_ARCH = YES;
				SDKROOT = iphoneos;
			};
			name = Debug;
		};
		C01FCF5008A954540054247B /* Release */ = {
			isa = XCBuildConfiguration;
			buildSettings = {
				GCC_C_LANGUAGE_STANDARD = c99;
				GCC_WARN_ABOUT_RETURN_TYPE = YES;
				GCC_WARN_UNUSED_VARIABLE = YES;
				SDKROOT = iphoneos;
			};
			name = Release;
		};
/* End XCBuildConfiguration section */

/* Begin XCConfigurationList section */
		8CC2FC691B91E63E00D5E05F /* Build configuration list for PBXNativeTarget "Objective-Zip" */ = {
			isa = XCConfigurationList;
			buildConfigurations = (
				8CC2FC6A1B91E63E00D5E05F /* Debug */,
				8CC2FC6B1B91E63E00D5E05F /* Release */,
			);
			defaultConfigurationIsVisible = 0;
			defaultConfigurationName = Release;
		};
		8CC2FC6C1B91E63E00D5E05F /* Build configuration list for PBXNativeTarget "Objective-Zip Tests" */ = {
			isa = XCConfigurationList;
			buildConfigurations = (
				8CC2FC6D1B91E63E00D5E05F /* Debug */,
				8CC2FC6E1B91E63E00D5E05F /* Release */,
			);
			defaultConfigurationIsVisible = 0;
			defaultConfigurationName = Release;
		};
		8CC2FC841B91E65300D5E05F /* Build configuration list for PBXNativeTarget "Objective-Zip OS X" */ = {
			isa = XCConfigurationList;
			buildConfigurations = (
				8CC2FC851B91E65300D5E05F /* Debug */,
				8CC2FC861B91E65300D5E05F /* Release */,
			);
			defaultConfigurationIsVisible = 0;
			defaultConfigurationName = Release;
		};
		8CC2FC871B91E65300D5E05F /* Build configuration list for PBXNativeTarget "Objective-Zip OS X Tests" */ = {
			isa = XCConfigurationList;
			buildConfigurations = (
				8CC2FC881B91E65300D5E05F /* Debug */,
				8CC2FC891B91E65300D5E05F /* Release */,
			);
			defaultConfigurationIsVisible = 0;
			defaultConfigurationName = Release;
		};
		C01FCF4E08A954540054247B /* Build configuration list for PBXProject "Objective-Zip" */ = {
			isa = XCConfigurationList;
			buildConfigurations = (
				C01FCF4F08A954540054247B /* Debug */,
				C01FCF5008A954540054247B /* Release */,
			);
			defaultConfigurationIsVisible = 0;
			defaultConfigurationName = Release;
		};
/* End XCConfigurationList section */
	};
	rootObject = 29B97313FDCFA39411CA2CEA /* Project object */;
}
