// !$*UTF8*$!
{
	archiveVersion = 1;
	classes = {
	};
	objectVersion = 46;
	objects = {

/* Begin PBXBuildFile section */
		1D3623260D0F684500981E51 /* Objective_ZipAppDelegate.m in Sources */ = {isa = PBXBuildFile; fileRef = 1D3623250D0F684500981E51 /* Objective_ZipAppDelegate.m */; };
		1D60589B0D05DD56006BFB54 /* main.m in Sources */ = {isa = PBXBuildFile; fileRef = 29B97316FDCFA39411CA2CEA /* main.m */; };
		1D60589F0D05DD5A006BFB54 /* Foundation.framework in Frameworks */ = {isa = PBXBuildFile; fileRef = 1D30AB110D05D00D00671497 /* Foundation.framework */; };
		1DF5F4E00D08C38300B7A737 /* UIKit.framework in Frameworks */ = {isa = PBXBuildFile; fileRef = 1DF5F4DF0D08C38300B7A737 /* UIKit.framework */; };
		288765A50DF7441C002DB57D /* CoreGraphics.framework in Frameworks */ = {isa = PBXBuildFile; fileRef = 288765A40DF7441C002DB57D /* CoreGraphics.framework */; };
		2899E5220DE3E06400AC0155 /* Objective_ZipViewController.xib in Resources */ = {isa = PBXBuildFile; fileRef = 2899E5210DE3E06400AC0155 /* Objective_ZipViewController.xib */; };
		28AD733F0D9D9553002E5188 /* MainWindow.xib in Resources */ = {isa = PBXBuildFile; fileRef = 28AD733E0D9D9553002E5188 /* MainWindow.xib */; };
		28D7ACF80DDB3853001CB0EB /* Objective_ZipViewController.m in Sources */ = {isa = PBXBuildFile; fileRef = 28D7ACF70DDB3853001CB0EB /* Objective_ZipViewController.m */; };
		8C6D351810E56A8200B63EFA /* adler32.c in Sources */ = {isa = PBXBuildFile; fileRef = 8C6D350210E56A8200B63EFA /* adler32.c */; };
		8C6D351910E56A8200B63EFA /* compress.c in Sources */ = {isa = PBXBuildFile; fileRef = 8C6D350310E56A8200B63EFA /* compress.c */; };
		8C6D351A10E56A8200B63EFA /* crc32.c in Sources */ = {isa = PBXBuildFile; fileRef = 8C6D350410E56A8200B63EFA /* crc32.c */; };
		8C6D351B10E56A8200B63EFA /* deflate.c in Sources */ = {isa = PBXBuildFile; fileRef = 8C6D350610E56A8200B63EFA /* deflate.c */; };
		8C6D351D10E56A8200B63EFA /* infback.c in Sources */ = {isa = PBXBuildFile; fileRef = 8C6D350910E56A8200B63EFA /* infback.c */; };
		8C6D351E10E56A8200B63EFA /* inffast.c in Sources */ = {isa = PBXBuildFile; fileRef = 8C6D350A10E56A8200B63EFA /* inffast.c */; };
		8C6D351F10E56A8200B63EFA /* inflate.c in Sources */ = {isa = PBXBuildFile; fileRef = 8C6D350D10E56A8200B63EFA /* inflate.c */; };
		8C6D352010E56A8200B63EFA /* inftrees.c in Sources */ = {isa = PBXBuildFile; fileRef = 8C6D350F10E56A8200B63EFA /* inftrees.c */; };
		8C6D352110E56A8200B63EFA /* trees.c in Sources */ = {isa = PBXBuildFile; fileRef = 8C6D351110E56A8200B63EFA /* trees.c */; };
		8C6D352210E56A8200B63EFA /* uncompr.c in Sources */ = {isa = PBXBuildFile; fileRef = 8C6D351310E56A8200B63EFA /* uncompr.c */; };
		8C6D352D10E56A9000B63EFA /* ioapi.c in Sources */ = {isa = PBXBuildFile; fileRef = 8C6D352510E56A9000B63EFA /* ioapi.c */; };
		8C6D352E10E56A9000B63EFA /* mztools.c in Sources */ = {isa = PBXBuildFile; fileRef = 8C6D352710E56A9000B63EFA /* mztools.c */; };
		8C6D352F10E56A9000B63EFA /* unzip.c in Sources */ = {isa = PBXBuildFile; fileRef = 8C6D352910E56A9000B63EFA /* unzip.c */; };
		8C6D353010E56A9000B63EFA /* zip.c in Sources */ = {isa = PBXBuildFile; fileRef = 8C6D352B10E56A9000B63EFA /* zip.c */; };
		8C6D354010E56BD300B63EFA /* ZipFile.m in Sources */ = {isa = PBXBuildFile; fileRef = 8C6D353F10E56BD300B63EFA /* ZipFile.m */; };
		8C6D356B10E56F4D00B63EFA /* ZipException.m in Sources */ = {isa = PBXBuildFile; fileRef = 8C6D356A10E56F4D00B63EFA /* ZipException.m */; };
		8C6D357610E5797600B63EFA /* ZipWriteStream.m in Sources */ = {isa = PBXBuildFile; fileRef = 8C6D357510E5797600B63EFA /* ZipWriteStream.m */; };
		8C83F49510E7CBCB002FB3CB /* FileInZipInfo.m in Sources */ = {isa = PBXBuildFile; fileRef = 8C83F49410E7CBCB002FB3CB /* FileInZipInfo.m */; };
		8C8F2D3A10EBC94B00F75833 /* Default.png in Resources */ = {isa = PBXBuildFile; fileRef = 8C8F2D3910EBC94B00F75833 /* Default.png */; };
		8C8F2D9310EBCE0300F75833 /* ObjectiveZipIcon.png in Resources */ = {isa = PBXBuildFile; fileRef = 8C8F2D9210EBCE0300F75833 /* ObjectiveZipIcon.png */; };
		8CBE431810E95FA300AC9ED3 /* ZipReadStream.m in Sources */ = {isa = PBXBuildFile; fileRef = 8CBE431710E95FA300AC9ED3 /* ZipReadStream.m */; };
		8CD230B8159DA6DC00603D19 /* gzclose.c in Sources */ = {isa = PBXBuildFile; fileRef = 8CD230B1159DA6DC00603D19 /* gzclose.c */; };
		8CD230B9159DA6DC00603D19 /* gzlib.c in Sources */ = {isa = PBXBuildFile; fileRef = 8CD230B3159DA6DC00603D19 /* gzlib.c */; };
		8CD230BA159DA6DC00603D19 /* gzread.c in Sources */ = {isa = PBXBuildFile; fileRef = 8CD230B4159DA6DC00603D19 /* gzread.c */; };
		8CD230BB159DA6DC00603D19 /* gzwrite.c in Sources */ = {isa = PBXBuildFile; fileRef = 8CD230B5159DA6DC00603D19 /* gzwrite.c */; };
		8CD230BC159DA6DC00603D19 /* zutil.c in Sources */ = {isa = PBXBuildFile; fileRef = 8CD230B6159DA6DC00603D19 /* zutil.c */; };
/* End PBXBuildFile section */

/* Begin PBXFileReference section */
		1D30AB110D05D00D00671497 /* Foundation.framework */ = {isa = PBXFileReference; lastKnownFileType = wrapper.framework; name = Foundation.framework; path = System/Library/Frameworks/Foundation.framework; sourceTree = SDKROOT; };
		1D3623240D0F684500981E51 /* Objective_ZipAppDelegate.h */ = {isa = PBXFileReference; fileEncoding = 4; lastKnownFileType = sourcecode.c.h; path = Objective_ZipAppDelegate.h; sourceTree = "<group>"; };
		1D3623250D0F684500981E51 /* Objective_ZipAppDelegate.m */ = {isa = PBXFileReference; fileEncoding = 4; lastKnownFileType = sourcecode.c.objc; path = Objective_ZipAppDelegate.m; sourceTree = "<group>"; };
		1D6058910D05DD3D006BFB54 /* Objective-Zip.app */ = {isa = PBXFileReference; explicitFileType = wrapper.application; includeInIndex = 0; path = "Objective-Zip.app"; sourceTree = BUILT_PRODUCTS_DIR; };
		1DF5F4DF0D08C38300B7A737 /* UIKit.framework */ = {isa = PBXFileReference; lastKnownFileType = wrapper.framework; name = UIKit.framework; path = System/Library/Frameworks/UIKit.framework; sourceTree = SDKROOT; };
		288765A40DF7441C002DB57D /* CoreGraphics.framework */ = {isa = PBXFileReference; lastKnownFileType = wrapper.framework; name = CoreGraphics.framework; path = System/Library/Frameworks/CoreGraphics.framework; sourceTree = SDKROOT; };
		2899E5210DE3E06400AC0155 /* Objective_ZipViewController.xib */ = {isa = PBXFileReference; lastKnownFileType = file.xib; path = Objective_ZipViewController.xib; sourceTree = "<group>"; };
		28AD733E0D9D9553002E5188 /* MainWindow.xib */ = {isa = PBXFileReference; lastKnownFileType = file.xib; path = MainWindow.xib; sourceTree = "<group>"; };
		28D7ACF60DDB3853001CB0EB /* Objective_ZipViewController.h */ = {isa = PBXFileReference; fileEncoding = 4; lastKnownFileType = sourcecode.c.h; path = Objective_ZipViewController.h; sourceTree = "<group>"; };
		28D7ACF70DDB3853001CB0EB /* Objective_ZipViewController.m */ = {isa = PBXFileReference; fileEncoding = 4; lastKnownFileType = sourcecode.c.objc; path = Objective_ZipViewController.m; sourceTree = "<group>"; };
		29B97316FDCFA39411CA2CEA /* main.m */ = {isa = PBXFileReference; fileEncoding = 4; lastKnownFileType = sourcecode.c.objc; path = main.m; sourceTree = "<group>"; };
		32CA4F630368D1EE00C91783 /* Objective_Zip_Prefix.pch */ = {isa = PBXFileReference; fileEncoding = 4; lastKnownFileType = sourcecode.c.h; path = Objective_Zip_Prefix.pch; sourceTree = "<group>"; };
		8C6D350210E56A8200B63EFA /* adler32.c */ = {isa = PBXFileReference; fileEncoding = 4; lastKnownFileType = sourcecode.c.c; name = adler32.c; path = ZLib/adler32.c; sourceTree = "<group>"; };
		8C6D350310E56A8200B63EFA /* compress.c */ = {isa = PBXFileReference; fileEncoding = 4; lastKnownFileType = sourcecode.c.c; name = compress.c; path = ZLib/compress.c; sourceTree = "<group>"; };
		8C6D350410E56A8200B63EFA /* crc32.c */ = {isa = PBXFileReference; fileEncoding = 4; lastKnownFileType = sourcecode.c.c; name = crc32.c; path = ZLib/crc32.c; sourceTree = "<group>"; };
		8C6D350510E56A8200B63EFA /* crc32.h */ = {isa = PBXFileReference; fileEncoding = 4; lastKnownFileType = sourcecode.c.h; name = crc32.h; path = ZLib/crc32.h; sourceTree = "<group>"; };
		8C6D350610E56A8200B63EFA /* deflate.c */ = {isa = PBXFileReference; fileEncoding = 4; lastKnownFileType = sourcecode.c.c; name = deflate.c; path = ZLib/deflate.c; sourceTree = "<group>"; };
		8C6D350710E56A8200B63EFA /* deflate.h */ = {isa = PBXFileReference; fileEncoding = 4; lastKnownFileType = sourcecode.c.h; name = deflate.h; path = ZLib/deflate.h; sourceTree = "<group>"; };
		8C6D350910E56A8200B63EFA /* infback.c */ = {isa = PBXFileReference; fileEncoding = 4; lastKnownFileType = sourcecode.c.c; name = infback.c; path = ZLib/infback.c; sourceTree = "<group>"; };
		8C6D350A10E56A8200B63EFA /* inffast.c */ = {isa = PBXFileReference; fileEncoding = 4; lastKnownFileType = sourcecode.c.c; name = inffast.c; path = ZLib/inffast.c; sourceTree = "<group>"; };
		8C6D350B10E56A8200B63EFA /* inffast.h */ = {isa = PBXFileReference; fileEncoding = 4; lastKnownFileType = sourcecode.c.h; name = inffast.h; path = ZLib/inffast.h; sourceTree = "<group>"; };
		8C6D350C10E56A8200B63EFA /* inffixed.h */ = {isa = PBXFileReference; fileEncoding = 4; lastKnownFileType = sourcecode.c.h; name = inffixed.h; path = ZLib/inffixed.h; sourceTree = "<group>"; };
		8C6D350D10E56A8200B63EFA /* inflate.c */ = {isa = PBXFileReference; fileEncoding = 4; lastKnownFileType = sourcecode.c.c; name = inflate.c; path = ZLib/inflate.c; sourceTree = "<group>"; };
		8C6D350E10E56A8200B63EFA /* inflate.h */ = {isa = PBXFileReference; fileEncoding = 4; lastKnownFileType = sourcecode.c.h; name = inflate.h; path = ZLib/inflate.h; sourceTree = "<group>"; };
		8C6D350F10E56A8200B63EFA /* inftrees.c */ = {isa = PBXFileReference; fileEncoding = 4; lastKnownFileType = sourcecode.c.c; name = inftrees.c; path = ZLib/inftrees.c; sourceTree = "<group>"; };
		8C6D351010E56A8200B63EFA /* inftrees.h */ = {isa = PBXFileReference; fileEncoding = 4; lastKnownFileType = sourcecode.c.h; name = inftrees.h; path = ZLib/inftrees.h; sourceTree = "<group>"; };
		8C6D351110E56A8200B63EFA /* trees.c */ = {isa = PBXFileReference; fileEncoding = 4; lastKnownFileType = sourcecode.c.c; name = trees.c; path = ZLib/trees.c; sourceTree = "<group>"; };
		8C6D351210E56A8200B63EFA /* trees.h */ = {isa = PBXFileReference; fileEncoding = 4; lastKnownFileType = sourcecode.c.h; name = trees.h; path = ZLib/trees.h; sourceTree = "<group>"; };
		8C6D351310E56A8200B63EFA /* uncompr.c */ = {isa = PBXFileReference; fileEncoding = 4; lastKnownFileType = sourcecode.c.c; name = uncompr.c; path = ZLib/uncompr.c; sourceTree = "<group>"; };
		8C6D351410E56A8200B63EFA /* zconf.h */ = {isa = PBXFileReference; fileEncoding = 4; lastKnownFileType = sourcecode.c.h; name = zconf.h; path = ZLib/zconf.h; sourceTree = "<group>"; };
		8C6D351510E56A8200B63EFA /* zlib.h */ = {isa = PBXFileReference; fileEncoding = 4; lastKnownFileType = sourcecode.c.h; name = zlib.h; path = ZLib/zlib.h; sourceTree = "<group>"; };
		8C6D352410E56A9000B63EFA /* crypt.h */ = {isa = PBXFileReference; fileEncoding = 4; lastKnownFileType = sourcecode.c.h; name = crypt.h; path = MiniZip/crypt.h; sourceTree = "<group>"; };
		8C6D352510E56A9000B63EFA /* ioapi.c */ = {isa = PBXFileReference; fileEncoding = 4; lastKnownFileType = sourcecode.c.c; name = ioapi.c; path = MiniZip/ioapi.c; sourceTree = "<group>"; };
		8C6D352610E56A9000B63EFA /* ioapi.h */ = {isa = PBXFileReference; fileEncoding = 4; lastKnownFileType = sourcecode.c.h; name = ioapi.h; path = MiniZip/ioapi.h; sourceTree = "<group>"; };
		8C6D352710E56A9000B63EFA /* mztools.c */ = {isa = PBXFileReference; fileEncoding = 4; lastKnownFileType = sourcecode.c.c; name = mztools.c; path = MiniZip/mztools.c; sourceTree = "<group>"; };
		8C6D352810E56A9000B63EFA /* mztools.h */ = {isa = PBXFileReference; fileEncoding = 4; lastKnownFileType = sourcecode.c.h; name = mztools.h; path = MiniZip/mztools.h; sourceTree = "<group>"; };
		8C6D352910E56A9000B63EFA /* unzip.c */ = {isa = PBXFileReference; fileEncoding = 4; lastKnownFileType = sourcecode.c.c; name = unzip.c; path = MiniZip/unzip.c; sourceTree = "<group>"; };
		8C6D352A10E56A9000B63EFA /* unzip.h */ = {isa = PBXFileReference; fileEncoding = 4; lastKnownFileType = sourcecode.c.h; name = unzip.h; path = MiniZip/unzip.h; sourceTree = "<group>"; };
		8C6D352B10E56A9000B63EFA /* zip.c */ = {isa = PBXFileReference; fileEncoding = 4; lastKnownFileType = sourcecode.c.c; name = zip.c; path = MiniZip/zip.c; sourceTree = "<group>"; };
		8C6D352C10E56A9000B63EFA /* zip.h */ = {isa = PBXFileReference; fileEncoding = 4; lastKnownFileType = sourcecode.c.h; name = zip.h; path = MiniZip/zip.h; sourceTree = "<group>"; };
		8C6D353E10E56BD300B63EFA /* ZipFile.h */ = {isa = PBXFileReference; fileEncoding = 4; lastKnownFileType = sourcecode.c.h; name = ZipFile.h; path = "Objective-Zip/ZipFile.h"; sourceTree = "<group>"; };
		8C6D353F10E56BD300B63EFA /* ZipFile.m */ = {isa = PBXFileReference; fileEncoding = 4; lastKnownFileType = sourcecode.c.objc; name = ZipFile.m; path = "Objective-Zip/ZipFile.m"; sourceTree = "<group>"; };
		8C6D356910E56F4D00B63EFA /* ZipException.h */ = {isa = PBXFileReference; fileEncoding = 4; lastKnownFileType = sourcecode.c.h; name = ZipException.h; path = "Objective-Zip/ZipException.h"; sourceTree = "<group>"; };
		8C6D356A10E56F4D00B63EFA /* ZipException.m */ = {isa = PBXFileReference; fileEncoding = 4; lastKnownFileType = sourcecode.c.objc; name = ZipException.m; path = "Objective-Zip/ZipException.m"; sourceTree = "<group>"; };
		8C6D357410E5797600B63EFA /* ZipWriteStream.h */ = {isa = PBXFileReference; fileEncoding = 4; lastKnownFileType = sourcecode.c.h; name = ZipWriteStream.h; path = "Objective-Zip/ZipWriteStream.h"; sourceTree = "<group>"; };
		8C6D357510E5797600B63EFA /* ZipWriteStream.m */ = {isa = PBXFileReference; fileEncoding = 4; lastKnownFileType = sourcecode.c.objc; name = ZipWriteStream.m; path = "Objective-Zip/ZipWriteStream.m"; sourceTree = "<group>"; };
		8C83F49310E7CBCB002FB3CB /* FileInZipInfo.h */ = {isa = PBXFileReference; fileEncoding = 4; lastKnownFileType = sourcecode.c.h; name = FileInZipInfo.h; path = "Objective-Zip/FileInZipInfo.h"; sourceTree = "<group>"; };
		8C83F49410E7CBCB002FB3CB /* FileInZipInfo.m */ = {isa = PBXFileReference; fileEncoding = 4; lastKnownFileType = sourcecode.c.objc; name = FileInZipInfo.m; path = "Objective-Zip/FileInZipInfo.m"; sourceTree = "<group>"; };
		8C8F2D3910EBC94B00F75833 /* Default.png */ = {isa = PBXFileReference; lastKnownFileType = image.png; path = Default.png; sourceTree = "<group>"; };
		8C8F2D9210EBCE0300F75833 /* ObjectiveZipIcon.png */ = {isa = PBXFileReference; lastKnownFileType = image.png; path = ObjectiveZipIcon.png; sourceTree = "<group>"; };
		8C9893AF16E5511500E1190A /* ARCHelper.h */ = {isa = PBXFileReference; lastKnownFileType = sourcecode.c.h; path = ARCHelper.h; sourceTree = "<group>"; };
		8CBE431610E95FA300AC9ED3 /* ZipReadStream.h */ = {isa = PBXFileReference; fileEncoding = 4; lastKnownFileType = sourcecode.c.h; name = ZipReadStream.h; path = "Objective-Zip/ZipReadStream.h"; sourceTree = "<group>"; };
		8CBE431710E95FA300AC9ED3 /* ZipReadStream.m */ = {isa = PBXFileReference; fileEncoding = 4; lastKnownFileType = sourcecode.c.objc; name = ZipReadStream.m; path = "Objective-Zip/ZipReadStream.m"; sourceTree = "<group>"; };
		8CD230B1159DA6DC00603D19 /* gzclose.c */ = {isa = PBXFileReference; fileEncoding = 4; lastKnownFileType = sourcecode.c.c; name = gzclose.c; path = ZLib/gzclose.c; sourceTree = "<group>"; };
		8CD230B2159DA6DC00603D19 /* gzguts.h */ = {isa = PBXFileReference; fileEncoding = 4; lastKnownFileType = sourcecode.c.h; name = gzguts.h; path = ZLib/gzguts.h; sourceTree = "<group>"; };
		8CD230B3159DA6DC00603D19 /* gzlib.c */ = {isa = PBXFileReference; fileEncoding = 4; lastKnownFileType = sourcecode.c.c; name = gzlib.c; path = ZLib/gzlib.c; sourceTree = "<group>"; };
		8CD230B4159DA6DC00603D19 /* gzread.c */ = {isa = PBXFileReference; fileEncoding = 4; lastKnownFileType = sourcecode.c.c; name = gzread.c; path = ZLib/gzread.c; sourceTree = "<group>"; };
		8CD230B5159DA6DC00603D19 /* gzwrite.c */ = {isa = PBXFileReference; fileEncoding = 4; lastKnownFileType = sourcecode.c.c; name = gzwrite.c; path = ZLib/gzwrite.c; sourceTree = "<group>"; };
		8CD230B6159DA6DC00603D19 /* zutil.c */ = {isa = PBXFileReference; fileEncoding = 4; lastKnownFileType = sourcecode.c.c; name = zutil.c; path = ZLib/zutil.c; sourceTree = "<group>"; };
		8CD230B7159DA6DC00603D19 /* zutil.h */ = {isa = PBXFileReference; fileEncoding = 4; lastKnownFileType = sourcecode.c.h; name = zutil.h; path = ZLib/zutil.h; sourceTree = "<group>"; };
		8D1107310486CEB800E47090 /* Objective_Zip-Info.plist */ = {isa = PBXFileReference; fileEncoding = 4; lastKnownFileType = text.plist.xml; path = "Objective_Zip-Info.plist"; plistStructureDefinitionIdentifier = "com.apple.xcode.plist.structure-definition.iphone.info-plist"; sourceTree = "<group>"; };
/* End PBXFileReference section */

/* Begin PBXFrameworksBuildPhase section */
		1D60588F0D05DD3D006BFB54 /* Frameworks */ = {
			isa = PBXFrameworksBuildPhase;
			buildActionMask = 2147483647;
			files = (
				1D60589F0D05DD5A006BFB54 /* Foundation.framework in Frameworks */,
				1DF5F4E00D08C38300B7A737 /* UIKit.framework in Frameworks */,
				288765A50DF7441C002DB57D /* CoreGraphics.framework in Frameworks */,
			);
			runOnlyForDeploymentPostprocessing = 0;
		};
/* End PBXFrameworksBuildPhase section */

/* Begin PBXGroup section */
		080E96DDFE201D6D7F000001 /* Classes */ = {
			isa = PBXGroup;
			children = (
				1D3623240D0F684500981E51 /* Objective_ZipAppDelegate.h */,
				1D3623250D0F684500981E51 /* Objective_ZipAppDelegate.m */,
				28D7ACF60DDB3853001CB0EB /* Objective_ZipViewController.h */,
				28D7ACF70DDB3853001CB0EB /* Objective_ZipViewController.m */,
			);
			path = Classes;
			sourceTree = "<group>";
		};
		19C28FACFE9D520D11CA2CBB /* Products */ = {
			isa = PBXGroup;
			children = (
				1D6058910D05DD3D006BFB54 /* Objective-Zip.app */,
			);
			name = Products;
			sourceTree = "<group>";
		};
		29B97314FDCFA39411CA2CEA /* CustomTemplate */ = {
			isa = PBXGroup;
			children = (
				8C6D353B10E56BA400B63EFA /* Objective-Zip */,
				8C6D350110E56A4B00B63EFA /* MiniZip */,
				8C6D350010E56A4500B63EFA /* ZLib */,
				8C9893AE16E550E600E1190A /* ARC Helper */,
				080E96DDFE201D6D7F000001 /* Classes */,
				29B97315FDCFA39411CA2CEA /* Other Sources */,
				29B97317FDCFA39411CA2CEA /* Resources */,
				29B97323FDCFA39411CA2CEA /* Frameworks */,
				19C28FACFE9D520D11CA2CBB /* Products */,
			);
			name = CustomTemplate;
			sourceTree = "<group>";
		};
		29B97315FDCFA39411CA2CEA /* Other Sources */ = {
			isa = PBXGroup;
			children = (
				32CA4F630368D1EE00C91783 /* Objective_Zip_Prefix.pch */,
				29B97316FDCFA39411CA2CEA /* main.m */,
			);
			name = "Other Sources";
			sourceTree = "<group>";
		};
		29B97317FDCFA39411CA2CEA /* Resources */ = {
			isa = PBXGroup;
			children = (
				8C8F2D9210EBCE0300F75833 /* ObjectiveZipIcon.png */,
				8C8F2D3910EBC94B00F75833 /* Default.png */,
				2899E5210DE3E06400AC0155 /* Objective_ZipViewController.xib */,
				28AD733E0D9D9553002E5188 /* MainWindow.xib */,
				8D1107310486CEB800E47090 /* Objective_Zip-Info.plist */,
			);
			name = Resources;
			sourceTree = "<group>";
		};
		29B97323FDCFA39411CA2CEA /* Frameworks */ = {
			isa = PBXGroup;
			children = (
				1DF5F4DF0D08C38300B7A737 /* UIKit.framework */,
				1D30AB110D05D00D00671497 /* Foundation.framework */,
				288765A40DF7441C002DB57D /* CoreGraphics.framework */,
			);
			name = Frameworks;
			sourceTree = "<group>";
		};
		8C6D350010E56A4500B63EFA /* ZLib */ = {
			isa = PBXGroup;
			children = (
				8CD230B1159DA6DC00603D19 /* gzclose.c */,
				8CD230B2159DA6DC00603D19 /* gzguts.h */,
				8CD230B3159DA6DC00603D19 /* gzlib.c */,
				8CD230B4159DA6DC00603D19 /* gzread.c */,
				8CD230B5159DA6DC00603D19 /* gzwrite.c */,
				8CD230B6159DA6DC00603D19 /* zutil.c */,
				8CD230B7159DA6DC00603D19 /* zutil.h */,
				8C6D350210E56A8200B63EFA /* adler32.c */,
				8C6D350310E56A8200B63EFA /* compress.c */,
				8C6D350410E56A8200B63EFA /* crc32.c */,
				8C6D350510E56A8200B63EFA /* crc32.h */,
				8C6D350610E56A8200B63EFA /* deflate.c */,
				8C6D350710E56A8200B63EFA /* deflate.h */,
				8C6D350910E56A8200B63EFA /* infback.c */,
				8C6D350A10E56A8200B63EFA /* inffast.c */,
				8C6D350B10E56A8200B63EFA /* inffast.h */,
				8C6D350C10E56A8200B63EFA /* inffixed.h */,
				8C6D350D10E56A8200B63EFA /* inflate.c */,
				8C6D350E10E56A8200B63EFA /* inflate.h */,
				8C6D350F10E56A8200B63EFA /* inftrees.c */,
				8C6D351010E56A8200B63EFA /* inftrees.h */,
				8C6D351110E56A8200B63EFA /* trees.c */,
				8C6D351210E56A8200B63EFA /* trees.h */,
				8C6D351310E56A8200B63EFA /* uncompr.c */,
				8C6D351410E56A8200B63EFA /* zconf.h */,
				8C6D351510E56A8200B63EFA /* zlib.h */,
			);
			name = ZLib;
			sourceTree = "<group>";
		};
		8C6D350110E56A4B00B63EFA /* MiniZip */ = {
			isa = PBXGroup;
			children = (
				8C6D352410E56A9000B63EFA /* crypt.h */,
				8C6D352510E56A9000B63EFA /* ioapi.c */,
				8C6D352610E56A9000B63EFA /* ioapi.h */,
				8C6D352710E56A9000B63EFA /* mztools.c */,
				8C6D352810E56A9000B63EFA /* mztools.h */,
				8C6D352910E56A9000B63EFA /* unzip.c */,
				8C6D352A10E56A9000B63EFA /* unzip.h */,
				8C6D352B10E56A9000B63EFA /* zip.c */,
				8C6D352C10E56A9000B63EFA /* zip.h */,
			);
			name = MiniZip;
			sourceTree = "<group>";
		};
		8C6D353B10E56BA400B63EFA /* Objective-Zip */ = {
			isa = PBXGroup;
			children = (
				8C6D353E10E56BD300B63EFA /* ZipFile.h */,
				8C6D353F10E56BD300B63EFA /* ZipFile.m */,
				8C6D356910E56F4D00B63EFA /* ZipException.h */,
				8C6D356A10E56F4D00B63EFA /* ZipException.m */,
				8C6D357410E5797600B63EFA /* ZipWriteStream.h */,
				8C6D357510E5797600B63EFA /* ZipWriteStream.m */,
				8C83F49310E7CBCB002FB3CB /* FileInZipInfo.h */,
				8C83F49410E7CBCB002FB3CB /* FileInZipInfo.m */,
				8CBE431610E95FA300AC9ED3 /* ZipReadStream.h */,
				8CBE431710E95FA300AC9ED3 /* ZipReadStream.m */,
			);
			name = "Objective-Zip";
			sourceTree = "<group>";
		};
		8C9893AE16E550E600E1190A /* ARC Helper */ = {
			isa = PBXGroup;
			children = (
				8C9893AF16E5511500E1190A /* ARCHelper.h */,
			);
			name = "ARC Helper";
			path = ARCHelper;
			sourceTree = "<group>";
		};
/* End PBXGroup section */

/* Begin PBXNativeTarget section */
		1D6058900D05DD3D006BFB54 /* Objective-Zip */ = {
			isa = PBXNativeTarget;
			buildConfigurationList = 1D6058960D05DD3E006BFB54 /* Build configuration list for PBXNativeTarget "Objective-Zip" */;
			buildPhases = (
				1D60588D0D05DD3D006BFB54 /* Resources */,
				1D60588E0D05DD3D006BFB54 /* Sources */,
				1D60588F0D05DD3D006BFB54 /* Frameworks */,
			);
			buildRules = (
			);
			dependencies = (
			);
			name = "Objective-Zip";
			productName = "Objective-Zip";
			productReference = 1D6058910D05DD3D006BFB54 /* Objective-Zip.app */;
			productType = "com.apple.product-type.application";
		};
/* End PBXNativeTarget section */

/* Begin PBXProject section */
		29B97313FDCFA39411CA2CEA /* Project object */ = {
			isa = PBXProject;
			attributes = {
				LastUpgradeCheck = 0430;
			};
			buildConfigurationList = C01FCF4E08A954540054247B /* Build configuration list for PBXProject "Objective-Zip" */;
			compatibilityVersion = "Xcode 3.2";
			developmentRegion = English;
			hasScannedForEncodings = 1;
			knownRegions = (
				English,
				Japanese,
				French,
				German,
			);
			mainGroup = 29B97314FDCFA39411CA2CEA /* CustomTemplate */;
			projectDirPath = "";
			projectRoot = "";
			targets = (
				1D6058900D05DD3D006BFB54 /* Objective-Zip */,
			);
		};
/* End PBXProject section */

/* Begin PBXResourcesBuildPhase section */
		1D60588D0D05DD3D006BFB54 /* Resources */ = {
			isa = PBXResourcesBuildPhase;
			buildActionMask = 2147483647;
			files = (
				28AD733F0D9D9553002E5188 /* MainWindow.xib in Resources */,
				2899E5220DE3E06400AC0155 /* Objective_ZipViewController.xib in Resources */,
				8C8F2D3A10EBC94B00F75833 /* Default.png in Resources */,
				8C8F2D9310EBCE0300F75833 /* ObjectiveZipIcon.png in Resources */,
			);
			runOnlyForDeploymentPostprocessing = 0;
		};
/* End PBXResourcesBuildPhase section */

/* Begin PBXSourcesBuildPhase section */
		1D60588E0D05DD3D006BFB54 /* Sources */ = {
			isa = PBXSourcesBuildPhase;
			buildActionMask = 2147483647;
			files = (
				1D60589B0D05DD56006BFB54 /* main.m in Sources */,
				1D3623260D0F684500981E51 /* Objective_ZipAppDelegate.m in Sources */,
				28D7ACF80DDB3853001CB0EB /* Objective_ZipViewController.m in Sources */,
				8C6D351810E56A8200B63EFA /* adler32.c in Sources */,
				8C6D351910E56A8200B63EFA /* compress.c in Sources */,
				8C6D351A10E56A8200B63EFA /* crc32.c in Sources */,
				8C6D351B10E56A8200B63EFA /* deflate.c in Sources */,
				8C6D351D10E56A8200B63EFA /* infback.c in Sources */,
				8C6D351E10E56A8200B63EFA /* inffast.c in Sources */,
				8C6D351F10E56A8200B63EFA /* inflate.c in Sources */,
				8C6D352010E56A8200B63EFA /* inftrees.c in Sources */,
				8C6D352110E56A8200B63EFA /* trees.c in Sources */,
				8C6D352210E56A8200B63EFA /* uncompr.c in Sources */,
				8C6D352D10E56A9000B63EFA /* ioapi.c in Sources */,
				8C6D352E10E56A9000B63EFA /* mztools.c in Sources */,
				8C6D352F10E56A9000B63EFA /* unzip.c in Sources */,
				8C6D353010E56A9000B63EFA /* zip.c in Sources */,
				8C6D354010E56BD300B63EFA /* ZipFile.m in Sources */,
				8C6D356B10E56F4D00B63EFA /* ZipException.m in Sources */,
				8C6D357610E5797600B63EFA /* ZipWriteStream.m in Sources */,
				8C83F49510E7CBCB002FB3CB /* FileInZipInfo.m in Sources */,
				8CBE431810E95FA300AC9ED3 /* ZipReadStream.m in Sources */,
				8CD230B8159DA6DC00603D19 /* gzclose.c in Sources */,
				8CD230B9159DA6DC00603D19 /* gzlib.c in Sources */,
				8CD230BA159DA6DC00603D19 /* gzread.c in Sources */,
				8CD230BB159DA6DC00603D19 /* gzwrite.c in Sources */,
				8CD230BC159DA6DC00603D19 /* zutil.c in Sources */,
			);
			runOnlyForDeploymentPostprocessing = 0;
		};
/* End PBXSourcesBuildPhase section */

/* Begin XCBuildConfiguration section */
		1D6058940D05DD3E006BFB54 /* Debug */ = {
			isa = XCBuildConfiguration;
			buildSettings = {
				ALWAYS_SEARCH_USER_PATHS = NO;
				COPY_PHASE_STRIP = NO;
				GCC_DYNAMIC_NO_PIC = NO;
				GCC_OPTIMIZATION_LEVEL = 0;
				GCC_PRECOMPILE_PREFIX_HEADER = YES;
				GCC_PREFIX_HEADER = Objective_Zip_Prefix.pch;
				GCC_PREPROCESSOR_DEFINITIONS = "";
				INFOPLIST_FILE = "Objective_Zip-Info.plist";
				PRODUCT_NAME = "Objective-Zip";
			};
			name = Debug;
		};
		1D6058950D05DD3E006BFB54 /* Release */ = {
			isa = XCBuildConfiguration;
			buildSettings = {
				ALWAYS_SEARCH_USER_PATHS = NO;
				COPY_PHASE_STRIP = YES;
				GCC_PRECOMPILE_PREFIX_HEADER = YES;
				GCC_PREFIX_HEADER = Objective_Zip_Prefix.pch;
				GCC_PREPROCESSOR_DEFINITIONS = "";
				INFOPLIST_FILE = "Objective_Zip-Info.plist";
				PRODUCT_NAME = "Objective-Zip";
			};
			name = Release;
		};
		C01FCF4F08A954540054247B /* Debug */ = {
			isa = XCBuildConfiguration;
			buildSettings = {
				ARCHS = (
					"$(ARCHS_STANDARD_32_BIT)",
					armv6,
				);
				"CODE_SIGN_IDENTITY[sdk=iphoneos*]" = "iPhone Developer";
				GCC_C_LANGUAGE_STANDARD = c99;
				GCC_WARN_ABOUT_RETURN_TYPE = YES;
				GCC_WARN_UNUSED_VARIABLE = YES;
				IPHONEOS_DEPLOYMENT_TARGET = 3.1.2;
				SDKROOT = iphoneos;
			};
			name = Debug;
		};
		C01FCF5008A954540054247B /* Release */ = {
			isa = XCBuildConfiguration;
			buildSettings = {
				ARCHS = (
					"$(ARCHS_STANDARD_32_BIT)",
					armv6,
				);
				"CODE_SIGN_IDENTITY[sdk=iphoneos*]" = "iPhone Developer";
				GCC_C_LANGUAGE_STANDARD = c99;
				GCC_WARN_ABOUT_RETURN_TYPE = YES;
				GCC_WARN_UNUSED_VARIABLE = YES;
				IPHONEOS_DEPLOYMENT_TARGET = 3.1.2;
				SDKROOT = iphoneos;
			};
			name = Release;
		};
/* End XCBuildConfiguration section */

/* Begin XCConfigurationList section */
		1D6058960D05DD3E006BFB54 /* Build configuration list for PBXNativeTarget "Objective-Zip" */ = {
			isa = XCConfigurationList;
			buildConfigurations = (
				1D6058940D05DD3E006BFB54 /* Debug */,
				1D6058950D05DD3E006BFB54 /* Release */,
			);
			defaultConfigurationIsVisible = 0;
			defaultConfigurationName = Release;
		};
		C01FCF4E08A954540054247B /* Build configuration list for PBXProject "Objective-Zip" */ = {
			isa = XCConfigurationList;
			buildConfigurations = (
				C01FCF4F08A954540054247B /* Debug */,
				C01FCF5008A954540054247B /* Release */,
			);
			defaultConfigurationIsVisible = 0;
			defaultConfigurationName = Release;
		};
/* End XCConfigurationList section */
	};
	rootObject = 29B97313FDCFA39411CA2CEA /* Project object */;
}
